{
  "version": 4,
  "terraform_version": "1.14.9",
  "serial": 559,
  "lineage": "7697aead-1f3a-ac7c-ea00-9d178f0fd548",
  "outputs": {
    "alb_dns_name": {
      "value": "finpay-dev-alb-2134146525.ap-northeast-2.elb.amazonaws.com",
      "type": "string"
    },
    "app_subnet_ids": {
      "value": [
        "subnet-074c8f066a23860ce",
        "subnet-0746a73b21b1c1b20"
      ],
      "type": [
        "tuple",
        [
          "string",
          "string"
        ]
      ]
    },
    "auditor_role_arn": {
      "value": "arn:aws:iam::064137889010:role/finpay-dev-auditor-readonly-role",
      "type": "string"
    },
    "central_logs_bucket": {
      "value": "finpay-dev-central-logs-064137889010",
      "type": "string"
    },
    "cognito_user_pool_id": {
      "value": "ap-northeast-2_GWQ6opdWK",
      "type": "string"
    },
    "cognito_web_client_id": {
      "value": "6hclm66sc2770a7ho6r2avm7mg",
      "type": "string"
    },
    "db_subnet_ids": {
      "value": [
        "subnet-0001209265d308f78",
        "subnet-085de2c4fbe2787d4"
      ],
      "type": [
        "tuple",
        [
          "string",
          "string"
        ]
      ]
    },
    "operations_admin_role_arn": {
      "value": "arn:aws:iam::064137889010:role/finpay-dev-operations-admin-role",
      "type": "string"
    },
    "public_subnet_ids": {
      "value": [
        "subnet-0058acfa3c90d2348",
        "subnet-027602669263cbbd7"
      ],
      "type": [
        "tuple",
        [
          "string",
          "string"
        ]
      ]
    },
    "rds_endpoint": {
      "value": "finpay-dev-postgres.cf4kucquario.ap-northeast-2.rds.amazonaws.com",
      "type": "string"
    },
    "rds_master_secret_arn": {
      "value": "arn:aws:secretsmanager:ap-northeast-2:064137889010:secret:rds!db-31a5cf21-9db7-4496-af89-9289d9e8b3dd-OHEAAK",
      "type": "string",
      "sensitive": true
    },
    "security_admin_role_arn": {
      "value": "arn:aws:iam::064137889010:role/finpay-dev-security-admin-role",
      "type": "string"
    },
    "vpc_id": {
      "value": "vpc-005507d9b47d3d9be",
      "type": "string"
    }
  },
  "resources": [
    {
      "mode": "data",
      "type": "archive_file",
      "name": "audit_report",
      "provider": "provider[\"registry.terraform.io/hashicorp/archive\"]",
      "instances": [
        {
          "schema_version": 0,
          "attributes": {
            "exclude_symlink_directories": null,
            "excludes": null,
            "id": "30bf3f1c30b1f2e3ef63674f8aba6b1af0d67300",
            "output_base64sha256": "Gw8iIZ2jbeRb+isuVat2Ws1tKB0PeGYBRDDOXpTH9cQ=",
            "output_base64sha512": "GJgCgxuydddPpNlCSWKV7641vMdrS1WGjcTAMwAojWXtE68dEbIqWZEFGIDs9P7ZqnF5znNOk+vFn0QG8YG9QA==",
            "output_file_mode": null,
            "output_md5": "f1b0ae8ca1d4724271ae1d7f9830ae56",
            "output_path": "./.terraform-build/audit_report.zip",
            "output_sha": "30bf3f1c30b1f2e3ef63674f8aba6b1af0d67300",
            "output_sha256": "1b0f22219da36de45bfa2b2e55ab765acd6d281d0f7866014430ce5e94c7f5c4",
            "output_sha512": "189802831bb275d74fa4d942496295efae35bcc76b4b55868dc4c03300288d65ed13af1d11b22a5991051880ecf4fed9aa7179ce734e93ebc59f4406f181bd40",
            "output_size": 646,
            "source": [],
            "source_content": null,
            "source_content_filename": null,
            "source_dir": null,
            "source_file": "./lambda_src/audit_report.js",
            "type": "zip"
          },
          "sensitive_attributes": [],
          "identity_schema_version": 0
        }
      ]
    },
    {
      "mode": "data",
      "type": "aws_ami",
      "name": "al2023",
      "provider": "provider[\"registry.terraform.io/hashicorp/aws\"]",
      "instances": [
        {
          "schema_version": 0,
          "attributes": {
            "architecture": "x86_64",
            "arn": "arn:aws:ec2:ap-northeast-2::image/ami-0f4c49ef2fb4c42af",
            "block_device_mappings": [
              {
                "device_name": "/dev/xvda",
                "ebs": {
                  "delete_on_termination": "true",
                  "encrypted": "false",
                  "iops": "3000",
                  "snapshot_id": "snap-0ff80b4375f4c70d3",
                  "throughput": "125",
                  "volume_initialization_rate": "0",
                  "volume_size": "30",
                  "volume_type": "gp3"
                },
                "no_device": "",
                "virtual_name": ""
              }
            ],
            "boot_mode": "uefi-preferred",
            "creation_date": "2026-04-14T22:47:05.000Z",
            "deprecation_time": "2028-04-14T22:47:05.000Z",
            "description": "Amazon Linux AMI 2023.0.20260414 x86_64 ECS HVM EBS",
            "ena_support": true,
            "executable_users": null,
            "filter": [
              {
                "name": "name",
                "values": [
                  "al2023-ami-*-x86_64"
                ]
              },
              {
                "name": "virtualization-type",
                "values": [
                  "hvm"
                ]
              }
            ],
            "hypervisor": "xen",
            "id": "ami-0f4c49ef2fb4c42af",
            "image_id": "ami-0f4c49ef2fb4c42af",
            "image_location": "amazon/al2023-ami-ecs-neuron-hvm-2023.0.20260414-kernel-6.1-x86_64",
            "image_owner_alias": "amazon",
            "image_type": "machine",
            "imds_support": "v2.0",
            "include_deprecated": false,
            "kernel_id": "",
            "last_launched_time": "",
            "most_recent": true,
            "name": "al2023-ami-ecs-neuron-hvm-2023.0.20260414-kernel-6.1-x86_64",
            "name_regex": null,
            "owner_id": "591542846629",
            "owners": [
              "amazon"
            ],
            "platform": "",
            "platform_details": "Linux/UNIX",
            "product_codes": [],
            "public": true,
            "ramdisk_id": "",
            "root_device_name": "/dev/xvda",
            "root_device_type": "ebs",
            "root_snapshot_id": "snap-0ff80b4375f4c70d3",
            "sriov_net_support": "simple",
            "state": "available",
            "state_reason": {
              "code": "UNSET",
              "message": "UNSET"
            },
            "tags": {},
            "timeouts": null,
            "tpm_support": "",
            "uefi_data": null,
            "usage_operation": "RunInstances",
            "virtualization_type": "hvm"
          },
          "sensitive_attributes": [],
          "identity_schema_version": 0
        }
      ]
    },
    {
      "mode": "data",
      "type": "aws_availability_zones",
      "name": "available",
      "provider": "provider[\"registry.terraform.io/hashicorp/aws\"]",
      "instances": [
        {
          "schema_version": 0,
          "attributes": {
            "all_availability_zones": null,
            "exclude_names": null,
            "exclude_zone_ids": null,
            "filter": null,
            "group_names": [
              "ap-northeast-2-zg-1"
            ],
            "id": "ap-northeast-2",
            "names": [
              "ap-northeast-2a",
              "ap-northeast-2b",
              "ap-northeast-2c",
              "ap-northeast-2d"
            ],
            "state": "available",
            "timeouts": null,
            "zone_ids": [
              "apne2-az1",
              "apne2-az2",
              "apne2-az3",
              "apne2-az4"
            ]
          },
          "sensitive_attributes": [],
          "identity_schema_version": 0
        }
      ]
    },
    {
      "mode": "data",
      "type": "aws_caller_identity",
      "name": "current",
      "provider": "provider[\"registry.terraform.io/hashicorp/aws\"]",
      "instances": [
        {
          "schema_version": 0,
          "attributes": {
            "account_id": "064137889010",
            "arn": "arn:aws:sts::064137889010:assumed-role/Fintech-Admin-Role/finpay-terraform",
            "id": "064137889010",
            "user_id": "AROAQ53XKQTZCVDDJGZ2G:finpay-terraform"
          },
          "sensitive_attributes": [],
          "identity_schema_version": 0
        }
      ]
    },
    {
      "mode": "data",
      "type": "aws_iam_policy_document",
      "name": "kms_logs",
      "provider": "provider[\"registry.terraform.io/hashicorp/aws\"]",
      "instances": [
        {
          "schema_version": 0,
          "attributes": {
            "id": "3337916390",
            "json": "{\n  \"Version\": \"2012-10-17\",\n  \"Statement\": [\n    {\n      \"Sid\": \"EnableAccountAdministration\",\n      \"Effect\": \"Allow\",\n      \"Action\": \"kms:*\",\n      \"Resource\": \"*\",\n      \"Principal\": {\n        \"AWS\": \"arn:aws:iam::064137889010:root\"\n      }\n    },\n    {\n      \"Sid\": \"AllowLoggingServices\",\n      \"Effect\": \"Allow\",\n      \"Action\": [\n        \"kms:ReEncrypt*\",\n        \"kms:GenerateDataKey*\",\n        \"kms:Encrypt\",\n        \"kms:DescribeKey\",\n        \"kms:Decrypt\"\n      ],\n      \"Resource\": \"*\",\n      \"Principal\": {\n        \"Service\": [\n          \"s3.amazonaws.com\",\n          \"logs.ap-northeast-2.amazonaws.com\",\n          \"delivery.logs.amazonaws.com\",\n          \"config.amazonaws.com\",\n          \"cloudtrail.amazonaws.com\"\n        ]\n      }\n    }\n  ]\n}",
            "minified_json": "{\"Version\":\"2012-10-17\",\"Statement\":[{\"Sid\":\"EnableAccountAdministration\",\"Effect\":\"Allow\",\"Action\":\"kms:*\",\"Resource\":\"*\",\"Principal\":{\"AWS\":\"arn:aws:iam::064137889010:root\"}},{\"Sid\":\"AllowLoggingServices\",\"Effect\":\"Allow\",\"Action\":[\"kms:ReEncrypt*\",\"kms:GenerateDataKey*\",\"kms:Encrypt\",\"kms:DescribeKey\",\"kms:Decrypt\"],\"Resource\":\"*\",\"Principal\":{\"Service\":[\"s3.amazonaws.com\",\"logs.ap-northeast-2.amazonaws.com\",\"delivery.logs.amazonaws.com\",\"config.amazonaws.com\",\"cloudtrail.amazonaws.com\"]}}]}",
            "override_json": null,
            "override_policy_documents": null,
            "policy_id": null,
            "source_json": null,
            "source_policy_documents": null,
            "statement": [
              {
                "actions": [
                  "kms:*"
                ],
                "condition": [],
                "effect": "Allow",
                "not_actions": [],
                "not_principals": [],
                "not_resources": [],
                "principals": [
                  {
                    "identifiers": [
                      "arn:aws:iam::064137889010:root"
                    ],
                    "type": "AWS"
                  }
                ],
                "resources": [
                  "*"
                ],
                "sid": "EnableAccountAdministration"
              },
              {
                "actions": [
                  "kms:Decrypt",
                  "kms:DescribeKey",
                  "kms:Encrypt",
                  "kms:GenerateDataKey*",
                  "kms:ReEncrypt*"
                ],
                "condition": [],
                "effect": "Allow",
                "not_actions": [],
                "not_principals": [],
                "not_resources": [],
                "principals": [
                  {
                    "identifiers": [
                      "cloudtrail.amazonaws.com",
                      "config.amazonaws.com",
                      "delivery.logs.amazonaws.com",
                      "logs.ap-northeast-2.amazonaws.com",
                      "s3.amazonaws.com"
                    ],
                    "type": "Service"
                  }
                ],
                "resources": [
                  "*"
                ],
                "sid": "AllowLoggingServices"
              }
            ],
            "version": "2012-10-17"
          },
          "sensitive_attributes": [],
          "identity_schema_version": 0
        }
      ]
    },
    {
      "mode": "data",
      "type": "aws_iam_policy_document",
      "name": "kms_main",
      "provider": "provider[\"registry.terraform.io/hashicorp/aws\"]",
      "instances": [
        {
          "schema_version": 0,
          "attributes": {
            "id": "3410061570",
            "json": "{\n  \"Version\": \"2012-10-17\",\n  \"Statement\": [\n    {\n      \"Sid\": \"EnableAccountAdministration\",\n      \"Effect\": \"Allow\",\n      \"Action\": \"kms:*\",\n      \"Resource\": \"*\",\n      \"Principal\": {\n        \"AWS\": \"arn:aws:iam::064137889010:root\"\n      }\n    }\n  ]\n}",
            "minified_json": "{\"Version\":\"2012-10-17\",\"Statement\":[{\"Sid\":\"EnableAccountAdministration\",\"Effect\":\"Allow\",\"Action\":\"kms:*\",\"Resource\":\"*\",\"Principal\":{\"AWS\":\"arn:aws:iam::064137889010:root\"}}]}",
            "override_json": null,
            "override_policy_documents": null,
            "policy_id": null,
            "source_json": null,
            "source_policy_documents": null,
            "statement": [
              {
                "actions": [
                  "kms:*"
                ],
                "condition": [],
                "effect": "Allow",
                "not_actions": [],
                "not_principals": [],
                "not_resources": [],
                "principals": [
                  {
                    "identifiers": [
                      "arn:aws:iam::064137889010:root"
                    ],
                    "type": "AWS"
                  }
                ],
                "resources": [
                  "*"
                ],
                "sid": "EnableAccountAdministration"
              }
            ],
            "version": "2012-10-17"
          },
          "sensitive_attributes": [],
          "identity_schema_version": 0
        }
      ]
    },
    {
      "mode": "data",
      "type": "aws_region",
      "name": "current",
      "provider": "provider[\"registry.terraform.io/hashicorp/aws\"]",
      "instances": [
        {
          "schema_version": 0,
          "attributes": {
            "description": "Asia Pacific (Seoul)",
            "endpoint": "ec2.ap-northeast-2.amazonaws.com",
            "id": "ap-northeast-2",
            "name": "ap-northeast-2"
          },
          "sensitive_attributes": [],
          "identity_schema_version": 0
        }
      ]
    },
    {
      "mode": "managed",
      "type": "aws_autoscaling_group",
      "name": "app",
      "provider": "provider[\"registry.terraform.io/hashicorp/aws\"]",
      "instances": [
        {
          "index_key": "auth",
          "schema_version": 1,
          "attributes": {
            "arn": "arn:aws:autoscaling:ap-northeast-2:064137889010:autoScalingGroup:83686a53-d930-41b7-ae40-da907c3daf6a:autoScalingGroupName/finpay-dev-auth-asg",
            "availability_zone_distribution": [
              {
                "capacity_distribution_strategy": "balanced-best-effort"
              }
            ],
            "availability_zones": [
              "ap-northeast-2a",
              "ap-northeast-2c"
            ],
            "capacity_rebalance": false,
            "capacity_reservation_specification": [
              {
                "capacity_reservation_preference": "default",
                "capacity_reservation_target": []
              }
            ],
            "context": "",
            "default_cooldown": 300,
            "default_instance_warmup": 0,
            "desired_capacity": 1,
            "desired_capacity_type": "",
            "enabled_metrics": null,
            "force_delete": false,
            "force_delete_warm_pool": false,
            "health_check_grace_period": 300,
            "health_check_type": "ELB",
            "id": "finpay-dev-auth-asg",
            "ignore_failed_scaling_activities": false,
            "initial_lifecycle_hook": [],
            "instance_maintenance_policy": [],
            "instance_refresh": [],
            "launch_configuration": "",
            "launch_template": [
              {
                "id": "lt-08b0bb812d83f3767",
                "name": "finpay-dev-auth-2026042801032712120000000e",
                "version": "$Latest"
              }
            ],
            "load_balancers": [],
            "max_instance_lifetime": 0,
            "max_size": 2,
            "metrics_granularity": "1Minute",
            "min_elb_capacity": null,
            "min_size": 1,
            "mixed_instances_policy": [],
            "name": "finpay-dev-auth-asg",
            "name_prefix": "",
            "placement_group": "",
            "predicted_capacity": 0,
            "protect_from_scale_in": false,
            "service_linked_role_arn": "arn:aws:iam::064137889010:role/aws-service-role/autoscaling.amazonaws.com/AWSServiceRoleForAutoScaling",
            "suspended_processes": null,
            "tag": [
              {
                "key": "Name",
                "propagate_at_launch": true,
                "value": "finpay-dev-auth"
              }
            ],
            "target_group_arns": [
              "arn:aws:elasticloadbalancing:ap-northeast-2:064137889010:targetgroup/finpay-dev-auth-tg/d692b0a96ba585af"
            ],
            "termination_policies": null,
            "timeouts": null,
            "traffic_source": [
              {
                "identifier": "arn:aws:elasticloadbalancing:ap-northeast-2:064137889010:targetgroup/finpay-dev-auth-tg/d692b0a96ba585af",
                "type": "elbv2"
              }
            ],
            "vpc_zone_identifier": [
              "subnet-0746a73b21b1c1b20",
              "subnet-074c8f066a23860ce"
            ],
            "wait_for_capacity_timeout": "10m",
            "wait_for_elb_capacity": null,
            "warm_pool": [],
            "warm_pool_size": 0
          },
          "sensitive_attributes": [],
          "identity_schema_version": 0,
          "private": "eyJlMmJmYjczMC1lY2FhLTExZTYtOGY4OC0zNDM2M2JjN2M0YzAiOnsiZGVsZXRlIjo2MDAwMDAwMDAwMDAsInVwZGF0ZSI6NjAwMDAwMDAwMDAwfSwic2NoZW1hX3ZlcnNpb24iOiIxIn0=",
          "dependencies": [
            "aws_iam_instance_profile.app",
            "aws_iam_role.app_instance",
            "aws_launch_template.app",
            "aws_lb_target_group.app",
            "aws_security_group.alb",
            "aws_security_group.app",
            "aws_subnet.app",
            "aws_vpc.main",
            "data.aws_ami.al2023"
          ]
        },
        {
          "index_key": "ops",
          "schema_version": 1,
          "attributes": {
            "arn": "arn:aws:autoscaling:ap-northeast-2:064137889010:autoScalingGroup:82c60bfb-3882-461e-9906-e6e5424d3678:autoScalingGroupName/finpay-dev-ops-asg",
            "availability_zone_distribution": [
              {
                "capacity_distribution_strategy": "balanced-best-effort"
              }
            ],
            "availability_zones": [
              "ap-northeast-2a",
              "ap-northeast-2c"
            ],
            "capacity_rebalance": false,
            "capacity_reservation_specification": [
              {
                "capacity_reservation_preference": "default",
                "capacity_reservation_target": []
              }
            ],
            "context": "",
            "default_cooldown": 300,
            "default_instance_warmup": 0,
            "desired_capacity": 1,
            "desired_capacity_type": "",
            "enabled_metrics": null,
            "force_delete": false,
            "force_delete_warm_pool": false,
            "health_check_grace_period": 300,
            "health_check_type": "ELB",
            "id": "finpay-dev-ops-asg",
            "ignore_failed_scaling_activities": false,
            "initial_lifecycle_hook": [],
            "instance_maintenance_policy": [],
            "instance_refresh": [],
            "launch_configuration": "",
            "launch_template": [
              {
                "id": "lt-072671ab713174a39",
                "name": "finpay-dev-ops-2026042801032712120000000c",
                "version": "$Latest"
              }
            ],
            "load_balancers": [],
            "max_instance_lifetime": 0,
            "max_size": 2,
            "metrics_granularity": "1Minute",
            "min_elb_capacity": null,
            "min_size": 1,
            "mixed_instances_policy": [],
            "name": "finpay-dev-ops-asg",
            "name_prefix": "",
            "placement_group": "",
            "predicted_capacity": 0,
            "protect_from_scale_in": false,
            "service_linked_role_arn": "arn:aws:iam::064137889010:role/aws-service-role/autoscaling.amazonaws.com/AWSServiceRoleForAutoScaling",
            "suspended_processes": null,
            "tag": [
              {
                "key": "Name",
                "propagate_at_launch": true,
                "value": "finpay-dev-ops"
              }
            ],
            "target_group_arns": [
              "arn:aws:elasticloadbalancing:ap-northeast-2:064137889010:targetgroup/finpay-dev-ops-tg/0da467c125177bf2"
            ],
            "termination_policies": null,
            "timeouts": null,
            "traffic_source": [
              {
                "identifier": "arn:aws:elasticloadbalancing:ap-northeast-2:064137889010:targetgroup/finpay-dev-ops-tg/0da467c125177bf2",
                "type": "elbv2"
              }
            ],
            "vpc_zone_identifier": [
              "subnet-0746a73b21b1c1b20",
              "subnet-074c8f066a23860ce"
            ],
            "wait_for_capacity_timeout": "10m",
            "wait_for_elb_capacity": null,
            "warm_pool": [],
            "warm_pool_size": 0
          },
          "sensitive_attributes": [],
          "identity_schema_version": 0,
          "private": "eyJlMmJmYjczMC1lY2FhLTExZTYtOGY4OC0zNDM2M2JjN2M0YzAiOnsiZGVsZXRlIjo2MDAwMDAwMDAwMDAsInVwZGF0ZSI6NjAwMDAwMDAwMDAwfSwic2NoZW1hX3ZlcnNpb24iOiIxIn0=",
          "dependencies": [
            "aws_iam_instance_profile.app",
            "aws_iam_role.app_instance",
            "aws_launch_template.app",
            "aws_lb_target_group.app",
            "aws_security_group.alb",
            "aws_security_group.app",
            "aws_subnet.app",
            "aws_vpc.main",
            "data.aws_ami.al2023"
          ]
        },
        {
          "index_key": "payment",
          "schema_version": 1,
          "attributes": {
            "arn": "arn:aws:autoscaling:ap-northeast-2:064137889010:autoScalingGroup:98100e9d-d801-4bd4-bdd5-1aa7df0038f0:autoScalingGroupName/finpay-dev-payment-asg",
            "availability_zone_distribution": [
              {
                "capacity_distribution_strategy": "balanced-best-effort"
              }
            ],
            "availability_zones": [
              "ap-northeast-2a",
              "ap-northeast-2c"
            ],
            "capacity_rebalance": false,
            "capacity_reservation_specification": [
              {
                "capacity_reservation_preference": "default",
                "capacity_reservation_target": []
              }
            ],
            "context": "",
            "default_cooldown": 300,
            "default_instance_warmup": 0,
            "desired_capacity": 1,
            "desired_capacity_type": "",
            "enabled_metrics": null,
            "force_delete": false,
            "force_delete_warm_pool": false,
            "health_check_grace_period": 300,
            "health_check_type": "ELB",
            "id": "finpay-dev-payment-asg",
            "ignore_failed_scaling_activities": false,
            "initial_lifecycle_hook": [],
            "instance_maintenance_policy": [],
            "instance_refresh": [],
            "launch_configuration": "",
            "launch_template": [
              {
                "id": "lt-0bb1f7c972e568afa",
                "name": "finpay-dev-payment-20260428010327124200000010",
                "version": "$Latest"
              }
            ],
            "load_balancers": [],
            "max_instance_lifetime": 0,
            "max_size": 2,
            "metrics_granularity": "1Minute",
            "min_elb_capacity": null,
            "min_size": 1,
            "mixed_instances_policy": [],
            "name": "finpay-dev-payment-asg",
            "name_prefix": "",
            "placement_group": "",
            "predicted_capacity": 0,
            "protect_from_scale_in": false,
            "service_linked_role_arn": "arn:aws:iam::064137889010:role/aws-service-role/autoscaling.amazonaws.com/AWSServiceRoleForAutoScaling",
            "suspended_processes": null,
            "tag": [
              {
                "key": "Name",
                "propagate_at_launch": true,
                "value": "finpay-dev-payment"
              }
            ],
            "target_group_arns": [
              "arn:aws:elasticloadbalancing:ap-northeast-2:064137889010:targetgroup/finpay-dev-payment-tg/bc14da82aff51f56"
            ],
            "termination_policies": null,
            "timeouts": null,
            "traffic_source": [
              {
                "identifier": "arn:aws:elasticloadbalancing:ap-northeast-2:064137889010:targetgroup/finpay-dev-payment-tg/bc14da82aff51f56",
                "type": "elbv2"
              }
            ],
            "vpc_zone_identifier": [
              "subnet-0746a73b21b1c1b20",
              "subnet-074c8f066a23860ce"
            ],
            "wait_for_capacity_timeout": "10m",
            "wait_for_elb_capacity": null,
            "warm_pool": [],
            "warm_pool_size": 0
          },
          "sensitive_attributes": [],
          "identity_schema_version": 0,
          "private": "eyJlMmJmYjczMC1lY2FhLTExZTYtOGY4OC0zNDM2M2JjN2M0YzAiOnsiZGVsZXRlIjo2MDAwMDAwMDAwMDAsInVwZGF0ZSI6NjAwMDAwMDAwMDAwfSwic2NoZW1hX3ZlcnNpb24iOiIxIn0=",
          "dependencies": [
            "aws_iam_instance_profile.app",
            "aws_iam_role.app_instance",
            "aws_launch_template.app",
            "aws_lb_target_group.app",
            "aws_security_group.alb",
            "aws_security_group.app",
            "aws_subnet.app",
            "aws_vpc.main",
            "data.aws_ami.al2023"
          ]
        }
      ]
    },
    {
      "mode": "managed",
      "type": "aws_backup_plan",
      "name": "main",
      "provider": "provider[\"registry.terraform.io/hashicorp/aws\"]",
      "instances": [
        {
          "schema_version": 1,
          "attributes": {
            "advanced_backup_setting": [],
            "arn": "arn:aws:backup:ap-northeast-2:064137889010:backup-plan:db666e60-7b7f-4261-97fa-34f9e9b1cc82",
            "id": "db666e60-7b7f-4261-97fa-34f9e9b1cc82",
            "name": "finpay-dev-backup-plan",
            "rule": [
              {
                "completion_window": 180,
                "copy_action": [],
                "enable_continuous_backup": false,
                "lifecycle": [
                  {
                    "cold_storage_after": 0,
                    "delete_after": 35,
                    "opt_in_to_archive_for_supported_resources": false
                  }
                ],
                "recovery_point_tags": {},
                "rule_name": "daily-rds-backup",
                "schedule": "cron(0 18 * * ? *)",
                "schedule_expression_timezone": "Etc/UTC",
                "start_window": 60,
                "target_vault_name": "finpay-dev-backup-vault"
              }
            ],
            "tags": null,
            "tags_all": {
              "Architecture": "gpt-drawio-full-fintech-security",
              "Environment": "dev",
              "ManagedBy": "terraform",
              "Project": "finpay"
            },
            "version": "NzI2ODU4NzQtZTE4NC00YmM0LTgwZDgtNmQ5YTk1ZDJmNDY5"
          },
          "sensitive_attributes": [],
          "identity_schema_version": 0,
          "private": "eyJzY2hlbWFfdmVyc2lvbiI6IjEifQ==",
          "dependencies": [
            "aws_backup_vault.main",
            "aws_kms_key.main",
            "data.aws_caller_identity.current",
            "data.aws_iam_policy_document.kms_main"
          ]
        }
      ]
    },
    {
      "mode": "managed",
      "type": "aws_backup_selection",
      "name": "rds",
      "provider": "provider[\"registry.terraform.io/hashicorp/aws\"]",
      "instances": [
        {
          "schema_version": 0,
          "attributes": {
            "condition": [
              {
                "string_equals": [],
                "string_like": [],
                "string_not_equals": [],
                "string_not_like": []
              }
            ],
            "iam_role_arn": "arn:aws:iam::064137889010:role/finpay-dev-backup-role",
            "id": "ead27c18-a330-4bbc-9a0f-a2f8575266ae",
            "name": "finpay-dev-rds-selection",
            "not_resources": [],
            "plan_id": "db666e60-7b7f-4261-97fa-34f9e9b1cc82",
            "resources": [
              "arn:aws:rds:ap-northeast-2:064137889010:db:finpay-dev-postgres"
            ],
            "selection_tag": []
          },
          "sensitive_attributes": [],
          "identity_schema_version": 0,
          "private": "bnVsbA==",
          "dependencies": [
            "aws_backup_plan.main",
            "aws_backup_vault.main",
            "aws_db_instance.postgres",
            "aws_db_subnet_group.main",
            "aws_iam_role.backup",
            "aws_kms_key.main",
            "aws_security_group.alb",
            "aws_security_group.app",
            "aws_security_group.db",
            "aws_subnet.db",
            "aws_vpc.main",
            "data.aws_caller_identity.current",
            "data.aws_iam_policy_document.kms_main"
          ]
        }
      ]
    },
    {
      "mode": "managed",
      "type": "aws_backup_vault",
      "name": "main",
      "provider": "provider[\"registry.terraform.io/hashicorp/aws\"]",
      "instances": [
        {
          "schema_version": 0,
          "attributes": {
            "arn": "arn:aws:backup:ap-northeast-2:064137889010:backup-vault:finpay-dev-backup-vault",
            "force_destroy": false,
            "id": "finpay-dev-backup-vault",
            "kms_key_arn": "arn:aws:kms:ap-northeast-2:064137889010:key/3f3c448e-cb64-4dfa-bbef-937110e9293a",
            "name": "finpay-dev-backup-vault",
            "recovery_points": 0,
            "tags": null,
            "tags_all": {
              "Architecture": "gpt-drawio-full-fintech-security",
              "Environment": "dev",
              "ManagedBy": "terraform",
              "Project": "finpay"
            },
            "timeouts": null
          },
          "sensitive_attributes": [],
          "identity_schema_version": 0,
          "private": "eyJlMmJmYjczMC1lY2FhLTExZTYtOGY4OC0zNDM2M2JjN2M0YzAiOnsiZGVsZXRlIjo2MDAwMDAwMDAwMDB9fQ==",
          "dependencies": [
            "aws_kms_key.main",
            "data.aws_caller_identity.current",
            "data.aws_iam_policy_document.kms_main"
          ]
        }
      ]
    },
    {
      "mode": "managed",
      "type": "aws_cloudtrail",
      "name": "main",
      "provider": "provider[\"registry.terraform.io/hashicorp/aws\"]",
      "instances": [
        {
          "schema_version": 1,
          "attributes": {
            "advanced_event_selector": [],
            "arn": "arn:aws:cloudtrail:ap-northeast-2:064137889010:trail/finpay-dev-trail",
            "cloud_watch_logs_group_arn": "arn:aws:logs:ap-northeast-2:064137889010:log-group:/aws/cloudtrail/finpay-dev:*",
            "cloud_watch_logs_role_arn": "arn:aws:iam::064137889010:role/finpay-dev-cloudtrail-logs-role",
            "enable_log_file_validation": true,
            "enable_logging": true,
            "event_selector": [
              {
                "data_resource": [],
                "exclude_management_event_sources": null,
                "include_management_events": true,
                "read_write_type": "All"
              }
            ],
            "home_region": "ap-northeast-2",
            "id": "arn:aws:cloudtrail:ap-northeast-2:064137889010:trail/finpay-dev-trail",
            "include_global_service_events": true,
            "insight_selector": [],
            "is_multi_region_trail": true,
            "is_organization_trail": false,
            "kms_key_id": "arn:aws:kms:ap-northeast-2:064137889010:key/a66a1845-fdad-46a1-9cdc-2431cd28fbbe",
            "name": "finpay-dev-trail",
            "s3_bucket_name": "finpay-dev-central-logs-064137889010",
            "s3_key_prefix": "",
            "sns_topic_arn": "",
            "sns_topic_name": "",
            "tags": null,
            "tags_all": {
              "Architecture": "gpt-drawio-full-fintech-security",
              "Environment": "dev",
              "ManagedBy": "terraform",
              "Project": "finpay"
            }
          },
          "sensitive_attributes": [],
          "identity_schema_version": 0,
          "private": "eyJzY2hlbWFfdmVyc2lvbiI6IjEifQ==",
          "dependencies": [
            "aws_cloudwatch_log_group.cloudtrail",
            "aws_iam_role.cloudtrail_logs",
            "aws_kms_key.logs",
            "aws_s3_bucket.central_logs",
            "aws_s3_bucket_policy.central_logs",
            "data.aws_caller_identity.current",
            "data.aws_iam_policy_document.kms_logs",
            "data.aws_region.current"
          ]
        }
      ]
    },
    {
      "mode": "managed",
      "type": "aws_cloudwatch_event_rule",
      "name": "monthly_audit",
      "provider": "provider[\"registry.terraform.io/hashicorp/aws\"]",
      "instances": [
        {
          "schema_version": 1,
          "attributes": {
            "arn": "arn:aws:events:ap-northeast-2:064137889010:rule/finpay-dev-monthly-audit",
            "description": "Monthly compliance audit automation",
            "event_bus_name": "default",
            "event_pattern": null,
            "force_destroy": false,
            "id": "finpay-dev-monthly-audit",
            "is_enabled": true,
            "name": "finpay-dev-monthly-audit",
            "name_prefix": "",
            "role_arn": "",
            "schedule_expression": "cron(0 1 1 * ? *)",
            "state": "ENABLED",
            "tags": null,
            "tags_all": {
              "Architecture": "gpt-drawio-full-fintech-security",
              "Environment": "dev",
              "ManagedBy": "terraform",
              "Project": "finpay"
            }
          },
          "sensitive_attributes": [],
          "identity_schema_version": 0,
          "private": "eyJzY2hlbWFfdmVyc2lvbiI6IjEifQ=="
        }
      ]
    },
    {
      "mode": "managed",
      "type": "aws_cloudwatch_event_target",
      "name": "monthly_audit",
      "provider": "provider[\"registry.terraform.io/hashicorp/aws\"]",
      "instances": [
        {
          "schema_version": 1,
          "attributes": {
            "appsync_target": [],
            "arn": "arn:aws:lambda:ap-northeast-2:064137889010:function:finpay-dev-audit-report",
            "batch_target": [],
            "dead_letter_config": [],
            "ecs_target": [],
            "event_bus_name": "default",
            "force_destroy": false,
            "http_target": [],
            "id": "finpay-dev-monthly-audit-audit-report",
            "input": "",
            "input_path": "",
            "input_transformer": [],
            "kinesis_target": [],
            "redshift_target": [],
            "retry_policy": [],
            "role_arn": "",
            "rule": "finpay-dev-monthly-audit",
            "run_command_targets": [],
            "sagemaker_pipeline_target": [],
            "sqs_target": [],
            "target_id": "audit-report"
          },
          "sensitive_attributes": [],
          "identity_schema_version": 0,
          "private": "eyJzY2hlbWFfdmVyc2lvbiI6IjEifQ==",
          "dependencies": [
            "aws_cloudwatch_event_rule.monthly_audit",
            "aws_cloudwatch_log_group.audit_report",
            "aws_iam_role.audit_report_lambda",
            "aws_kms_key.logs",
            "aws_lambda_function.audit_report",
            "aws_sns_topic.alerts",
            "data.archive_file.audit_report",
            "data.aws_caller_identity.current",
            "data.aws_iam_policy_document.kms_logs",
            "data.aws_region.current"
          ]
        }
      ]
    },
    {
      "mode": "managed",
      "type": "aws_cloudwatch_log_group",
      "name": "app",
      "provider": "provider[\"registry.terraform.io/hashicorp/aws\"]",
      "instances": [
        {
          "index_key": "auth",
          "schema_version": 0,
          "attributes": {
            "arn": "arn:aws:logs:ap-northeast-2:064137889010:log-group:/finpay/finpay-dev/auth",
            "id": "/finpay/finpay-dev/auth",
            "kms_key_id": "arn:aws:kms:ap-northeast-2:064137889010:key/a66a1845-fdad-46a1-9cdc-2431cd28fbbe",
            "log_group_class": "STANDARD",
            "name": "/finpay/finpay-dev/auth",
            "name_prefix": "",
            "retention_in_days": 365,
            "skip_destroy": false,
            "tags": null,
            "tags_all": {
              "Architecture": "gpt-drawio-full-fintech-security",
              "Environment": "dev",
              "ManagedBy": "terraform",
              "Project": "finpay"
            }
          },
          "sensitive_attributes": [],
          "identity_schema_version": 0,
          "private": "bnVsbA==",
          "dependencies": [
            "aws_kms_key.logs",
            "data.aws_caller_identity.current",
            "data.aws_iam_policy_document.kms_logs",
            "data.aws_region.current"
          ]
        },
        {
          "index_key": "ops",
          "schema_version": 0,
          "attributes": {
            "arn": "arn:aws:logs:ap-northeast-2:064137889010:log-group:/finpay/finpay-dev/ops",
            "id": "/finpay/finpay-dev/ops",
            "kms_key_id": "arn:aws:kms:ap-northeast-2:064137889010:key/a66a1845-fdad-46a1-9cdc-2431cd28fbbe",
            "log_group_class": "STANDARD",
            "name": "/finpay/finpay-dev/ops",
            "name_prefix": "",
            "retention_in_days": 365,
            "skip_destroy": false,
            "tags": null,
            "tags_all": {
              "Architecture": "gpt-drawio-full-fintech-security",
              "Environment": "dev",
              "ManagedBy": "terraform",
              "Project": "finpay"
            }
          },
          "sensitive_attributes": [],
          "identity_schema_version": 0,
          "private": "bnVsbA==",
          "dependencies": [
            "aws_kms_key.logs",
            "data.aws_caller_identity.current",
            "data.aws_iam_policy_document.kms_logs",
            "data.aws_region.current"
          ]
        },
        {
          "index_key": "payment",
          "schema_version": 0,
          "attributes": {
            "arn": "arn:aws:logs:ap-northeast-2:064137889010:log-group:/finpay/finpay-dev/payment",
            "id": "/finpay/finpay-dev/payment",
            "kms_key_id": "arn:aws:kms:ap-northeast-2:064137889010:key/a66a1845-fdad-46a1-9cdc-2431cd28fbbe",
            "log_group_class": "STANDARD",
            "name": "/finpay/finpay-dev/payment",
            "name_prefix": "",
            "retention_in_days": 365,
            "skip_destroy": false,
            "tags": null,
            "tags_all": {
              "Architecture": "gpt-drawio-full-fintech-security",
              "Environment": "dev",
              "ManagedBy": "terraform",
              "Project": "finpay"
            }
          },
          "sensitive_attributes": [],
          "identity_schema_version": 0,
          "private": "bnVsbA==",
          "dependencies": [
            "aws_kms_key.logs",
            "data.aws_caller_identity.current",
            "data.aws_iam_policy_document.kms_logs",
            "data.aws_region.current"
          ]
        }
      ]
    },
    {
      "mode": "managed",
      "type": "aws_cloudwatch_log_group",
      "name": "audit_report",
      "provider": "provider[\"registry.terraform.io/hashicorp/aws\"]",
      "instances": [
        {
          "schema_version": 0,
          "attributes": {
            "arn": "arn:aws:logs:ap-northeast-2:064137889010:log-group:/aws/lambda/finpay-dev-audit-report",
            "id": "/aws/lambda/finpay-dev-audit-report",
            "kms_key_id": "arn:aws:kms:ap-northeast-2:064137889010:key/a66a1845-fdad-46a1-9cdc-2431cd28fbbe",
            "log_group_class": "STANDARD",
            "name": "/aws/lambda/finpay-dev-audit-report",
            "name_prefix": "",
            "retention_in_days": 365,
            "skip_destroy": false,
            "tags": null,
            "tags_all": {
              "Architecture": "gpt-drawio-full-fintech-security",
              "Environment": "dev",
              "ManagedBy": "terraform",
              "Project": "finpay"
            }
          },
          "sensitive_attributes": [],
          "identity_schema_version": 0,
          "private": "bnVsbA==",
          "dependencies": [
            "aws_kms_key.logs",
            "data.aws_caller_identity.current",
            "data.aws_iam_policy_document.kms_logs",
            "data.aws_region.current"
          ]
        }
      ]
    },
    {
      "mode": "managed",
      "type": "aws_cloudwatch_log_group",
      "name": "cloudtrail",
      "provider": "provider[\"registry.terraform.io/hashicorp/aws\"]",
      "instances": [
        {
          "schema_version": 0,
          "attributes": {
            "arn": "arn:aws:logs:ap-northeast-2:064137889010:log-group:/aws/cloudtrail/finpay-dev",
            "id": "/aws/cloudtrail/finpay-dev",
            "kms_key_id": "arn:aws:kms:ap-northeast-2:064137889010:key/a66a1845-fdad-46a1-9cdc-2431cd28fbbe",
            "log_group_class": "STANDARD",
            "name": "/aws/cloudtrail/finpay-dev",
            "name_prefix": "",
            "retention_in_days": 365,
            "skip_destroy": false,
            "tags": null,
            "tags_all": {
              "Architecture": "gpt-drawio-full-fintech-security",
              "Environment": "dev",
              "ManagedBy": "terraform",
              "Project": "finpay"
            }
          },
          "sensitive_attributes": [],
          "identity_schema_version": 0,
          "private": "bnVsbA==",
          "dependencies": [
            "aws_kms_key.logs",
            "data.aws_caller_identity.current",
            "data.aws_iam_policy_document.kms_logs",
            "data.aws_region.current"
          ]
        }
      ]
    },
    {
      "mode": "managed",
      "type": "aws_cloudwatch_log_group",
      "name": "vpc_flow",
      "provider": "provider[\"registry.terraform.io/hashicorp/aws\"]",
      "instances": [
        {
          "schema_version": 0,
          "attributes": {
            "arn": "arn:aws:logs:ap-northeast-2:064137889010:log-group:/aws/vpc/finpay-dev/flow-logs",
            "id": "/aws/vpc/finpay-dev/flow-logs",
            "kms_key_id": "arn:aws:kms:ap-northeast-2:064137889010:key/a66a1845-fdad-46a1-9cdc-2431cd28fbbe",
            "log_group_class": "STANDARD",
            "name": "/aws/vpc/finpay-dev/flow-logs",
            "name_prefix": "",
            "retention_in_days": 365,
            "skip_destroy": false,
            "tags": null,
            "tags_all": {
              "Architecture": "gpt-drawio-full-fintech-security",
              "Environment": "dev",
              "ManagedBy": "terraform",
              "Project": "finpay"
            }
          },
          "sensitive_attributes": [],
          "identity_schema_version": 0,
          "private": "bnVsbA==",
          "dependencies": [
            "aws_kms_key.logs",
            "data.aws_caller_identity.current",
            "data.aws_iam_policy_document.kms_logs",
            "data.aws_region.current"
          ]
        }
      ]
    },
    {
      "mode": "managed",
      "type": "aws_cloudwatch_metric_alarm",
      "name": "alb_5xx",
      "provider": "provider[\"registry.terraform.io/hashicorp/aws\"]",
      "instances": [
        {
          "schema_version": 1,
          "attributes": {
            "actions_enabled": true,
            "alarm_actions": [
              "arn:aws:sns:ap-northeast-2:064137889010:finpay-dev-alerts"
            ],
            "alarm_description": "",
            "alarm_name": "finpay-dev-alb-5xx",
            "arn": "arn:aws:cloudwatch:ap-northeast-2:064137889010:alarm:finpay-dev-alb-5xx",
            "comparison_operator": "GreaterThanOrEqualToThreshold",
            "datapoints_to_alarm": 0,
            "dimensions": {
              "LoadBalancer": "app/finpay-dev-alb/efb74b74af481b7d"
            },
            "evaluate_low_sample_count_percentiles": "",
            "evaluation_periods": 1,
            "extended_statistic": "",
            "id": "finpay-dev-alb-5xx",
            "insufficient_data_actions": null,
            "metric_name": "HTTPCode_ELB_5XX_Count",
            "metric_query": [],
            "namespace": "AWS/ApplicationELB",
            "ok_actions": null,
            "period": 300,
            "statistic": "Sum",
            "tags": null,
            "tags_all": {
              "Architecture": "gpt-drawio-full-fintech-security",
              "Environment": "dev",
              "ManagedBy": "terraform",
              "Project": "finpay"
            },
            "threshold": 5,
            "threshold_metric_id": "",
            "treat_missing_data": "missing",
            "unit": ""
          },
          "sensitive_attributes": [],
          "identity_schema_version": 0,
          "private": "eyJzY2hlbWFfdmVyc2lvbiI6IjEifQ==",
          "dependencies": [
            "aws_kms_key.logs",
            "aws_lb.app",
            "aws_s3_bucket.central_logs",
            "aws_s3_bucket_policy.central_logs",
            "aws_security_group.alb",
            "aws_sns_topic.alerts",
            "aws_subnet.public",
            "aws_vpc.main",
            "data.aws_caller_identity.current",
            "data.aws_iam_policy_document.kms_logs",
            "data.aws_region.current"
          ]
        }
      ]
    },
    {
      "mode": "managed",
      "type": "aws_cognito_user_group",
      "name": "rbac",
      "provider": "provider[\"registry.terraform.io/hashicorp/aws\"]",
      "instances": [
        {
          "index_key": "Auditor",
          "schema_version": 0,
          "attributes": {
            "description": "",
            "id": "ap-northeast-2_GWQ6opdWK/Auditor",
            "name": "Auditor",
            "precedence": 20,
            "role_arn": "",
            "user_pool_id": "ap-northeast-2_GWQ6opdWK"
          },
          "sensitive_attributes": [],
          "identity_schema_version": 0,
          "private": "bnVsbA==",
          "dependencies": [
            "aws_cognito_user_pool.main"
          ]
        },
        {
          "index_key": "Customer",
          "schema_version": 0,
          "attributes": {
            "description": "",
            "id": "ap-northeast-2_GWQ6opdWK/Customer",
            "name": "Customer",
            "precedence": 70,
            "role_arn": "",
            "user_pool_id": "ap-northeast-2_GWQ6opdWK"
          },
          "sensitive_attributes": [],
          "identity_schema_version": 0,
          "private": "bnVsbA==",
          "dependencies": [
            "aws_cognito_user_pool.main"
          ]
        },
        {
          "index_key": "Merchant",
          "schema_version": 0,
          "attributes": {
            "description": "",
            "id": "ap-northeast-2_GWQ6opdWK/Merchant",
            "name": "Merchant",
            "precedence": 60,
            "role_arn": "",
            "user_pool_id": "ap-northeast-2_GWQ6opdWK"
          },
          "sensitive_attributes": [],
          "identity_schema_version": 0,
          "private": "bnVsbA==",
          "dependencies": [
            "aws_cognito_user_pool.main"
          ]
        },
        {
          "index_key": "OperationsAdmin",
          "schema_version": 0,
          "attributes": {
            "description": "",
            "id": "ap-northeast-2_GWQ6opdWK/OperationsAdmin",
            "name": "OperationsAdmin",
            "precedence": 40,
            "role_arn": "",
            "user_pool_id": "ap-northeast-2_GWQ6opdWK"
          },
          "sensitive_attributes": [],
          "identity_schema_version": 0,
          "private": "bnVsbA==",
          "dependencies": [
            "aws_cognito_user_pool.main"
          ]
        },
        {
          "index_key": "SecurityAdmin",
          "schema_version": 0,
          "attributes": {
            "description": "",
            "id": "ap-northeast-2_GWQ6opdWK/SecurityAdmin",
            "name": "SecurityAdmin",
            "precedence": 30,
            "role_arn": "",
            "user_pool_id": "ap-northeast-2_GWQ6opdWK"
          },
          "sensitive_attributes": [],
          "identity_schema_version": 0,
          "private": "bnVsbA==",
          "dependencies": [
            "aws_cognito_user_pool.main"
          ]
        },
        {
          "index_key": "SettlementOperator",
          "schema_version": 0,
          "attributes": {
            "description": "",
            "id": "ap-northeast-2_GWQ6opdWK/SettlementOperator",
            "name": "SettlementOperator",
            "precedence": 50,
            "role_arn": "",
            "user_pool_id": "ap-northeast-2_GWQ6opdWK"
          },
          "sensitive_attributes": [],
          "identity_schema_version": 0,
          "private": "bnVsbA==",
          "dependencies": [
            "aws_cognito_user_pool.main"
          ]
        }
      ]
    },
    {
      "mode": "managed",
      "type": "aws_cognito_user_pool",
      "name": "main",
      "provider": "provider[\"registry.terraform.io/hashicorp/aws\"]",
      "instances": [
        {
          "schema_version": 0,
          "attributes": {
            "account_recovery_setting": [
              {
                "recovery_mechanism": [
                  {
                    "name": "verified_email",
                    "priority": 1
                  },
                  {
                    "name": "verified_phone_number",
                    "priority": 2
                  }
                ]
              }
            ],
            "admin_create_user_config": [
              {
                "allow_admin_create_user_only": false,
                "invite_message_template": []
              }
            ],
            "alias_attributes": null,
            "arn": "arn:aws:cognito-idp:ap-northeast-2:064137889010:userpool/ap-northeast-2_GWQ6opdWK",
            "auto_verified_attributes": null,
            "creation_date": "2026-04-28T01:03:10Z",
            "custom_domain": "",
            "deletion_protection": "INACTIVE",
            "device_configuration": [],
            "domain": "",
            "email_configuration": [
              {
                "configuration_set": "",
                "email_sending_account": "COGNITO_DEFAULT",
                "from_email_address": "",
                "reply_to_email_address": "",
                "source_arn": ""
              }
            ],
            "email_mfa_configuration": [],
            "email_verification_message": "",
            "email_verification_subject": "",
            "endpoint": "cognito-idp.ap-northeast-2.amazonaws.com/ap-northeast-2_GWQ6opdWK",
            "estimated_number_of_users": 0,
            "id": "ap-northeast-2_GWQ6opdWK",
            "lambda_config": [],
            "last_modified_date": "2026-04-28T01:03:10Z",
            "mfa_configuration": "OPTIONAL",
            "name": "finpay-dev-app-users",
            "password_policy": [
              {
                "minimum_length": 12,
                "password_history_size": 0,
                "require_lowercase": true,
                "require_numbers": true,
                "require_symbols": true,
                "require_uppercase": true,
                "temporary_password_validity_days": 7
              }
            ],
            "schema": [
              {
                "attribute_data_type": "String",
                "developer_only_attribute": null,
                "mutable": true,
                "name": "merchant_id",
                "number_attribute_constraints": [],
                "required": false,
                "string_attribute_constraints": [
                  {
                    "max_length": "64",
                    "min_length": "1"
                  }
                ]
              },
              {
                "attribute_data_type": "String",
                "developer_only_attribute": null,
                "mutable": true,
                "name": "role",
                "number_attribute_constraints": [],
                "required": false,
                "string_attribute_constraints": [
                  {
                    "max_length": "64",
                    "min_length": "1"
                  }
                ]
              }
            ],
            "sign_in_policy": [
              {
                "allowed_first_auth_factors": [
                  "PASSWORD"
                ]
              }
            ],
            "sms_authentication_message": "",
            "sms_configuration": [],
            "sms_verification_message": "",
            "software_token_mfa_configuration": [
              {
                "enabled": true
              }
            ],
            "tags": null,
            "tags_all": {
              "Architecture": "gpt-drawio-full-fintech-security",
              "Environment": "dev",
              "ManagedBy": "terraform",
              "Project": "finpay"
            },
            "user_attribute_update_settings": [],
            "user_pool_add_ons": [
              {
                "advanced_security_additional_flows": [
                  {
                    "custom_auth_mode": "AUDIT"
                  }
                ],
                "advanced_security_mode": "ENFORCED"
              }
            ],
            "user_pool_tier": "PLUS",
            "username_attributes": null,
            "username_configuration": [],
            "verification_message_template": [
              {
                "default_email_option": "CONFIRM_WITH_CODE",
                "email_message": "",
                "email_message_by_link": "",
                "email_subject": "",
                "email_subject_by_link": "",
                "sms_message": ""
              }
            ],
            "web_authn_configuration": []
          },
          "sensitive_attributes": [],
          "identity_schema_version": 0,
          "private": "bnVsbA=="
        }
      ]
    },
    {
      "mode": "managed",
      "type": "aws_cognito_user_pool_client",
      "name": "web",
      "provider": "provider[\"registry.terraform.io/hashicorp/aws\"]",
      "instances": [
        {
          "schema_version": 0,
          "attributes": {
            "access_token_validity": 0,
            "allowed_oauth_flows": [],
            "allowed_oauth_flows_user_pool_client": false,
            "allowed_oauth_scopes": [],
            "analytics_configuration": [],
            "auth_session_validity": 3,
            "callback_urls": [],
            "client_secret": "",
            "default_redirect_uri": "",
            "enable_propagate_additional_user_context_data": false,
            "enable_token_revocation": true,
            "explicit_auth_flows": [
              "ALLOW_REFRESH_TOKEN_AUTH",
              "ALLOW_USER_SRP_AUTH"
            ],
            "generate_secret": false,
            "id": "6hclm66sc2770a7ho6r2avm7mg",
            "id_token_validity": 0,
            "logout_urls": [],
            "name": "finpay-dev-web-client",
            "prevent_user_existence_errors": "ENABLED",
            "read_attributes": [],
            "refresh_token_rotation": [],
            "refresh_token_validity": 30,
            "supported_identity_providers": [],
            "token_validity_units": [],
            "user_pool_id": "ap-northeast-2_GWQ6opdWK",
            "write_attributes": []
          },
          "sensitive_attributes": [
            [
              {
                "type": "get_attr",
                "value": "client_secret"
              }
            ]
          ],
          "identity_schema_version": 0,
          "dependencies": [
            "aws_cognito_user_pool.main"
          ]
        }
      ]
    },
    {
      "mode": "managed",
      "type": "aws_db_instance",
      "name": "postgres",
      "provider": "provider[\"registry.terraform.io/hashicorp/aws\"]",
      "instances": [
        {
          "schema_version": 2,
          "attributes": {
            "address": "finpay-dev-postgres.cf4kucquario.ap-northeast-2.rds.amazonaws.com",
            "allocated_storage": 20,
            "allow_major_version_upgrade": null,
            "apply_immediately": false,
            "arn": "arn:aws:rds:ap-northeast-2:064137889010:db:finpay-dev-postgres",
            "auto_minor_version_upgrade": true,
            "availability_zone": "ap-northeast-2c",
            "backup_retention_period": 1,
            "backup_target": "region",
            "backup_window": "13:22-13:52",
            "blue_green_update": [],
            "ca_cert_identifier": "rds-ca-rsa2048-g1",
            "character_set_name": "",
            "copy_tags_to_snapshot": false,
            "custom_iam_instance_profile": "",
            "customer_owned_ip_enabled": false,
            "database_insights_mode": "standard",
            "db_name": "finpay",
            "db_subnet_group_name": "finpay-dev-db-subnet-group",
            "dedicated_log_volume": false,
            "delete_automated_backups": true,
            "deletion_protection": false,
            "domain": "",
            "domain_auth_secret_arn": "",
            "domain_dns_ips": null,
            "domain_fqdn": "",
            "domain_iam_role_name": "",
            "domain_ou": "",
            "enabled_cloudwatch_logs_exports": [
              "postgresql",
              "upgrade"
            ],
            "endpoint": "finpay-dev-postgres.cf4kucquario.ap-northeast-2.rds.amazonaws.com:5432",
            "engine": "postgres",
            "engine_lifecycle_support": "open-source-rds-extended-support",
            "engine_version": "18.3",
            "engine_version_actual": "18.3",
            "final_snapshot_identifier": null,
            "hosted_zone_id": "ZLA2NUCOLGUUR",
            "iam_database_authentication_enabled": true,
            "id": "db-24JDU2TRR7JFC6DSFTHGE36LXQ",
            "identifier": "finpay-dev-postgres",
            "identifier_prefix": "",
            "instance_class": "db.t4g.micro",
            "iops": 0,
            "kms_key_id": "arn:aws:kms:ap-northeast-2:064137889010:key/3f3c448e-cb64-4dfa-bbef-937110e9293a",
            "latest_restorable_time": "2026-04-28T01:16:16Z",
            "license_model": "postgresql-license",
            "listener_endpoint": [],
            "maintenance_window": "sun:18:13-sun:18:43",
            "manage_master_user_password": true,
            "master_user_secret": [
              {
                "kms_key_id": "arn:aws:kms:ap-northeast-2:064137889010:key/3f3c448e-cb64-4dfa-bbef-937110e9293a",
                "secret_arn": "arn:aws:secretsmanager:ap-northeast-2:064137889010:secret:rds!db-31a5cf21-9db7-4496-af89-9289d9e8b3dd-OHEAAK",
                "secret_status": "active"
              }
            ],
            "master_user_secret_kms_key_id": "arn:aws:kms:ap-northeast-2:064137889010:key/3f3c448e-cb64-4dfa-bbef-937110e9293a",
            "max_allocated_storage": 100,
            "monitoring_interval": 0,
            "monitoring_role_arn": "",
            "multi_az": true,
            "nchar_character_set_name": "",
            "network_type": "IPV4",
            "option_group_name": "default:postgres-18",
            "parameter_group_name": "default.postgres18",
            "password": null,
            "password_wo": null,
            "password_wo_version": null,
            "performance_insights_enabled": true,
            "performance_insights_kms_key_id": "arn:aws:kms:ap-northeast-2:064137889010:key/3f3c448e-cb64-4dfa-bbef-937110e9293a",
            "performance_insights_retention_period": 7,
            "port": 5432,
            "publicly_accessible": false,
            "replica_mode": "",
            "replicas": [],
            "replicate_source_db": "",
            "resource_id": "db-24JDU2TRR7JFC6DSFTHGE36LXQ",
            "restore_to_point_in_time": [],
            "s3_import": [],
            "skip_final_snapshot": true,
            "snapshot_identifier": null,
            "status": "available",
            "storage_encrypted": true,
            "storage_throughput": 0,
            "storage_type": "gp2",
            "tags": null,
            "tags_all": {
              "Architecture": "gpt-drawio-full-fintech-security",
              "Environment": "dev",
              "ManagedBy": "terraform",
              "Project": "finpay"
            },
            "timeouts": null,
            "timezone": "",
            "upgrade_storage_config": null,
            "username": "finpay_admin",
            "vpc_security_group_ids": [
              "sg-0a1e8909fab352c4d"
            ]
          },
          "sensitive_attributes": [
            [
              {
                "type": "get_attr",
                "value": "password"
              }
            ],
            [
              {
                "type": "get_attr",
                "value": "password_wo"
              }
            ]
          ],
          "identity_schema_version": 0,
          "private": "eyJlMmJmYjczMC1lY2FhLTExZTYtOGY4OC0zNDM2M2JjN2M0YzAiOnsiY3JlYXRlIjozMDAwMDAwMDAwMDAwLCJkZWxldGUiOjM2MDAwMDAwMDAwMDAsInVwZGF0ZSI6NDgwMDAwMDAwMDAwMH0sInNjaGVtYV92ZXJzaW9uIjoiMiJ9",
          "dependencies": [
            "aws_db_subnet_group.main",
            "aws_kms_key.main",
            "aws_security_group.alb",
            "aws_security_group.app",
            "aws_security_group.db",
            "aws_subnet.db",
            "aws_vpc.main",
            "data.aws_caller_identity.current",
            "data.aws_iam_policy_document.kms_main"
          ]
        }
      ]
    },
    {
      "mode": "managed",
      "type": "aws_db_subnet_group",
      "name": "main",
      "provider": "provider[\"registry.terraform.io/hashicorp/aws\"]",
      "instances": [
        {
          "schema_version": 0,
          "attributes": {
            "arn": "arn:aws:rds:ap-northeast-2:064137889010:subgrp:finpay-dev-db-subnet-group",
            "description": "Managed by Terraform",
            "id": "finpay-dev-db-subnet-group",
            "name": "finpay-dev-db-subnet-group",
            "name_prefix": "",
            "subnet_ids": [
              "subnet-0001209265d308f78",
              "subnet-085de2c4fbe2787d4"
            ],
            "supported_network_types": [
              "IPV4"
            ],
            "tags": null,
            "tags_all": {
              "Architecture": "gpt-drawio-full-fintech-security",
              "Environment": "dev",
              "ManagedBy": "terraform",
              "Project": "finpay"
            },
            "vpc_id": "vpc-005507d9b47d3d9be"
          },
          "sensitive_attributes": [],
          "identity_schema_version": 0,
          "private": "bnVsbA==",
          "dependencies": [
            "aws_subnet.db",
            "aws_vpc.main"
          ]
        }
      ]
    },
    {
      "mode": "managed",
      "type": "aws_eip",
      "name": "nat",
      "provider": "provider[\"registry.terraform.io/hashicorp/aws\"]",
      "instances": [
        {
          "index_key": "a",
          "schema_version": 0,
          "attributes": {
            "address": null,
            "allocation_id": "eipalloc-00d188350b2d2497f",
            "arn": "arn:aws:ec2:ap-northeast-2:064137889010:elastic-ip/eipalloc-00d188350b2d2497f",
            "associate_with_private_ip": null,
            "association_id": "",
            "carrier_ip": "",
            "customer_owned_ip": "",
            "customer_owned_ipv4_pool": "",
            "domain": "vpc",
            "id": "eipalloc-00d188350b2d2497f",
            "instance": "",
            "ipam_pool_id": null,
            "network_border_group": "ap-northeast-2",
            "network_interface": "",
            "private_dns": null,
            "private_ip": "",
            "ptr_record": "",
            "public_dns": "ec2-43-202-8-99.ap-northeast-2.compute.amazonaws.com",
            "public_ip": "43.202.8.99",
            "public_ipv4_pool": "amazon",
            "tags": {
              "Name": "finpay-dev-nat-a"
            },
            "tags_all": {
              "Architecture": "gpt-drawio-full-fintech-security",
              "Environment": "dev",
              "ManagedBy": "terraform",
              "Name": "finpay-dev-nat-a",
              "Project": "finpay"
            },
            "timeouts": null,
            "vpc": true
          },
          "sensitive_attributes": [],
          "identity_schema_version": 0,
          "private": "eyJlMmJmYjczMC1lY2FhLTExZTYtOGY4OC0zNDM2M2JjN2M0YzAiOnsiZGVsZXRlIjoxODAwMDAwMDAwMDAsInJlYWQiOjkwMDAwMDAwMDAwMCwidXBkYXRlIjozMDAwMDAwMDAwMDB9fQ=="
        },
        {
          "index_key": "c",
          "schema_version": 0,
          "attributes": {
            "address": null,
            "allocation_id": "eipalloc-0944d9e033469680a",
            "arn": "arn:aws:ec2:ap-northeast-2:064137889010:elastic-ip/eipalloc-0944d9e033469680a",
            "associate_with_private_ip": null,
            "association_id": "",
            "carrier_ip": "",
            "customer_owned_ip": "",
            "customer_owned_ipv4_pool": "",
            "domain": "vpc",
            "id": "eipalloc-0944d9e033469680a",
            "instance": "",
            "ipam_pool_id": null,
            "network_border_group": "ap-northeast-2",
            "network_interface": "",
            "private_dns": null,
            "private_ip": "",
            "ptr_record": "",
            "public_dns": "ec2-15-164-186-143.ap-northeast-2.compute.amazonaws.com",
            "public_ip": "15.164.186.143",
            "public_ipv4_pool": "amazon",
            "tags": {
              "Name": "finpay-dev-nat-c"
            },
            "tags_all": {
              "Architecture": "gpt-drawio-full-fintech-security",
              "Environment": "dev",
              "ManagedBy": "terraform",
              "Name": "finpay-dev-nat-c",
              "Project": "finpay"
            },
            "timeouts": null,
            "vpc": true
          },
          "sensitive_attributes": [],
          "identity_schema_version": 0,
          "private": "eyJlMmJmYjczMC1lY2FhLTExZTYtOGY4OC0zNDM2M2JjN2M0YzAiOnsiZGVsZXRlIjoxODAwMDAwMDAwMDAsInJlYWQiOjkwMDAwMDAwMDAwMCwidXBkYXRlIjozMDAwMDAwMDAwMDB9fQ=="
        }
      ]
    },
    {
      "mode": "managed",
      "type": "aws_flow_log",
      "name": "vpc",
      "provider": "provider[\"registry.terraform.io/hashicorp/aws\"]",
      "instances": [
        {
          "schema_version": 0,
          "attributes": {
            "arn": "arn:aws:ec2:ap-northeast-2:064137889010:vpc-flow-log/fl-01baceb5600216973",
            "deliver_cross_account_role": "",
            "destination_options": [],
            "eni_id": null,
            "iam_role_arn": "arn:aws:iam::064137889010:role/finpay-dev-vpc-flow-logs-role",
            "id": "fl-01baceb5600216973",
            "log_destination": "arn:aws:logs:ap-northeast-2:064137889010:log-group:/aws/vpc/finpay-dev/flow-logs",
            "log_destination_type": "cloud-watch-logs",
            "log_format": "${version} ${account-id} ${interface-id} ${srcaddr} ${dstaddr} ${srcport} ${dstport} ${protocol} ${packets} ${bytes} ${start} ${end} ${action} ${log-status}",
            "log_group_name": "/aws/vpc/finpay-dev/flow-logs",
            "max_aggregation_interval": 600,
            "subnet_id": null,
            "tags": null,
            "tags_all": {
              "Architecture": "gpt-drawio-full-fintech-security",
              "Environment": "dev",
              "ManagedBy": "terraform",
              "Project": "finpay"
            },
            "traffic_type": "ALL",
            "transit_gateway_attachment_id": null,
            "transit_gateway_id": null,
            "vpc_id": "vpc-005507d9b47d3d9be"
          },
          "sensitive_attributes": [],
          "identity_schema_version": 0,
          "private": "bnVsbA==",
          "dependencies": [
            "aws_cloudwatch_log_group.vpc_flow",
            "aws_iam_role.vpc_flow_logs",
            "aws_kms_key.logs",
            "aws_vpc.main",
            "data.aws_caller_identity.current",
            "data.aws_iam_policy_document.kms_logs",
            "data.aws_region.current"
          ]
        }
      ]
    },
    {
      "mode": "managed",
      "type": "aws_iam_instance_profile",
      "name": "app",
      "provider": "provider[\"registry.terraform.io/hashicorp/aws\"]",
      "instances": [
        {
          "schema_version": 0,
          "attributes": {
            "arn": "arn:aws:iam::064137889010:instance-profile/finpay-dev-app-instance-profile",
            "create_date": "2026-04-28T01:03:12Z",
            "id": "finpay-dev-app-instance-profile",
            "name": "finpay-dev-app-instance-profile",
            "name_prefix": "",
            "path": "/",
            "role": "finpay-dev-app-instance-role",
            "tags": null,
            "tags_all": {
              "Architecture": "gpt-drawio-full-fintech-security",
              "Environment": "dev",
              "ManagedBy": "terraform",
              "Project": "finpay"
            },
            "unique_id": "AIPAQ53XKQTZDVVDF7SIN"
          },
          "sensitive_attributes": [],
          "identity_schema_version": 0,
          "private": "bnVsbA==",
          "dependencies": [
            "aws_iam_role.app_instance"
          ]
        }
      ]
    },
    {
      "mode": "managed",
      "type": "aws_iam_role",
      "name": "app_instance",
      "provider": "provider[\"registry.terraform.io/hashicorp/aws\"]",
      "instances": [
        {
          "schema_version": 0,
          "attributes": {
            "arn": "arn:aws:iam::064137889010:role/finpay-dev-app-instance-role",
            "assume_role_policy": "{\"Statement\":[{\"Action\":\"sts:AssumeRole\",\"Effect\":\"Allow\",\"Principal\":{\"Service\":\"ec2.amazonaws.com\"}}],\"Version\":\"2012-10-17\"}",
            "create_date": "2026-04-28T01:03:11Z",
            "description": "",
            "force_detach_policies": false,
            "id": "finpay-dev-app-instance-role",
            "inline_policy": [],
            "managed_policy_arns": [],
            "max_session_duration": 3600,
            "name": "finpay-dev-app-instance-role",
            "name_prefix": "",
            "path": "/",
            "permissions_boundary": "",
            "tags": null,
            "tags_all": {
              "Architecture": "gpt-drawio-full-fintech-security",
              "Environment": "dev",
              "ManagedBy": "terraform",
              "Project": "finpay"
            },
            "unique_id": "AROAQ53XKQTZP2WSZHFYF"
          },
          "sensitive_attributes": [],
          "identity_schema_version": 0,
          "private": "bnVsbA=="
        }
      ]
    },
    {
      "mode": "managed",
      "type": "aws_iam_role",
      "name": "audit_report_lambda",
      "provider": "provider[\"registry.terraform.io/hashicorp/aws\"]",
      "instances": [
        {
          "schema_version": 0,
          "attributes": {
            "arn": "arn:aws:iam::064137889010:role/finpay-dev-audit-report-lambda-role",
            "assume_role_policy": "{\"Statement\":[{\"Action\":\"sts:AssumeRole\",\"Effect\":\"Allow\",\"Principal\":{\"Service\":\"lambda.amazonaws.com\"}}],\"Version\":\"2012-10-17\"}",
            "create_date": "2026-04-28T01:03:11Z",
            "description": "",
            "force_detach_policies": false,
            "id": "finpay-dev-audit-report-lambda-role",
            "inline_policy": [],
            "managed_policy_arns": [],
            "max_session_duration": 3600,
            "name": "finpay-dev-audit-report-lambda-role",
            "name_prefix": "",
            "path": "/",
            "permissions_boundary": "",
            "tags": null,
            "tags_all": {
              "Architecture": "gpt-drawio-full-fintech-security",
              "Environment": "dev",
              "ManagedBy": "terraform",
              "Project": "finpay"
            },
            "unique_id": "AROAQ53XKQTZP7FVTPSCV"
          },
          "sensitive_attributes": [],
          "identity_schema_version": 0,
          "private": "bnVsbA=="
        }
      ]
    },
    {
      "mode": "managed",
      "type": "aws_iam_role",
      "name": "auditor",
      "provider": "provider[\"registry.terraform.io/hashicorp/aws\"]",
      "instances": [
        {
          "schema_version": 0,
          "attributes": {
            "arn": "arn:aws:iam::064137889010:role/finpay-dev-auditor-readonly-role",
            "assume_role_policy": "{\"Statement\":[{\"Action\":\"sts:AssumeRole\",\"Condition\":{\"Bool\":{\"aws:MultiFactorAuthPresent\":\"true\"}},\"Effect\":\"Allow\",\"Principal\":{\"AWS\":\"arn:aws:iam::064137889010:root\"}}],\"Version\":\"2012-10-17\"}",
            "create_date": "2026-04-28T01:03:13Z",
            "description": "",
            "force_detach_policies": false,
            "id": "finpay-dev-auditor-readonly-role",
            "inline_policy": [],
            "managed_policy_arns": [],
            "max_session_duration": 3600,
            "name": "finpay-dev-auditor-readonly-role",
            "name_prefix": "",
            "path": "/",
            "permissions_boundary": "",
            "tags": null,
            "tags_all": {
              "Architecture": "gpt-drawio-full-fintech-security",
              "Environment": "dev",
              "ManagedBy": "terraform",
              "Project": "finpay"
            },
            "unique_id": "AROAQ53XKQTZDHY4VRHRE"
          },
          "sensitive_attributes": [],
          "identity_schema_version": 0,
          "private": "bnVsbA==",
          "dependencies": [
            "aws_iam_role.operations_admin",
            "data.aws_caller_identity.current"
          ]
        }
      ]
    },
    {
      "mode": "managed",
      "type": "aws_iam_role",
      "name": "backup",
      "provider": "provider[\"registry.terraform.io/hashicorp/aws\"]",
      "instances": [
        {
          "schema_version": 0,
          "attributes": {
            "arn": "arn:aws:iam::064137889010:role/finpay-dev-backup-role",
            "assume_role_policy": "{\"Statement\":[{\"Action\":\"sts:AssumeRole\",\"Effect\":\"Allow\",\"Principal\":{\"Service\":\"backup.amazonaws.com\"}}],\"Version\":\"2012-10-17\"}",
            "create_date": "2026-04-28T01:03:11Z",
            "description": "",
            "force_detach_policies": false,
            "id": "finpay-dev-backup-role",
            "inline_policy": [],
            "managed_policy_arns": [],
            "max_session_duration": 3600,
            "name": "finpay-dev-backup-role",
            "name_prefix": "",
            "path": "/",
            "permissions_boundary": "",
            "tags": null,
            "tags_all": {
              "Architecture": "gpt-drawio-full-fintech-security",
              "Environment": "dev",
              "ManagedBy": "terraform",
              "Project": "finpay"
            },
            "unique_id": "AROAQ53XKQTZNDSAFQVUZ"
          },
          "sensitive_attributes": [],
          "identity_schema_version": 0,
          "private": "bnVsbA=="
        }
      ]
    },
    {
      "mode": "managed",
      "type": "aws_iam_role",
      "name": "cloudtrail_logs",
      "provider": "provider[\"registry.terraform.io/hashicorp/aws\"]",
      "instances": [
        {
          "schema_version": 0,
          "attributes": {
            "arn": "arn:aws:iam::064137889010:role/finpay-dev-cloudtrail-logs-role",
            "assume_role_policy": "{\"Statement\":[{\"Action\":\"sts:AssumeRole\",\"Effect\":\"Allow\",\"Principal\":{\"Service\":\"cloudtrail.amazonaws.com\"}}],\"Version\":\"2012-10-17\"}",
            "create_date": "2026-04-28T01:03:11Z",
            "description": "",
            "force_detach_policies": false,
            "id": "finpay-dev-cloudtrail-logs-role",
            "inline_policy": [],
            "managed_policy_arns": [],
            "max_session_duration": 3600,
            "name": "finpay-dev-cloudtrail-logs-role",
            "name_prefix": "",
            "path": "/",
            "permissions_boundary": "",
            "tags": null,
            "tags_all": {
              "Architecture": "gpt-drawio-full-fintech-security",
              "Environment": "dev",
              "ManagedBy": "terraform",
              "Project": "finpay"
            },
            "unique_id": "AROAQ53XKQTZJVGSG7RC7"
          },
          "sensitive_attributes": [],
          "identity_schema_version": 0,
          "private": "bnVsbA=="
        }
      ]
    },
    {
      "mode": "managed",
      "type": "aws_iam_role",
      "name": "operations_admin",
      "provider": "provider[\"registry.terraform.io/hashicorp/aws\"]",
      "instances": [
        {
          "schema_version": 0,
          "attributes": {
            "arn": "arn:aws:iam::064137889010:role/finpay-dev-operations-admin-role",
            "assume_role_policy": "{\"Statement\":[{\"Action\":\"sts:AssumeRole\",\"Condition\":{\"Bool\":{\"aws:MultiFactorAuthPresent\":\"true\"}},\"Effect\":\"Allow\",\"Principal\":{\"AWS\":\"arn:aws:iam::064137889010:root\"}}],\"Version\":\"2012-10-17\"}",
            "create_date": "2026-04-28T01:03:11Z",
            "description": "",
            "force_detach_policies": false,
            "id": "finpay-dev-operations-admin-role",
            "inline_policy": [],
            "managed_policy_arns": [],
            "max_session_duration": 3600,
            "name": "finpay-dev-operations-admin-role",
            "name_prefix": "",
            "path": "/",
            "permissions_boundary": "",
            "tags": null,
            "tags_all": {
              "Architecture": "gpt-drawio-full-fintech-security",
              "Environment": "dev",
              "ManagedBy": "terraform",
              "Project": "finpay"
            },
            "unique_id": "AROAQ53XKQTZDSKZ6RFJQ"
          },
          "sensitive_attributes": [],
          "identity_schema_version": 0,
          "private": "bnVsbA==",
          "dependencies": [
            "data.aws_caller_identity.current"
          ]
        }
      ]
    },
    {
      "mode": "managed",
      "type": "aws_iam_role",
      "name": "security_admin",
      "provider": "provider[\"registry.terraform.io/hashicorp/aws\"]",
      "instances": [
        {
          "schema_version": 0,
          "attributes": {
            "arn": "arn:aws:iam::064137889010:role/finpay-dev-security-admin-role",
            "assume_role_policy": "{\"Statement\":[{\"Action\":\"sts:AssumeRole\",\"Condition\":{\"Bool\":{\"aws:MultiFactorAuthPresent\":\"true\"}},\"Effect\":\"Allow\",\"Principal\":{\"AWS\":\"arn:aws:iam::064137889010:root\"}}],\"Version\":\"2012-10-17\"}",
            "create_date": "2026-04-28T01:03:12Z",
            "description": "",
            "force_detach_policies": false,
            "id": "finpay-dev-security-admin-role",
            "inline_policy": [],
            "managed_policy_arns": [],
            "max_session_duration": 3600,
            "name": "finpay-dev-security-admin-role",
            "name_prefix": "",
            "path": "/",
            "permissions_boundary": "",
            "tags": null,
            "tags_all": {
              "Architecture": "gpt-drawio-full-fintech-security",
              "Environment": "dev",
              "ManagedBy": "terraform",
              "Project": "finpay"
            },
            "unique_id": "AROAQ53XKQTZGQO3XOVVR"
          },
          "sensitive_attributes": [],
          "identity_schema_version": 0,
          "private": "bnVsbA==",
          "dependencies": [
            "aws_iam_role.operations_admin",
            "data.aws_caller_identity.current"
          ]
        }
      ]
    },
    {
      "mode": "managed",
      "type": "aws_iam_role",
      "name": "vpc_flow_logs",
      "provider": "provider[\"registry.terraform.io/hashicorp/aws\"]",
      "instances": [
        {
          "schema_version": 0,
          "attributes": {
            "arn": "arn:aws:iam::064137889010:role/finpay-dev-vpc-flow-logs-role",
            "assume_role_policy": "{\"Statement\":[{\"Action\":\"sts:AssumeRole\",\"Effect\":\"Allow\",\"Principal\":{\"Service\":\"vpc-flow-logs.amazonaws.com\"}}],\"Version\":\"2012-10-17\"}",
            "create_date": "2026-04-28T01:03:11Z",
            "description": "",
            "force_detach_policies": false,
            "id": "finpay-dev-vpc-flow-logs-role",
            "inline_policy": [],
            "managed_policy_arns": [],
            "max_session_duration": 3600,
            "name": "finpay-dev-vpc-flow-logs-role",
            "name_prefix": "",
            "path": "/",
            "permissions_boundary": "",
            "tags": null,
            "tags_all": {
              "Architecture": "gpt-drawio-full-fintech-security",
              "Environment": "dev",
              "ManagedBy": "terraform",
              "Project": "finpay"
            },
            "unique_id": "AROAQ53XKQTZCJRRTSHTE"
          },
          "sensitive_attributes": [],
          "identity_schema_version": 0,
          "private": "bnVsbA=="
        }
      ]
    },
    {
      "mode": "managed",
      "type": "aws_iam_role_policy",
      "name": "app_runtime",
      "provider": "provider[\"registry.terraform.io/hashicorp/aws\"]",
      "instances": [
        {
          "schema_version": 0,
          "attributes": {
            "id": "finpay-dev-app-instance-role:finpay-dev-app-runtime-policy",
            "name": "finpay-dev-app-runtime-policy",
            "name_prefix": "",
            "policy": "{\"Version\":\"2012-10-17\",\"Statement\":[{\"Action\":[\"kms:Decrypt\",\"kms:DescribeKey\",\"secretsmanager:GetSecretValue\",\"logs:CreateLogStream\",\"logs:PutLogEvents\"],\"Effect\":\"Allow\",\"Resource\":\"*\"}]}",
            "role": "finpay-dev-app-instance-role"
          },
          "sensitive_attributes": [],
          "identity_schema_version": 0,
          "private": "bnVsbA==",
          "dependencies": [
            "aws_iam_role.app_instance"
          ]
        }
      ]
    },
    {
      "mode": "managed",
      "type": "aws_iam_role_policy",
      "name": "audit_report",
      "provider": "provider[\"registry.terraform.io/hashicorp/aws\"]",
      "instances": [
        {
          "schema_version": 0,
          "attributes": {
            "id": "finpay-dev-audit-report-lambda-role:finpay-dev-audit-report-policy",
            "name": "finpay-dev-audit-report-policy",
            "name_prefix": "",
            "policy": "{\"Version\":\"2012-10-17\",\"Statement\":[{\"Action\":[\"sns:Publish\",\"securityhub:GetFindings\",\"guardduty:ListDetectors\",\"config:GetComplianceSummaryByConfigRule\",\"cloudtrail:LookupEvents\"],\"Effect\":\"Allow\",\"Resource\":\"*\"}]}",
            "role": "finpay-dev-audit-report-lambda-role"
          },
          "sensitive_attributes": [],
          "identity_schema_version": 0,
          "private": "bnVsbA==",
          "dependencies": [
            "aws_iam_role.audit_report_lambda"
          ]
        }
      ]
    },
    {
      "mode": "managed",
      "type": "aws_iam_role_policy",
      "name": "auditor_logs",
      "provider": "provider[\"registry.terraform.io/hashicorp/aws\"]",
      "instances": [
        {
          "schema_version": 0,
          "attributes": {
            "id": "finpay-dev-auditor-readonly-role:finpay-dev-auditor-logs-policy",
            "name": "finpay-dev-auditor-logs-policy",
            "name_prefix": "",
            "policy": "{\"Version\":\"2012-10-17\",\"Statement\":[{\"Action\":[\"cloudtrail:LookupEvents\",\"logs:GetLogEvents\",\"logs:DescribeLogGroups\",\"logs:DescribeLogStreams\",\"s3:GetObject\",\"s3:ListBucket\"],\"Effect\":\"Allow\",\"Resource\":\"*\"}]}",
            "role": "finpay-dev-auditor-readonly-role"
          },
          "sensitive_attributes": [],
          "identity_schema_version": 0,
          "private": "bnVsbA==",
          "dependencies": [
            "aws_iam_role.auditor",
            "aws_iam_role.operations_admin",
            "data.aws_caller_identity.current"
          ]
        }
      ]
    },
    {
      "mode": "managed",
      "type": "aws_iam_role_policy",
      "name": "cloudtrail_logs",
      "provider": "provider[\"registry.terraform.io/hashicorp/aws\"]",
      "instances": [
        {
          "schema_version": 0,
          "attributes": {
            "id": "finpay-dev-cloudtrail-logs-role:finpay-dev-cloudtrail-logs-policy",
            "name": "finpay-dev-cloudtrail-logs-policy",
            "name_prefix": "",
            "policy": "{\"Version\":\"2012-10-17\",\"Statement\":[{\"Action\":[\"logs:CreateLogStream\",\"logs:PutLogEvents\"],\"Effect\":\"Allow\",\"Resource\":\"arn:aws:logs:ap-northeast-2:064137889010:log-group:/aws/cloudtrail/finpay-dev:*\"}]}",
            "role": "finpay-dev-cloudtrail-logs-role"
          },
          "sensitive_attributes": [],
          "identity_schema_version": 0,
          "private": "bnVsbA==",
          "dependencies": [
            "aws_cloudwatch_log_group.cloudtrail",
            "aws_iam_role.cloudtrail_logs",
            "aws_kms_key.logs",
            "data.aws_caller_identity.current",
            "data.aws_iam_policy_document.kms_logs",
            "data.aws_region.current"
          ]
        }
      ]
    },
    {
      "mode": "managed",
      "type": "aws_iam_role_policy",
      "name": "vpc_flow_logs",
      "provider": "provider[\"registry.terraform.io/hashicorp/aws\"]",
      "instances": [
        {
          "schema_version": 0,
          "attributes": {
            "id": "finpay-dev-vpc-flow-logs-role:finpay-dev-vpc-flow-logs-policy",
            "name": "finpay-dev-vpc-flow-logs-policy",
            "name_prefix": "",
            "policy": "{\"Version\":\"2012-10-17\",\"Statement\":[{\"Action\":[\"logs:CreateLogStream\",\"logs:PutLogEvents\",\"logs:DescribeLogGroups\",\"logs:DescribeLogStreams\"],\"Effect\":\"Allow\",\"Resource\":\"*\"}]}",
            "role": "finpay-dev-vpc-flow-logs-role"
          },
          "sensitive_attributes": [],
          "identity_schema_version": 0,
          "private": "bnVsbA==",
          "dependencies": [
            "aws_iam_role.vpc_flow_logs"
          ]
        }
      ]
    },
    {
      "mode": "managed",
      "type": "aws_iam_role_policy_attachment",
      "name": "app_ssm",
      "provider": "provider[\"registry.terraform.io/hashicorp/aws\"]",
      "instances": [
        {
          "schema_version": 0,
          "attributes": {
            "id": "finpay-dev-app-instance-role-20260428010314038600000003",
            "policy_arn": "arn:aws:iam::aws:policy/AmazonSSMManagedInstanceCore",
            "role": "finpay-dev-app-instance-role"
          },
          "sensitive_attributes": [],
          "identity_schema_version": 0,
          "private": "bnVsbA==",
          "dependencies": [
            "aws_iam_role.app_instance"
          ]
        }
      ]
    },
    {
      "mode": "managed",
      "type": "aws_iam_role_policy_attachment",
      "name": "audit_report_basic",
      "provider": "provider[\"registry.terraform.io/hashicorp/aws\"]",
      "instances": [
        {
          "schema_version": 0,
          "attributes": {
            "id": "finpay-dev-audit-report-lambda-role-20260428010313537700000002",
            "policy_arn": "arn:aws:iam::aws:policy/service-role/AWSLambdaBasicExecutionRole",
            "role": "finpay-dev-audit-report-lambda-role"
          },
          "sensitive_attributes": [],
          "identity_schema_version": 0,
          "private": "bnVsbA==",
          "dependencies": [
            "aws_iam_role.audit_report_lambda"
          ]
        }
      ]
    },
    {
      "mode": "managed",
      "type": "aws_iam_role_policy_attachment",
      "name": "auditor_readonly",
      "provider": "provider[\"registry.terraform.io/hashicorp/aws\"]",
      "instances": [
        {
          "schema_version": 0,
          "attributes": {
            "id": "finpay-dev-auditor-readonly-role-20260428010314158100000005",
            "policy_arn": "arn:aws:iam::aws:policy/ReadOnlyAccess",
            "role": "finpay-dev-auditor-readonly-role"
          },
          "sensitive_attributes": [],
          "identity_schema_version": 0,
          "private": "bnVsbA==",
          "dependencies": [
            "aws_iam_role.auditor",
            "aws_iam_role.operations_admin",
            "data.aws_caller_identity.current"
          ]
        }
      ]
    },
    {
      "mode": "managed",
      "type": "aws_iam_role_policy_attachment",
      "name": "backup",
      "provider": "provider[\"registry.terraform.io/hashicorp/aws\"]",
      "instances": [
        {
          "schema_version": 0,
          "attributes": {
            "id": "finpay-dev-backup-role-20260428010313031400000001",
            "policy_arn": "arn:aws:iam::aws:policy/service-role/AWSBackupServiceRolePolicyForBackup",
            "role": "finpay-dev-backup-role"
          },
          "sensitive_attributes": [],
          "identity_schema_version": 0,
          "private": "bnVsbA==",
          "dependencies": [
            "aws_iam_role.backup"
          ]
        }
      ]
    },
    {
      "mode": "managed",
      "type": "aws_iam_role_policy_attachment",
      "name": "operations_readonly",
      "provider": "provider[\"registry.terraform.io/hashicorp/aws\"]",
      "instances": [
        {
          "schema_version": 0,
          "attributes": {
            "id": "finpay-dev-operations-admin-role-20260428010314115600000004",
            "policy_arn": "arn:aws:iam::aws:policy/ReadOnlyAccess",
            "role": "finpay-dev-operations-admin-role"
          },
          "sensitive_attributes": [],
          "identity_schema_version": 0,
          "private": "bnVsbA==",
          "dependencies": [
            "aws_iam_role.operations_admin",
            "data.aws_caller_identity.current"
          ]
        }
      ]
    },
    {
      "mode": "managed",
      "type": "aws_iam_role_policy_attachment",
      "name": "security_audit",
      "provider": "provider[\"registry.terraform.io/hashicorp/aws\"]",
      "instances": [
        {
          "schema_version": 0,
          "attributes": {
            "id": "finpay-dev-security-admin-role-20260428010314168100000006",
            "policy_arn": "arn:aws:iam::aws:policy/SecurityAudit",
            "role": "finpay-dev-security-admin-role"
          },
          "sensitive_attributes": [],
          "identity_schema_version": 0,
          "private": "bnVsbA==",
          "dependencies": [
            "aws_iam_role.operations_admin",
            "aws_iam_role.security_admin",
            "data.aws_caller_identity.current"
          ]
        }
      ]
    },
    {
      "mode": "managed",
      "type": "aws_internet_gateway",
      "name": "main",
      "provider": "provider[\"registry.terraform.io/hashicorp/aws\"]",
      "instances": [
        {
          "schema_version": 0,
          "attributes": {
            "arn": "arn:aws:ec2:ap-northeast-2:064137889010:internet-gateway/igw-0736ed0ec6a0afc5d",
            "id": "igw-0736ed0ec6a0afc5d",
            "owner_id": "064137889010",
            "tags": {
              "Name": "finpay-dev-igw"
            },
            "tags_all": {
              "Architecture": "gpt-drawio-full-fintech-security",
              "Environment": "dev",
              "ManagedBy": "terraform",
              "Name": "finpay-dev-igw",
              "Project": "finpay"
            },
            "timeouts": null,
            "vpc_id": "vpc-005507d9b47d3d9be"
          },
          "sensitive_attributes": [],
          "identity_schema_version": 0,
          "private": "eyJlMmJmYjczMC1lY2FhLTExZTYtOGY4OC0zNDM2M2JjN2M0YzAiOnsiY3JlYXRlIjoxMjAwMDAwMDAwMDAwLCJkZWxldGUiOjEyMDAwMDAwMDAwMDAsInVwZGF0ZSI6MTIwMDAwMDAwMDAwMH19",
          "dependencies": [
            "aws_vpc.main"
          ]
        }
      ]
    },
    {
      "mode": "managed",
      "type": "aws_kms_alias",
      "name": "logs",
      "provider": "provider[\"registry.terraform.io/hashicorp/aws\"]",
      "instances": [
        {
          "schema_version": 0,
          "attributes": {
            "arn": "arn:aws:kms:ap-northeast-2:064137889010:alias/finpay-dev-logs",
            "id": "alias/finpay-dev-logs",
            "name": "alias/finpay-dev-logs",
            "name_prefix": "",
            "target_key_arn": "arn:aws:kms:ap-northeast-2:064137889010:key/a66a1845-fdad-46a1-9cdc-2431cd28fbbe",
            "target_key_id": "a66a1845-fdad-46a1-9cdc-2431cd28fbbe"
          },
          "sensitive_attributes": [],
          "identity_schema_version": 0,
          "private": "bnVsbA==",
          "dependencies": [
            "aws_kms_key.logs",
            "data.aws_caller_identity.current",
            "data.aws_iam_policy_document.kms_logs",
            "data.aws_region.current"
          ]
        }
      ]
    },
    {
      "mode": "managed",
      "type": "aws_kms_alias",
      "name": "main",
      "provider": "provider[\"registry.terraform.io/hashicorp/aws\"]",
      "instances": [
        {
          "schema_version": 0,
          "attributes": {
            "arn": "arn:aws:kms:ap-northeast-2:064137889010:alias/finpay-dev-main",
            "id": "alias/finpay-dev-main",
            "name": "alias/finpay-dev-main",
            "name_prefix": "",
            "target_key_arn": "arn:aws:kms:ap-northeast-2:064137889010:key/3f3c448e-cb64-4dfa-bbef-937110e9293a",
            "target_key_id": "3f3c448e-cb64-4dfa-bbef-937110e9293a"
          },
          "sensitive_attributes": [],
          "identity_schema_version": 0,
          "private": "bnVsbA==",
          "dependencies": [
            "aws_kms_key.main",
            "data.aws_caller_identity.current",
            "data.aws_iam_policy_document.kms_main"
          ]
        }
      ]
    },
    {
      "mode": "managed",
      "type": "aws_kms_key",
      "name": "logs",
      "provider": "provider[\"registry.terraform.io/hashicorp/aws\"]",
      "instances": [
        {
          "schema_version": 0,
          "attributes": {
            "arn": "arn:aws:kms:ap-northeast-2:064137889010:key/a66a1845-fdad-46a1-9cdc-2431cd28fbbe",
            "bypass_policy_lockout_safety_check": false,
            "custom_key_store_id": "",
            "customer_master_key_spec": "SYMMETRIC_DEFAULT",
            "deletion_window_in_days": 30,
            "description": "finpay-dev log and audit encryption key",
            "enable_key_rotation": true,
            "id": "a66a1845-fdad-46a1-9cdc-2431cd28fbbe",
            "is_enabled": true,
            "key_id": "a66a1845-fdad-46a1-9cdc-2431cd28fbbe",
            "key_usage": "ENCRYPT_DECRYPT",
            "multi_region": false,
            "policy": "{\"Statement\":[{\"Action\":\"kms:*\",\"Effect\":\"Allow\",\"Principal\":{\"AWS\":\"arn:aws:iam::064137889010:root\"},\"Resource\":\"*\",\"Sid\":\"EnableAccountAdministration\"},{\"Action\":[\"kms:ReEncrypt*\",\"kms:GenerateDataKey*\",\"kms:Encrypt\",\"kms:DescribeKey\",\"kms:Decrypt\"],\"Effect\":\"Allow\",\"Principal\":{\"Service\":[\"s3.amazonaws.com\",\"logs.ap-northeast-2.amazonaws.com\",\"delivery.logs.amazonaws.com\",\"config.amazonaws.com\",\"cloudtrail.amazonaws.com\"]},\"Resource\":\"*\",\"Sid\":\"AllowLoggingServices\"}],\"Version\":\"2012-10-17\"}",
            "rotation_period_in_days": 365,
            "tags": null,
            "tags_all": {
              "Architecture": "gpt-drawio-full-fintech-security",
              "Environment": "dev",
              "ManagedBy": "terraform",
              "Project": "finpay"
            },
            "timeouts": null,
            "xks_key_id": ""
          },
          "sensitive_attributes": [],
          "identity_schema_version": 0,
          "private": "eyJlMmJmYjczMC1lY2FhLTExZTYtOGY4OC0zNDM2M2JjN2M0YzAiOnsiY3JlYXRlIjoxMjAwMDAwMDAwMDB9fQ==",
          "dependencies": [
            "data.aws_caller_identity.current",
            "data.aws_iam_policy_document.kms_logs",
            "data.aws_region.current"
          ]
        }
      ]
    },
    {
      "mode": "managed",
      "type": "aws_kms_key",
      "name": "main",
      "provider": "provider[\"registry.terraform.io/hashicorp/aws\"]",
      "instances": [
        {
          "schema_version": 0,
          "attributes": {
            "arn": "arn:aws:kms:ap-northeast-2:064137889010:key/3f3c448e-cb64-4dfa-bbef-937110e9293a",
            "bypass_policy_lockout_safety_check": false,
            "custom_key_store_id": "",
            "customer_master_key_spec": "SYMMETRIC_DEFAULT",
            "deletion_window_in_days": 30,
            "description": "finpay-dev main encryption key",
            "enable_key_rotation": true,
            "id": "3f3c448e-cb64-4dfa-bbef-937110e9293a",
            "is_enabled": true,
            "key_id": "3f3c448e-cb64-4dfa-bbef-937110e9293a",
            "key_usage": "ENCRYPT_DECRYPT",
            "multi_region": false,
            "policy": "{\"Statement\":[{\"Action\":\"kms:*\",\"Effect\":\"Allow\",\"Principal\":{\"AWS\":\"arn:aws:iam::064137889010:root\"},\"Resource\":\"*\",\"Sid\":\"EnableAccountAdministration\"}],\"Version\":\"2012-10-17\"}",
            "rotation_period_in_days": 365,
            "tags": null,
            "tags_all": {
              "Architecture": "gpt-drawio-full-fintech-security",
              "Environment": "dev",
              "ManagedBy": "terraform",
              "Project": "finpay"
            },
            "timeouts": null,
            "xks_key_id": ""
          },
          "sensitive_attributes": [],
          "identity_schema_version": 0,
          "private": "eyJlMmJmYjczMC1lY2FhLTExZTYtOGY4OC0zNDM2M2JjN2M0YzAiOnsiY3JlYXRlIjoxMjAwMDAwMDAwMDB9fQ==",
          "dependencies": [
            "data.aws_caller_identity.current",
            "data.aws_iam_policy_document.kms_main"
          ]
        }
      ]
    },
    {
      "mode": "managed",
      "type": "aws_lambda_function",
      "name": "audit_report",
      "provider": "provider[\"registry.terraform.io/hashicorp/aws\"]",
      "instances": [
        {
          "schema_version": 0,
          "attributes": {
            "architectures": [
              "x86_64"
            ],
            "arn": "arn:aws:lambda:ap-northeast-2:064137889010:function:finpay-dev-audit-report",
            "code_sha256": "Gw8iIZ2jbeRb+isuVat2Ws1tKB0PeGYBRDDOXpTH9cQ=",
            "code_signing_config_arn": "",
            "dead_letter_config": [],
            "description": "",
            "environment": [
              {
                "variables": {
                  "ALERT_TOPIC_ARN": "arn:aws:sns:ap-northeast-2:064137889010:finpay-dev-alerts",
                  "ENVIRONMENT": "dev",
                  "PROJECT_NAME": "finpay"
                }
              }
            ],
            "ephemeral_storage": [
              {
                "size": 512
              }
            ],
            "file_system_config": [],
            "filename": "./.terraform-build/audit_report.zip",
            "function_name": "finpay-dev-audit-report",
            "handler": "audit_report.handler",
            "id": "finpay-dev-audit-report",
            "image_config": [],
            "image_uri": "",
            "invoke_arn": "arn:aws:apigateway:ap-northeast-2:lambda:path/2015-03-31/functions/arn:aws:lambda:ap-northeast-2:064137889010:function:finpay-dev-audit-report/invocations",
            "kms_key_arn": "arn:aws:kms:ap-northeast-2:064137889010:key/a66a1845-fdad-46a1-9cdc-2431cd28fbbe",
            "last_modified": "2026-04-28T01:03:25.857+0000",
            "layers": null,
            "logging_config": [
              {
                "application_log_level": "",
                "log_format": "Text",
                "log_group": "/aws/lambda/finpay-dev-audit-report",
                "system_log_level": ""
              }
            ],
            "memory_size": 128,
            "package_type": "Zip",
            "publish": false,
            "qualified_arn": "arn:aws:lambda:ap-northeast-2:064137889010:function:finpay-dev-audit-report:$LATEST",
            "qualified_invoke_arn": "arn:aws:apigateway:ap-northeast-2:lambda:path/2015-03-31/functions/arn:aws:lambda:ap-northeast-2:064137889010:function:finpay-dev-audit-report:$LATEST/invocations",
            "replace_security_groups_on_destroy": null,
            "replacement_security_group_ids": null,
            "reserved_concurrent_executions": -1,
            "role": "arn:aws:iam::064137889010:role/finpay-dev-audit-report-lambda-role",
            "runtime": "nodejs20.x",
            "s3_bucket": null,
            "s3_key": null,
            "s3_object_version": null,
            "signing_job_arn": "",
            "signing_profile_version_arn": "",
            "skip_destroy": false,
            "snap_start": [],
            "source_code_hash": "Gw8iIZ2jbeRb+isuVat2Ws1tKB0PeGYBRDDOXpTH9cQ=",
            "source_code_size": 646,
            "tags": null,
            "tags_all": {
              "Architecture": "gpt-drawio-full-fintech-security",
              "Environment": "dev",
              "ManagedBy": "terraform",
              "Project": "finpay"
            },
            "timeout": 30,
            "timeouts": null,
            "tracing_config": [
              {
                "mode": "PassThrough"
              }
            ],
            "version": "$LATEST",
            "vpc_config": []
          },
          "sensitive_attributes": [],
          "identity_schema_version": 0,
          "private": "eyJlMmJmYjczMC1lY2FhLTExZTYtOGY4OC0zNDM2M2JjN2M0YzAiOnsiY3JlYXRlIjo2MDAwMDAwMDAwMDAsImRlbGV0ZSI6NjAwMDAwMDAwMDAwLCJ1cGRhdGUiOjYwMDAwMDAwMDAwMH19",
          "dependencies": [
            "aws_cloudwatch_log_group.audit_report",
            "aws_iam_role.audit_report_lambda",
            "aws_kms_key.logs",
            "aws_sns_topic.alerts",
            "data.archive_file.audit_report",
            "data.aws_caller_identity.current",
            "data.aws_iam_policy_document.kms_logs",
            "data.aws_region.current"
          ]
        }
      ]
    },
    {
      "mode": "managed",
      "type": "aws_lambda_permission",
      "name": "monthly_audit",
      "provider": "provider[\"registry.terraform.io/hashicorp/aws\"]",
      "instances": [
        {
          "schema_version": 0,
          "attributes": {
            "action": "lambda:InvokeFunction",
            "event_source_token": null,
            "function_name": "finpay-dev-audit-report",
            "function_url_auth_type": null,
            "id": "AllowMonthlyAuditEventBridge",
            "principal": "events.amazonaws.com",
            "principal_org_id": null,
            "qualifier": "",
            "source_account": null,
            "source_arn": "arn:aws:events:ap-northeast-2:064137889010:rule/finpay-dev-monthly-audit",
            "statement_id": "AllowMonthlyAuditEventBridge",
            "statement_id_prefix": ""
          },
          "sensitive_attributes": [],
          "identity_schema_version": 0,
          "private": "bnVsbA==",
          "dependencies": [
            "aws_cloudwatch_event_rule.monthly_audit",
            "aws_cloudwatch_log_group.audit_report",
            "aws_iam_role.audit_report_lambda",
            "aws_kms_key.logs",
            "aws_lambda_function.audit_report",
            "aws_sns_topic.alerts",
            "data.archive_file.audit_report",
            "data.aws_caller_identity.current",
            "data.aws_iam_policy_document.kms_logs",
            "data.aws_region.current"
          ]
        }
      ]
    },
    {
      "mode": "managed",
      "type": "aws_launch_template",
      "name": "app",
      "provider": "provider[\"registry.terraform.io/hashicorp/aws\"]",
      "instances": [
        {
          "index_key": "auth",
          "schema_version": 0,
          "attributes": {
            "arn": "arn:aws:ec2:ap-northeast-2:064137889010:launch-template/lt-08b0bb812d83f3767",
            "block_device_mappings": [],
            "capacity_reservation_specification": [],
            "cpu_options": [],
            "credit_specification": [],
            "default_version": 1,
            "description": "",
            "disable_api_stop": false,
            "disable_api_termination": false,
            "ebs_optimized": "",
            "elastic_gpu_specifications": [],
            "elastic_inference_accelerator": [],
            "enclave_options": [],
            "hibernation_options": [],
            "iam_instance_profile": [
              {
                "arn": "",
                "name": "finpay-dev-app-instance-profile"
              }
            ],
            "id": "lt-08b0bb812d83f3767",
            "image_id": "ami-0f4c49ef2fb4c42af",
            "instance_initiated_shutdown_behavior": "",
            "instance_market_options": [],
            "instance_requirements": [],
            "instance_type": "t3.micro",
            "kernel_id": "",
            "key_name": "",
            "latest_version": 1,
            "license_specification": [],
            "maintenance_options": [],
            "metadata_options": [
              {
                "http_endpoint": "enabled",
                "http_protocol_ipv6": "",
                "http_put_response_hop_limit": 1,
                "http_tokens": "required",
                "instance_metadata_tags": ""
              }
            ],
            "monitoring": [],
            "name": "finpay-dev-auth-2026042801032712120000000e",
            "name_prefix": "finpay-dev-auth-",
            "network_interfaces": [],
            "placement": [],
            "private_dns_name_options": [],
            "ram_disk_id": "",
            "security_group_names": null,
            "tag_specifications": [
              {
                "resource_type": "instance",
                "tags": {
                  "Name": "finpay-dev-auth",
                  "Service": "auth-user-api"
                }
              }
            ],
            "tags": null,
            "tags_all": {
              "Architecture": "gpt-drawio-full-fintech-security",
              "Environment": "dev",
              "ManagedBy": "terraform",
              "Project": "finpay"
            },
            "update_default_version": null,
            "user_data": "IyEvYmluL2Jhc2gKc2V0IC1ldW8gcGlwZWZhaWwKCmRuZiBpbnN0YWxsIC15IHB5dGhvbjMKbWtkaXIgLXAgL29wdC9maW5wYXkKY2F0ID4vb3B0L2ZpbnBheS9zZXJ2ZXIucHkgPDwnUFknCmltcG9ydCBqc29uCmZyb20gaHR0cC5zZXJ2ZXIgaW1wb3J0IEJhc2VIVFRQUmVxdWVzdEhhbmRsZXIsIEhUVFBTZXJ2ZXIKClNFUlZJQ0UgPSAiYXV0aC11c2VyLWFwaSIKRU5WSVJPTk1FTlQgPSAiZGV2IgoKY2xhc3MgSGFuZGxlcihCYXNlSFRUUFJlcXVlc3RIYW5kbGVyKToKICAgIGRlZiBkb19HRVQoc2VsZik6CiAgICAgICAgc2VsZi5fc2VuZCgpCgogICAgZGVmIGRvX1BPU1Qoc2VsZik6CiAgICAgICAgc2VsZi5fc2VuZCgpCgogICAgZGVmIGRvX1BBVENIKHNlbGYpOgogICAgICAgIHNlbGYuX3NlbmQoKQoKICAgIGRlZiBfc2VuZChzZWxmKToKICAgICAgICBzdGF0dXMgPSAyMDAKICAgICAgICBib2R5ID0gewogICAgICAgICAgICAic2VydmljZSI6IFNFUlZJQ0UsCiAgICAgICAgICAgICJlbnZpcm9ubWVudCI6IEVOVklST05NRU5ULAogICAgICAgICAgICAicGF0aCI6IHNlbGYucGF0aCwKICAgICAgICAgICAgInN0YXR1cyI6ICJvayIKICAgICAgICB9CiAgICAgICAgaWYgc2VsZi5wYXRoID09ICIvaGVhbHRoIjoKICAgICAgICAgICAgYm9keSA9IHsic3RhdHVzIjogImhlYWx0aHkiLCAic2VydmljZSI6IFNFUlZJQ0V9CiAgICAgICAgZGF0YSA9IGpzb24uZHVtcHMoYm9keSkuZW5jb2RlKCJ1dGYtOCIpCiAgICAgICAgc2VsZi5zZW5kX3Jlc3BvbnNlKHN0YXR1cykKICAgICAgICBzZWxmLnNlbmRfaGVhZGVyKCJDb250ZW50LVR5cGUiLCAiYXBwbGljYXRpb24vanNvbiIpCiAgICAgICAgc2VsZi5zZW5kX2hlYWRlcigiQ29udGVudC1MZW5ndGgiLCBzdHIobGVuKGRhdGEpKSkKICAgICAgICBzZWxmLmVuZF9oZWFkZXJzKCkKICAgICAgICBzZWxmLndmaWxlLndyaXRlKGRhdGEpCgpIVFRQU2VydmVyKCgiMC4wLjAuMCIsIDgwODApLCBIYW5kbGVyKS5zZXJ2ZV9mb3JldmVyKCkKUFkKCmNhdCA+L2V0Yy9zeXN0ZW1kL3N5c3RlbS9maW5wYXkuc2VydmljZSA8PCdVTklUJwpbVW5pdF0KRGVzY3JpcHRpb249RmluUGF5IGRlbW8gc2VydmljZQpBZnRlcj1uZXR3b3JrLnRhcmdldAoKW1NlcnZpY2VdCkV4ZWNTdGFydD0vdXNyL2Jpbi9weXRob24zIC9vcHQvZmlucGF5L3NlcnZlci5weQpSZXN0YXJ0PWFsd2F5cwpSZXN0YXJ0U2VjPTMKCltJbnN0YWxsXQpXYW50ZWRCeT1tdWx0aS11c2VyLnRhcmdldApVTklUCgpzeXN0ZW1jdGwgZGFlbW9uLXJlbG9hZApzeXN0ZW1jdGwgZW5hYmxlIC0tbm93IGZpbnBheS5zZXJ2aWNlCgo=",
            "vpc_security_group_ids": [
              "sg-05ff120c7e0a83490"
            ]
          },
          "sensitive_attributes": [],
          "identity_schema_version": 0,
          "private": "bnVsbA==",
          "dependencies": [
            "aws_iam_instance_profile.app",
            "aws_iam_role.app_instance",
            "aws_security_group.alb",
            "aws_security_group.app",
            "aws_vpc.main",
            "data.aws_ami.al2023"
          ]
        },
        {
          "index_key": "ops",
          "schema_version": 0,
          "attributes": {
            "arn": "arn:aws:ec2:ap-northeast-2:064137889010:launch-template/lt-072671ab713174a39",
            "block_device_mappings": [],
            "capacity_reservation_specification": [],
            "cpu_options": [],
            "credit_specification": [],
            "default_version": 1,
            "description": "",
            "disable_api_stop": false,
            "disable_api_termination": false,
            "ebs_optimized": "",
            "elastic_gpu_specifications": [],
            "elastic_inference_accelerator": [],
            "enclave_options": [],
            "hibernation_options": [],
            "iam_instance_profile": [
              {
                "arn": "",
                "name": "finpay-dev-app-instance-profile"
              }
            ],
            "id": "lt-072671ab713174a39",
            "image_id": "ami-0f4c49ef2fb4c42af",
            "instance_initiated_shutdown_behavior": "",
            "instance_market_options": [],
            "instance_requirements": [],
            "instance_type": "t3.micro",
            "kernel_id": "",
            "key_name": "",
            "latest_version": 1,
            "license_specification": [],
            "maintenance_options": [],
            "metadata_options": [
              {
                "http_endpoint": "enabled",
                "http_protocol_ipv6": "",
                "http_put_response_hop_limit": 1,
                "http_tokens": "required",
                "instance_metadata_tags": ""
              }
            ],
            "monitoring": [],
            "name": "finpay-dev-ops-2026042801032712120000000c",
            "name_prefix": "finpay-dev-ops-",
            "network_interfaces": [],
            "placement": [],
            "private_dns_name_options": [],
            "ram_disk_id": "",
            "security_group_names": null,
            "tag_specifications": [
              {
                "resource_type": "instance",
                "tags": {
                  "Name": "finpay-dev-ops",
                  "Service": "ops-audit-api"
                }
              }
            ],
            "tags": null,
            "tags_all": {
              "Architecture": "gpt-drawio-full-fintech-security",
              "Environment": "dev",
              "ManagedBy": "terraform",
              "Project": "finpay"
            },
            "update_default_version": null,
            "user_data": "IyEvYmluL2Jhc2gKc2V0IC1ldW8gcGlwZWZhaWwKCmRuZiBpbnN0YWxsIC15IHB5dGhvbjMKbWtkaXIgLXAgL29wdC9maW5wYXkKY2F0ID4vb3B0L2ZpbnBheS9zZXJ2ZXIucHkgPDwnUFknCmltcG9ydCBqc29uCmZyb20gaHR0cC5zZXJ2ZXIgaW1wb3J0IEJhc2VIVFRQUmVxdWVzdEhhbmRsZXIsIEhUVFBTZXJ2ZXIKClNFUlZJQ0UgPSAib3BzLWF1ZGl0LWFwaSIKRU5WSVJPTk1FTlQgPSAiZGV2IgoKY2xhc3MgSGFuZGxlcihCYXNlSFRUUFJlcXVlc3RIYW5kbGVyKToKICAgIGRlZiBkb19HRVQoc2VsZik6CiAgICAgICAgc2VsZi5fc2VuZCgpCgogICAgZGVmIGRvX1BPU1Qoc2VsZik6CiAgICAgICAgc2VsZi5fc2VuZCgpCgogICAgZGVmIGRvX1BBVENIKHNlbGYpOgogICAgICAgIHNlbGYuX3NlbmQoKQoKICAgIGRlZiBfc2VuZChzZWxmKToKICAgICAgICBzdGF0dXMgPSAyMDAKICAgICAgICBib2R5ID0gewogICAgICAgICAgICAic2VydmljZSI6IFNFUlZJQ0UsCiAgICAgICAgICAgICJlbnZpcm9ubWVudCI6IEVOVklST05NRU5ULAogICAgICAgICAgICAicGF0aCI6IHNlbGYucGF0aCwKICAgICAgICAgICAgInN0YXR1cyI6ICJvayIKICAgICAgICB9CiAgICAgICAgaWYgc2VsZi5wYXRoID09ICIvaGVhbHRoIjoKICAgICAgICAgICAgYm9keSA9IHsic3RhdHVzIjogImhlYWx0aHkiLCAic2VydmljZSI6IFNFUlZJQ0V9CiAgICAgICAgZGF0YSA9IGpzb24uZHVtcHMoYm9keSkuZW5jb2RlKCJ1dGYtOCIpCiAgICAgICAgc2VsZi5zZW5kX3Jlc3BvbnNlKHN0YXR1cykKICAgICAgICBzZWxmLnNlbmRfaGVhZGVyKCJDb250ZW50LVR5cGUiLCAiYXBwbGljYXRpb24vanNvbiIpCiAgICAgICAgc2VsZi5zZW5kX2hlYWRlcigiQ29udGVudC1MZW5ndGgiLCBzdHIobGVuKGRhdGEpKSkKICAgICAgICBzZWxmLmVuZF9oZWFkZXJzKCkKICAgICAgICBzZWxmLndmaWxlLndyaXRlKGRhdGEpCgpIVFRQU2VydmVyKCgiMC4wLjAuMCIsIDgwODApLCBIYW5kbGVyKS5zZXJ2ZV9mb3JldmVyKCkKUFkKCmNhdCA+L2V0Yy9zeXN0ZW1kL3N5c3RlbS9maW5wYXkuc2VydmljZSA8PCdVTklUJwpbVW5pdF0KRGVzY3JpcHRpb249RmluUGF5IGRlbW8gc2VydmljZQpBZnRlcj1uZXR3b3JrLnRhcmdldAoKW1NlcnZpY2VdCkV4ZWNTdGFydD0vdXNyL2Jpbi9weXRob24zIC9vcHQvZmlucGF5L3NlcnZlci5weQpSZXN0YXJ0PWFsd2F5cwpSZXN0YXJ0U2VjPTMKCltJbnN0YWxsXQpXYW50ZWRCeT1tdWx0aS11c2VyLnRhcmdldApVTklUCgpzeXN0ZW1jdGwgZGFlbW9uLXJlbG9hZApzeXN0ZW1jdGwgZW5hYmxlIC0tbm93IGZpbnBheS5zZXJ2aWNlCgo=",
            "vpc_security_group_ids": [
              "sg-05ff120c7e0a83490"
            ]
          },
          "sensitive_attributes": [],
          "identity_schema_version": 0,
          "private": "bnVsbA==",
          "dependencies": [
            "aws_iam_instance_profile.app",
            "aws_iam_role.app_instance",
            "aws_security_group.alb",
            "aws_security_group.app",
            "aws_vpc.main",
            "data.aws_ami.al2023"
          ]
        },
        {
          "index_key": "payment",
          "schema_version": 0,
          "attributes": {
            "arn": "arn:aws:ec2:ap-northeast-2:064137889010:launch-template/lt-0bb1f7c972e568afa",
            "block_device_mappings": [],
            "capacity_reservation_specification": [],
            "cpu_options": [],
            "credit_specification": [],
            "default_version": 1,
            "description": "",
            "disable_api_stop": false,
            "disable_api_termination": false,
            "ebs_optimized": "",
            "elastic_gpu_specifications": [],
            "elastic_inference_accelerator": [],
            "enclave_options": [],
            "hibernation_options": [],
            "iam_instance_profile": [
              {
                "arn": "",
                "name": "finpay-dev-app-instance-profile"
              }
            ],
            "id": "lt-0bb1f7c972e568afa",
            "image_id": "ami-0f4c49ef2fb4c42af",
            "instance_initiated_shutdown_behavior": "",
            "instance_market_options": [],
            "instance_requirements": [],
            "instance_type": "t3.micro",
            "kernel_id": "",
            "key_name": "",
            "latest_version": 1,
            "license_specification": [],
            "maintenance_options": [],
            "metadata_options": [
              {
                "http_endpoint": "enabled",
                "http_protocol_ipv6": "",
                "http_put_response_hop_limit": 1,
                "http_tokens": "required",
                "instance_metadata_tags": ""
              }
            ],
            "monitoring": [],
            "name": "finpay-dev-payment-20260428010327124200000010",
            "name_prefix": "finpay-dev-payment-",
            "network_interfaces": [],
            "placement": [],
            "private_dns_name_options": [],
            "ram_disk_id": "",
            "security_group_names": null,
            "tag_specifications": [
              {
                "resource_type": "instance",
                "tags": {
                  "Name": "finpay-dev-payment",
                  "Service": "payment-api"
                }
              }
            ],
            "tags": null,
            "tags_all": {
              "Architecture": "gpt-drawio-full-fintech-security",
              "Environment": "dev",
              "ManagedBy": "terraform",
              "Project": "finpay"
            },
            "update_default_version": null,
            "user_data": "IyEvYmluL2Jhc2gKc2V0IC1ldW8gcGlwZWZhaWwKCmRuZiBpbnN0YWxsIC15IHB5dGhvbjMKbWtkaXIgLXAgL29wdC9maW5wYXkKY2F0ID4vb3B0L2ZpbnBheS9zZXJ2ZXIucHkgPDwnUFknCmltcG9ydCBqc29uCmZyb20gaHR0cC5zZXJ2ZXIgaW1wb3J0IEJhc2VIVFRQUmVxdWVzdEhhbmRsZXIsIEhUVFBTZXJ2ZXIKClNFUlZJQ0UgPSAicGF5bWVudC1hcGkiCkVOVklST05NRU5UID0gImRldiIKCmNsYXNzIEhhbmRsZXIoQmFzZUhUVFBSZXF1ZXN0SGFuZGxlcik6CiAgICBkZWYgZG9fR0VUKHNlbGYpOgogICAgICAgIHNlbGYuX3NlbmQoKQoKICAgIGRlZiBkb19QT1NUKHNlbGYpOgogICAgICAgIHNlbGYuX3NlbmQoKQoKICAgIGRlZiBkb19QQVRDSChzZWxmKToKICAgICAgICBzZWxmLl9zZW5kKCkKCiAgICBkZWYgX3NlbmQoc2VsZik6CiAgICAgICAgc3RhdHVzID0gMjAwCiAgICAgICAgYm9keSA9IHsKICAgICAgICAgICAgInNlcnZpY2UiOiBTRVJWSUNFLAogICAgICAgICAgICAiZW52aXJvbm1lbnQiOiBFTlZJUk9OTUVOVCwKICAgICAgICAgICAgInBhdGgiOiBzZWxmLnBhdGgsCiAgICAgICAgICAgICJzdGF0dXMiOiAib2siCiAgICAgICAgfQogICAgICAgIGlmIHNlbGYucGF0aCA9PSAiL2hlYWx0aCI6CiAgICAgICAgICAgIGJvZHkgPSB7InN0YXR1cyI6ICJoZWFsdGh5IiwgInNlcnZpY2UiOiBTRVJWSUNFfQogICAgICAgIGRhdGEgPSBqc29uLmR1bXBzKGJvZHkpLmVuY29kZSgidXRmLTgiKQogICAgICAgIHNlbGYuc2VuZF9yZXNwb25zZShzdGF0dXMpCiAgICAgICAgc2VsZi5zZW5kX2hlYWRlcigiQ29udGVudC1UeXBlIiwgImFwcGxpY2F0aW9uL2pzb24iKQogICAgICAgIHNlbGYuc2VuZF9oZWFkZXIoIkNvbnRlbnQtTGVuZ3RoIiwgc3RyKGxlbihkYXRhKSkpCiAgICAgICAgc2VsZi5lbmRfaGVhZGVycygpCiAgICAgICAgc2VsZi53ZmlsZS53cml0ZShkYXRhKQoKSFRUUFNlcnZlcigoIjAuMC4wLjAiLCA4MDgwKSwgSGFuZGxlcikuc2VydmVfZm9yZXZlcigpClBZCgpjYXQgPi9ldGMvc3lzdGVtZC9zeXN0ZW0vZmlucGF5LnNlcnZpY2UgPDwnVU5JVCcKW1VuaXRdCkRlc2NyaXB0aW9uPUZpblBheSBkZW1vIHNlcnZpY2UKQWZ0ZXI9bmV0d29yay50YXJnZXQKCltTZXJ2aWNlXQpFeGVjU3RhcnQ9L3Vzci9iaW4vcHl0aG9uMyAvb3B0L2ZpbnBheS9zZXJ2ZXIucHkKUmVzdGFydD1hbHdheXMKUmVzdGFydFNlYz0zCgpbSW5zdGFsbF0KV2FudGVkQnk9bXVsdGktdXNlci50YXJnZXQKVU5JVAoKc3lzdGVtY3RsIGRhZW1vbi1yZWxvYWQKc3lzdGVtY3RsIGVuYWJsZSAtLW5vdyBmaW5wYXkuc2VydmljZQoK",
            "vpc_security_group_ids": [
              "sg-05ff120c7e0a83490"
            ]
          },
          "sensitive_attributes": [],
          "identity_schema_version": 0,
          "private": "bnVsbA==",
          "dependencies": [
            "aws_iam_instance_profile.app",
            "aws_iam_role.app_instance",
            "aws_security_group.alb",
            "aws_security_group.app",
            "aws_vpc.main",
            "data.aws_ami.al2023"
          ]
        }
      ]
    },
    {
      "mode": "managed",
      "type": "aws_lb",
      "name": "app",
      "provider": "provider[\"registry.terraform.io/hashicorp/aws\"]",
      "instances": [
        {
          "schema_version": 0,
          "attributes": {
            "access_logs": [
              {
                "bucket": "",
                "enabled": false,
                "prefix": ""
              }
            ],
            "arn": "arn:aws:elasticloadbalancing:ap-northeast-2:064137889010:loadbalancer/app/finpay-dev-alb/efb74b74af481b7d",
            "arn_suffix": "app/finpay-dev-alb/efb74b74af481b7d",
            "client_keep_alive": 3600,
            "connection_logs": [
              {
                "bucket": "",
                "enabled": false,
                "prefix": ""
              }
            ],
            "customer_owned_ipv4_pool": "",
            "desync_mitigation_mode": "defensive",
            "dns_name": "finpay-dev-alb-2134146525.ap-northeast-2.elb.amazonaws.com",
            "dns_record_client_routing_policy": null,
            "drop_invalid_header_fields": true,
            "enable_cross_zone_load_balancing": true,
            "enable_deletion_protection": false,
            "enable_http2": true,
            "enable_tls_version_and_cipher_suite_headers": false,
            "enable_waf_fail_open": false,
            "enable_xff_client_port": false,
            "enable_zonal_shift": false,
            "enforce_security_group_inbound_rules_on_private_link_traffic": "",
            "id": "arn:aws:elasticloadbalancing:ap-northeast-2:064137889010:loadbalancer/app/finpay-dev-alb/efb74b74af481b7d",
            "idle_timeout": 60,
            "internal": false,
            "ip_address_type": "ipv4",
            "ipam_pools": [],
            "load_balancer_type": "application",
            "minimum_load_balancer_capacity": [],
            "name": "finpay-dev-alb",
            "name_prefix": "",
            "preserve_host_header": false,
            "security_groups": [
              "sg-01d08f6ed8602f1bc"
            ],
            "subnet_mapping": [
              {
                "allocation_id": "",
                "ipv6_address": "",
                "outpost_id": "",
                "private_ipv4_address": "",
                "subnet_id": "subnet-0058acfa3c90d2348"
              },
              {
                "allocation_id": "",
                "ipv6_address": "",
                "outpost_id": "",
                "private_ipv4_address": "",
                "subnet_id": "subnet-027602669263cbbd7"
              }
            ],
            "subnets": [
              "subnet-0058acfa3c90d2348",
              "subnet-027602669263cbbd7"
            ],
            "tags": null,
            "tags_all": {
              "Architecture": "gpt-drawio-full-fintech-security",
              "Environment": "dev",
              "ManagedBy": "terraform",
              "Project": "finpay"
            },
            "timeouts": null,
            "vpc_id": "vpc-005507d9b47d3d9be",
            "xff_header_processing_mode": "append",
            "zone_id": "ZWKZPGTI48KDX"
          },
          "sensitive_attributes": [],
          "identity_schema_version": 0,
          "private": "eyJlMmJmYjczMC1lY2FhLTExZTYtOGY4OC0zNDM2M2JjN2M0YzAiOnsiY3JlYXRlIjo2MDAwMDAwMDAwMDAsImRlbGV0ZSI6NjAwMDAwMDAwMDAwLCJ1cGRhdGUiOjYwMDAwMDAwMDAwMH19",
          "dependencies": [
            "aws_s3_bucket.central_logs",
            "aws_s3_bucket_policy.central_logs",
            "aws_security_group.alb",
            "aws_subnet.public",
            "aws_vpc.main",
            "data.aws_caller_identity.current"
          ]
        }
      ]
    },
    {
      "mode": "managed",
      "type": "aws_lb_listener",
      "name": "http",
      "provider": "provider[\"registry.terraform.io/hashicorp/aws\"]",
      "instances": [
        {
          "schema_version": 0,
          "attributes": {
            "alpn_policy": null,
            "arn": "arn:aws:elasticloadbalancing:ap-northeast-2:064137889010:listener/app/finpay-dev-alb/efb74b74af481b7d/d0de190f25650483",
            "certificate_arn": null,
            "default_action": [
              {
                "authenticate_cognito": [],
                "authenticate_oidc": [],
                "fixed_response": [],
                "forward": [],
                "order": 1,
                "redirect": [],
                "target_group_arn": "arn:aws:elasticloadbalancing:ap-northeast-2:064137889010:targetgroup/finpay-dev-payment-tg/bc14da82aff51f56",
                "type": "forward"
              }
            ],
            "id": "arn:aws:elasticloadbalancing:ap-northeast-2:064137889010:listener/app/finpay-dev-alb/efb74b74af481b7d/d0de190f25650483",
            "load_balancer_arn": "arn:aws:elasticloadbalancing:ap-northeast-2:064137889010:loadbalancer/app/finpay-dev-alb/efb74b74af481b7d",
            "mutual_authentication": [],
            "port": 80,
            "protocol": "HTTP",
            "routing_http_request_x_amzn_mtls_clientcert_header_name": null,
            "routing_http_request_x_amzn_mtls_clientcert_issuer_header_name": null,
            "routing_http_request_x_amzn_mtls_clientcert_leaf_header_name": null,
            "routing_http_request_x_amzn_mtls_clientcert_serial_number_header_name": null,
            "routing_http_request_x_amzn_mtls_clientcert_subject_header_name": null,
            "routing_http_request_x_amzn_mtls_clientcert_validity_header_name": null,
            "routing_http_request_x_amzn_tls_cipher_suite_header_name": null,
            "routing_http_request_x_amzn_tls_version_header_name": null,
            "routing_http_response_access_control_allow_credentials_header_value": "",
            "routing_http_response_access_control_allow_headers_header_value": "",
            "routing_http_response_access_control_allow_methods_header_value": "",
            "routing_http_response_access_control_allow_origin_header_value": "",
            "routing_http_response_access_control_expose_headers_header_value": "",
            "routing_http_response_access_control_max_age_header_value": "",
            "routing_http_response_content_security_policy_header_value": "",
            "routing_http_response_server_enabled": true,
            "routing_http_response_strict_transport_security_header_value": "",
            "routing_http_response_x_content_type_options_header_value": "",
            "routing_http_response_x_frame_options_header_value": "",
            "ssl_policy": "",
            "tags": null,
            "tags_all": {
              "Architecture": "gpt-drawio-full-fintech-security",
              "Environment": "dev",
              "ManagedBy": "terraform",
              "Project": "finpay"
            },
            "tcp_idle_timeout_seconds": null,
            "timeouts": null
          },
          "sensitive_attributes": [],
          "identity_schema_version": 0,
          "private": "eyJlMmJmYjczMC1lY2FhLTExZTYtOGY4OC0zNDM2M2JjN2M0YzAiOnsiY3JlYXRlIjozMDAwMDAwMDAwMDAsInVwZGF0ZSI6MzAwMDAwMDAwMDAwfX0=",
          "dependencies": [
            "aws_lb.app",
            "aws_lb_target_group.app",
            "aws_s3_bucket.central_logs",
            "aws_s3_bucket_policy.central_logs",
            "aws_security_group.alb",
            "aws_subnet.public",
            "aws_vpc.main",
            "data.aws_caller_identity.current"
          ]
        }
      ]
    },
    {
      "mode": "managed",
      "type": "aws_lb_listener_rule",
      "name": "http_paths",
      "provider": "provider[\"registry.terraform.io/hashicorp/aws\"]",
      "instances": [
        {
          "index_key": "auth",
          "schema_version": 0,
          "attributes": {
            "action": [
              {
                "authenticate_cognito": [],
                "authenticate_oidc": [],
                "fixed_response": [],
                "forward": [],
                "order": 1,
                "redirect": [],
                "target_group_arn": "arn:aws:elasticloadbalancing:ap-northeast-2:064137889010:targetgroup/finpay-dev-auth-tg/d692b0a96ba585af",
                "type": "forward"
              }
            ],
            "arn": "arn:aws:elasticloadbalancing:ap-northeast-2:064137889010:listener-rule/app/finpay-dev-alb/efb74b74af481b7d/d0de190f25650483/a18fa6690754faab",
            "condition": [
              {
                "host_header": [],
                "http_header": [],
                "http_request_method": [],
                "path_pattern": [
                  {
                    "values": [
                      "/auth/*"
                    ]
                  }
                ],
                "query_string": [],
                "source_ip": []
              }
            ],
            "id": "arn:aws:elasticloadbalancing:ap-northeast-2:064137889010:listener-rule/app/finpay-dev-alb/efb74b74af481b7d/d0de190f25650483/a18fa6690754faab",
            "listener_arn": "arn:aws:elasticloadbalancing:ap-northeast-2:064137889010:listener/app/finpay-dev-alb/efb74b74af481b7d/d0de190f25650483",
            "priority": 10,
            "tags": null,
            "tags_all": {
              "Architecture": "gpt-drawio-full-fintech-security",
              "Environment": "dev",
              "ManagedBy": "terraform",
              "Project": "finpay"
            }
          },
          "sensitive_attributes": [],
          "identity_schema_version": 0,
          "private": "bnVsbA==",
          "dependencies": [
            "aws_lb.app",
            "aws_lb_listener.http",
            "aws_lb_target_group.app",
            "aws_s3_bucket.central_logs",
            "aws_s3_bucket_policy.central_logs",
            "aws_security_group.alb",
            "aws_subnet.public",
            "aws_vpc.main",
            "data.aws_caller_identity.current"
          ]
        },
        {
          "index_key": "ops",
          "schema_version": 0,
          "attributes": {
            "action": [
              {
                "authenticate_cognito": [],
                "authenticate_oidc": [],
                "fixed_response": [],
                "forward": [],
                "order": 1,
                "redirect": [],
                "target_group_arn": "arn:aws:elasticloadbalancing:ap-northeast-2:064137889010:targetgroup/finpay-dev-ops-tg/0da467c125177bf2",
                "type": "forward"
              }
            ],
            "arn": "arn:aws:elasticloadbalancing:ap-northeast-2:064137889010:listener-rule/app/finpay-dev-alb/efb74b74af481b7d/d0de190f25650483/9e2b1597b8eadd12",
            "condition": [
              {
                "host_header": [],
                "http_header": [],
                "http_request_method": [],
                "path_pattern": [
                  {
                    "values": [
                      "/ops/*"
                    ]
                  }
                ],
                "query_string": [],
                "source_ip": []
              }
            ],
            "id": "arn:aws:elasticloadbalancing:ap-northeast-2:064137889010:listener-rule/app/finpay-dev-alb/efb74b74af481b7d/d0de190f25650483/9e2b1597b8eadd12",
            "listener_arn": "arn:aws:elasticloadbalancing:ap-northeast-2:064137889010:listener/app/finpay-dev-alb/efb74b74af481b7d/d0de190f25650483",
            "priority": 11,
            "tags": null,
            "tags_all": {
              "Architecture": "gpt-drawio-full-fintech-security",
              "Environment": "dev",
              "ManagedBy": "terraform",
              "Project": "finpay"
            }
          },
          "sensitive_attributes": [],
          "identity_schema_version": 0,
          "private": "bnVsbA==",
          "dependencies": [
            "aws_lb.app",
            "aws_lb_listener.http",
            "aws_lb_target_group.app",
            "aws_s3_bucket.central_logs",
            "aws_s3_bucket_policy.central_logs",
            "aws_security_group.alb",
            "aws_subnet.public",
            "aws_vpc.main",
            "data.aws_caller_identity.current"
          ]
        },
        {
          "index_key": "payment",
          "schema_version": 0,
          "attributes": {
            "action": [
              {
                "authenticate_cognito": [],
                "authenticate_oidc": [],
                "fixed_response": [],
                "forward": [],
                "order": 1,
                "redirect": [],
                "target_group_arn": "arn:aws:elasticloadbalancing:ap-northeast-2:064137889010:targetgroup/finpay-dev-payment-tg/bc14da82aff51f56",
                "type": "forward"
              }
            ],
            "arn": "arn:aws:elasticloadbalancing:ap-northeast-2:064137889010:listener-rule/app/finpay-dev-alb/efb74b74af481b7d/d0de190f25650483/bd5542536f817446",
            "condition": [
              {
                "host_header": [],
                "http_header": [],
                "http_request_method": [],
                "path_pattern": [
                  {
                    "values": [
                      "/payments/*"
                    ]
                  }
                ],
                "query_string": [],
                "source_ip": []
              }
            ],
            "id": "arn:aws:elasticloadbalancing:ap-northeast-2:064137889010:listener-rule/app/finpay-dev-alb/efb74b74af481b7d/d0de190f25650483/bd5542536f817446",
            "listener_arn": "arn:aws:elasticloadbalancing:ap-northeast-2:064137889010:listener/app/finpay-dev-alb/efb74b74af481b7d/d0de190f25650483",
            "priority": 12,
            "tags": null,
            "tags_all": {
              "Architecture": "gpt-drawio-full-fintech-security",
              "Environment": "dev",
              "ManagedBy": "terraform",
              "Project": "finpay"
            }
          },
          "sensitive_attributes": [],
          "identity_schema_version": 0,
          "private": "bnVsbA==",
          "dependencies": [
            "aws_lb.app",
            "aws_lb_listener.http",
            "aws_lb_target_group.app",
            "aws_s3_bucket.central_logs",
            "aws_s3_bucket_policy.central_logs",
            "aws_security_group.alb",
            "aws_subnet.public",
            "aws_vpc.main",
            "data.aws_caller_identity.current"
          ]
        }
      ]
    },
    {
      "mode": "managed",
      "type": "aws_lb_target_group",
      "name": "app",
      "provider": "provider[\"registry.terraform.io/hashicorp/aws\"]",
      "instances": [
        {
          "index_key": "auth",
          "schema_version": 0,
          "attributes": {
            "arn": "arn:aws:elasticloadbalancing:ap-northeast-2:064137889010:targetgroup/finpay-dev-auth-tg/d692b0a96ba585af",
            "arn_suffix": "targetgroup/finpay-dev-auth-tg/d692b0a96ba585af",
            "connection_termination": null,
            "deregistration_delay": "300",
            "health_check": [
              {
                "enabled": true,
                "healthy_threshold": 2,
                "interval": 30,
                "matcher": "200",
                "path": "/health",
                "port": "traffic-port",
                "protocol": "HTTP",
                "timeout": 5,
                "unhealthy_threshold": 3
              }
            ],
            "id": "arn:aws:elasticloadbalancing:ap-northeast-2:064137889010:targetgroup/finpay-dev-auth-tg/d692b0a96ba585af",
            "ip_address_type": "ipv4",
            "lambda_multi_value_headers_enabled": false,
            "load_balancer_arns": [],
            "load_balancing_algorithm_type": "round_robin",
            "load_balancing_anomaly_mitigation": "off",
            "load_balancing_cross_zone_enabled": "use_load_balancer_configuration",
            "name": "finpay-dev-auth-tg",
            "name_prefix": "",
            "port": 8080,
            "preserve_client_ip": null,
            "protocol": "HTTP",
            "protocol_version": "HTTP1",
            "proxy_protocol_v2": false,
            "slow_start": 0,
            "stickiness": [
              {
                "cookie_duration": 86400,
                "cookie_name": "",
                "enabled": false,
                "type": "lb_cookie"
              }
            ],
            "tags": null,
            "tags_all": {
              "Architecture": "gpt-drawio-full-fintech-security",
              "Environment": "dev",
              "ManagedBy": "terraform",
              "Project": "finpay"
            },
            "target_failover": [
              {
                "on_deregistration": null,
                "on_unhealthy": null
              }
            ],
            "target_group_health": [
              {
                "dns_failover": [
                  {
                    "minimum_healthy_targets_count": "1",
                    "minimum_healthy_targets_percentage": "off"
                  }
                ],
                "unhealthy_state_routing": [
                  {
                    "minimum_healthy_targets_count": 1,
                    "minimum_healthy_targets_percentage": "off"
                  }
                ]
              }
            ],
            "target_health_state": [
              {
                "enable_unhealthy_connection_termination": null,
                "unhealthy_draining_interval": null
              }
            ],
            "target_type": "instance",
            "vpc_id": "vpc-005507d9b47d3d9be"
          },
          "sensitive_attributes": [],
          "identity_schema_version": 0,
          "private": "bnVsbA==",
          "dependencies": [
            "aws_vpc.main"
          ]
        },
        {
          "index_key": "ops",
          "schema_version": 0,
          "attributes": {
            "arn": "arn:aws:elasticloadbalancing:ap-northeast-2:064137889010:targetgroup/finpay-dev-ops-tg/0da467c125177bf2",
            "arn_suffix": "targetgroup/finpay-dev-ops-tg/0da467c125177bf2",
            "connection_termination": null,
            "deregistration_delay": "300",
            "health_check": [
              {
                "enabled": true,
                "healthy_threshold": 2,
                "interval": 30,
                "matcher": "200",
                "path": "/health",
                "port": "traffic-port",
                "protocol": "HTTP",
                "timeout": 5,
                "unhealthy_threshold": 3
              }
            ],
            "id": "arn:aws:elasticloadbalancing:ap-northeast-2:064137889010:targetgroup/finpay-dev-ops-tg/0da467c125177bf2",
            "ip_address_type": "ipv4",
            "lambda_multi_value_headers_enabled": false,
            "load_balancer_arns": [],
            "load_balancing_algorithm_type": "round_robin",
            "load_balancing_anomaly_mitigation": "off",
            "load_balancing_cross_zone_enabled": "use_load_balancer_configuration",
            "name": "finpay-dev-ops-tg",
            "name_prefix": "",
            "port": 8080,
            "preserve_client_ip": null,
            "protocol": "HTTP",
            "protocol_version": "HTTP1",
            "proxy_protocol_v2": false,
            "slow_start": 0,
            "stickiness": [
              {
                "cookie_duration": 86400,
                "cookie_name": "",
                "enabled": false,
                "type": "lb_cookie"
              }
            ],
            "tags": null,
            "tags_all": {
              "Architecture": "gpt-drawio-full-fintech-security",
              "Environment": "dev",
              "ManagedBy": "terraform",
              "Project": "finpay"
            },
            "target_failover": [
              {
                "on_deregistration": null,
                "on_unhealthy": null
              }
            ],
            "target_group_health": [
              {
                "dns_failover": [
                  {
                    "minimum_healthy_targets_count": "1",
                    "minimum_healthy_targets_percentage": "off"
                  }
                ],
                "unhealthy_state_routing": [
                  {
                    "minimum_healthy_targets_count": 1,
                    "minimum_healthy_targets_percentage": "off"
                  }
                ]
              }
            ],
            "target_health_state": [
              {
                "enable_unhealthy_connection_termination": null,
                "unhealthy_draining_interval": null
              }
            ],
            "target_type": "instance",
            "vpc_id": "vpc-005507d9b47d3d9be"
          },
          "sensitive_attributes": [],
          "identity_schema_version": 0,
          "private": "bnVsbA==",
          "dependencies": [
            "aws_vpc.main"
          ]
        },
        {
          "index_key": "payment",
          "schema_version": 0,
          "attributes": {
            "arn": "arn:aws:elasticloadbalancing:ap-northeast-2:064137889010:targetgroup/finpay-dev-payment-tg/bc14da82aff51f56",
            "arn_suffix": "targetgroup/finpay-dev-payment-tg/bc14da82aff51f56",
            "connection_termination": null,
            "deregistration_delay": "300",
            "health_check": [
              {
                "enabled": true,
                "healthy_threshold": 2,
                "interval": 30,
                "matcher": "200",
                "path": "/health",
                "port": "traffic-port",
                "protocol": "HTTP",
                "timeout": 5,
                "unhealthy_threshold": 3
              }
            ],
            "id": "arn:aws:elasticloadbalancing:ap-northeast-2:064137889010:targetgroup/finpay-dev-payment-tg/bc14da82aff51f56",
            "ip_address_type": "ipv4",
            "lambda_multi_value_headers_enabled": false,
            "load_balancer_arns": [],
            "load_balancing_algorithm_type": "round_robin",
            "load_balancing_anomaly_mitigation": "off",
            "load_balancing_cross_zone_enabled": "use_load_balancer_configuration",
            "name": "finpay-dev-payment-tg",
            "name_prefix": "",
            "port": 8080,
            "preserve_client_ip": null,
            "protocol": "HTTP",
            "protocol_version": "HTTP1",
            "proxy_protocol_v2": false,
            "slow_start": 0,
            "stickiness": [
              {
                "cookie_duration": 86400,
                "cookie_name": "",
                "enabled": false,
                "type": "lb_cookie"
              }
            ],
            "tags": null,
            "tags_all": {
              "Architecture": "gpt-drawio-full-fintech-security",
              "Environment": "dev",
              "ManagedBy": "terraform",
              "Project": "finpay"
            },
            "target_failover": [
              {
                "on_deregistration": null,
                "on_unhealthy": null
              }
            ],
            "target_group_health": [
              {
                "dns_failover": [
                  {
                    "minimum_healthy_targets_count": "1",
                    "minimum_healthy_targets_percentage": "off"
                  }
                ],
                "unhealthy_state_routing": [
                  {
                    "minimum_healthy_targets_count": 1,
                    "minimum_healthy_targets_percentage": "off"
                  }
                ]
              }
            ],
            "target_health_state": [
              {
                "enable_unhealthy_connection_termination": null,
                "unhealthy_draining_interval": null
              }
            ],
            "target_type": "instance",
            "vpc_id": "vpc-005507d9b47d3d9be"
          },
          "sensitive_attributes": [],
          "identity_schema_version": 0,
          "private": "bnVsbA==",
          "dependencies": [
            "aws_vpc.main"
          ]
        }
      ]
    },
    {
      "mode": "managed",
      "type": "aws_nat_gateway",
      "name": "main",
      "provider": "provider[\"registry.terraform.io/hashicorp/aws\"]",
      "instances": [
        {
          "index_key": "a",
          "schema_version": 0,
          "attributes": {
            "allocation_id": "eipalloc-00d188350b2d2497f",
            "association_id": "eipassoc-0a76efdd88477b15b",
            "connectivity_type": "public",
            "id": "nat-0f68d3b733c2dc88d",
            "network_interface_id": "eni-0edad797742c8d8e0",
            "private_ip": "10.0.0.51",
            "public_ip": "43.202.8.99",
            "secondary_allocation_ids": null,
            "secondary_private_ip_address_count": 0,
            "secondary_private_ip_addresses": [],
            "subnet_id": "subnet-0058acfa3c90d2348",
            "tags": {
              "Name": "finpay-dev-nat-a"
            },
            "tags_all": {
              "Architecture": "gpt-drawio-full-fintech-security",
              "Environment": "dev",
              "ManagedBy": "terraform",
              "Name": "finpay-dev-nat-a",
              "Project": "finpay"
            },
            "timeouts": null
          },
          "sensitive_attributes": [],
          "identity_schema_version": 0,
          "private": "eyJlMmJmYjczMC1lY2FhLTExZTYtOGY4OC0zNDM2M2JjN2M0YzAiOnsiY3JlYXRlIjo2MDAwMDAwMDAwMDAsImRlbGV0ZSI6MTgwMDAwMDAwMDAwMCwidXBkYXRlIjo2MDAwMDAwMDAwMDB9fQ==",
          "dependencies": [
            "aws_eip.nat",
            "aws_internet_gateway.main",
            "aws_subnet.public",
            "aws_vpc.main"
          ]
        },
        {
          "index_key": "c",
          "schema_version": 0,
          "attributes": {
            "allocation_id": "eipalloc-0944d9e033469680a",
            "association_id": "eipassoc-08af713be95986bcb",
            "connectivity_type": "public",
            "id": "nat-0e8a906925b2d48eb",
            "network_interface_id": "eni-0b048217563bda7f1",
            "private_ip": "10.0.1.103",
            "public_ip": "15.164.186.143",
            "secondary_allocation_ids": null,
            "secondary_private_ip_address_count": 0,
            "secondary_private_ip_addresses": [],
            "subnet_id": "subnet-027602669263cbbd7",
            "tags": {
              "Name": "finpay-dev-nat-c"
            },
            "tags_all": {
              "Architecture": "gpt-drawio-full-fintech-security",
              "Environment": "dev",
              "ManagedBy": "terraform",
              "Name": "finpay-dev-nat-c",
              "Project": "finpay"
            },
            "timeouts": null
          },
          "sensitive_attributes": [],
          "identity_schema_version": 0,
          "private": "eyJlMmJmYjczMC1lY2FhLTExZTYtOGY4OC0zNDM2M2JjN2M0YzAiOnsiY3JlYXRlIjo2MDAwMDAwMDAwMDAsImRlbGV0ZSI6MTgwMDAwMDAwMDAwMCwidXBkYXRlIjo2MDAwMDAwMDAwMDB9fQ==",
          "dependencies": [
            "aws_eip.nat",
            "aws_internet_gateway.main",
            "aws_subnet.public",
            "aws_vpc.main"
          ]
        }
      ]
    },
    {
      "mode": "managed",
      "type": "aws_route_table",
      "name": "app",
      "provider": "provider[\"registry.terraform.io/hashicorp/aws\"]",
      "instances": [
        {
          "index_key": "a",
          "schema_version": 0,
          "attributes": {
            "arn": "arn:aws:ec2:ap-northeast-2:064137889010:route-table/rtb-0efb5591e01fe13bd",
            "id": "rtb-0efb5591e01fe13bd",
            "owner_id": "064137889010",
            "propagating_vgws": [],
            "route": [
              {
                "carrier_gateway_id": "",
                "cidr_block": "0.0.0.0/0",
                "core_network_arn": "",
                "destination_prefix_list_id": "",
                "egress_only_gateway_id": "",
                "gateway_id": "",
                "ipv6_cidr_block": "",
                "local_gateway_id": "",
                "nat_gateway_id": "nat-0f68d3b733c2dc88d",
                "network_interface_id": "",
                "transit_gateway_id": "",
                "vpc_endpoint_id": "",
                "vpc_peering_connection_id": ""
              }
            ],
            "tags": {
              "Name": "finpay-dev-app-a-rt"
            },
            "tags_all": {
              "Architecture": "gpt-drawio-full-fintech-security",
              "Environment": "dev",
              "ManagedBy": "terraform",
              "Name": "finpay-dev-app-a-rt",
              "Project": "finpay"
            },
            "timeouts": null,
            "vpc_id": "vpc-005507d9b47d3d9be"
          },
          "sensitive_attributes": [],
          "identity_schema_version": 0,
          "private": "eyJlMmJmYjczMC1lY2FhLTExZTYtOGY4OC0zNDM2M2JjN2M0YzAiOnsiY3JlYXRlIjozMDAwMDAwMDAwMDAsImRlbGV0ZSI6MzAwMDAwMDAwMDAwLCJ1cGRhdGUiOjEyMDAwMDAwMDAwMH19",
          "dependencies": [
            "aws_eip.nat",
            "aws_internet_gateway.main",
            "aws_nat_gateway.main",
            "aws_subnet.public",
            "aws_vpc.main"
          ]
        },
        {
          "index_key": "c",
          "schema_version": 0,
          "attributes": {
            "arn": "arn:aws:ec2:ap-northeast-2:064137889010:route-table/rtb-021ec089cc248601a",
            "id": "rtb-021ec089cc248601a",
            "owner_id": "064137889010",
            "propagating_vgws": [],
            "route": [
              {
                "carrier_gateway_id": "",
                "cidr_block": "0.0.0.0/0",
                "core_network_arn": "",
                "destination_prefix_list_id": "",
                "egress_only_gateway_id": "",
                "gateway_id": "",
                "ipv6_cidr_block": "",
                "local_gateway_id": "",
                "nat_gateway_id": "nat-0e8a906925b2d48eb",
                "network_interface_id": "",
                "transit_gateway_id": "",
                "vpc_endpoint_id": "",
                "vpc_peering_connection_id": ""
              }
            ],
            "tags": {
              "Name": "finpay-dev-app-c-rt"
            },
            "tags_all": {
              "Architecture": "gpt-drawio-full-fintech-security",
              "Environment": "dev",
              "ManagedBy": "terraform",
              "Name": "finpay-dev-app-c-rt",
              "Project": "finpay"
            },
            "timeouts": null,
            "vpc_id": "vpc-005507d9b47d3d9be"
          },
          "sensitive_attributes": [],
          "identity_schema_version": 0,
          "private": "eyJlMmJmYjczMC1lY2FhLTExZTYtOGY4OC0zNDM2M2JjN2M0YzAiOnsiY3JlYXRlIjozMDAwMDAwMDAwMDAsImRlbGV0ZSI6MzAwMDAwMDAwMDAwLCJ1cGRhdGUiOjEyMDAwMDAwMDAwMH19",
          "dependencies": [
            "aws_eip.nat",
            "aws_internet_gateway.main",
            "aws_nat_gateway.main",
            "aws_subnet.public",
            "aws_vpc.main"
          ]
        }
      ]
    },
    {
      "mode": "managed",
      "type": "aws_route_table",
      "name": "db",
      "provider": "provider[\"registry.terraform.io/hashicorp/aws\"]",
      "instances": [
        {
          "schema_version": 0,
          "attributes": {
            "arn": "arn:aws:ec2:ap-northeast-2:064137889010:route-table/rtb-0f225dda095a7461a",
            "id": "rtb-0f225dda095a7461a",
            "owner_id": "064137889010",
            "propagating_vgws": [],
            "route": [],
            "tags": {
              "Name": "finpay-dev-db-local-only-rt"
            },
            "tags_all": {
              "Architecture": "gpt-drawio-full-fintech-security",
              "Environment": "dev",
              "ManagedBy": "terraform",
              "Name": "finpay-dev-db-local-only-rt",
              "Project": "finpay"
            },
            "timeouts": null,
            "vpc_id": "vpc-005507d9b47d3d9be"
          },
          "sensitive_attributes": [],
          "identity_schema_version": 0,
          "private": "eyJlMmJmYjczMC1lY2FhLTExZTYtOGY4OC0zNDM2M2JjN2M0YzAiOnsiY3JlYXRlIjozMDAwMDAwMDAwMDAsImRlbGV0ZSI6MzAwMDAwMDAwMDAwLCJ1cGRhdGUiOjEyMDAwMDAwMDAwMH19",
          "dependencies": [
            "aws_vpc.main"
          ]
        }
      ]
    },
    {
      "mode": "managed",
      "type": "aws_route_table",
      "name": "public",
      "provider": "provider[\"registry.terraform.io/hashicorp/aws\"]",
      "instances": [
        {
          "schema_version": 0,
          "attributes": {
            "arn": "arn:aws:ec2:ap-northeast-2:064137889010:route-table/rtb-01b74b7d916c01c3a",
            "id": "rtb-01b74b7d916c01c3a",
            "owner_id": "064137889010",
            "propagating_vgws": [],
            "route": [
              {
                "carrier_gateway_id": "",
                "cidr_block": "0.0.0.0/0",
                "core_network_arn": "",
                "destination_prefix_list_id": "",
                "egress_only_gateway_id": "",
                "gateway_id": "igw-0736ed0ec6a0afc5d",
                "ipv6_cidr_block": "",
                "local_gateway_id": "",
                "nat_gateway_id": "",
                "network_interface_id": "",
                "transit_gateway_id": "",
                "vpc_endpoint_id": "",
                "vpc_peering_connection_id": ""
              }
            ],
            "tags": {
              "Name": "finpay-dev-public-rt"
            },
            "tags_all": {
              "Architecture": "gpt-drawio-full-fintech-security",
              "Environment": "dev",
              "ManagedBy": "terraform",
              "Name": "finpay-dev-public-rt",
              "Project": "finpay"
            },
            "timeouts": null,
            "vpc_id": "vpc-005507d9b47d3d9be"
          },
          "sensitive_attributes": [],
          "identity_schema_version": 0,
          "private": "eyJlMmJmYjczMC1lY2FhLTExZTYtOGY4OC0zNDM2M2JjN2M0YzAiOnsiY3JlYXRlIjozMDAwMDAwMDAwMDAsImRlbGV0ZSI6MzAwMDAwMDAwMDAwLCJ1cGRhdGUiOjEyMDAwMDAwMDAwMH19",
          "dependencies": [
            "aws_internet_gateway.main",
            "aws_vpc.main"
          ]
        }
      ]
    },
    {
      "mode": "managed",
      "type": "aws_route_table_association",
      "name": "app",
      "provider": "provider[\"registry.terraform.io/hashicorp/aws\"]",
      "instances": [
        {
          "index_key": "a",
          "schema_version": 0,
          "attributes": {
            "gateway_id": "",
            "id": "rtbassoc-0157242a5a9b62c20",
            "route_table_id": "rtb-0efb5591e01fe13bd",
            "subnet_id": "subnet-074c8f066a23860ce",
            "timeouts": null
          },
          "sensitive_attributes": [],
          "identity_schema_version": 0,
          "private": "eyJlMmJmYjczMC1lY2FhLTExZTYtOGY4OC0zNDM2M2JjN2M0YzAiOnsiY3JlYXRlIjozMDAwMDAwMDAwMDAsImRlbGV0ZSI6MzAwMDAwMDAwMDAwLCJ1cGRhdGUiOjEyMDAwMDAwMDAwMH19",
          "dependencies": [
            "aws_eip.nat",
            "aws_internet_gateway.main",
            "aws_nat_gateway.main",
            "aws_route_table.app",
            "aws_subnet.app",
            "aws_subnet.public",
            "aws_vpc.main"
          ]
        },
        {
          "index_key": "c",
          "schema_version": 0,
          "attributes": {
            "gateway_id": "",
            "id": "rtbassoc-025d59c6dbba3a9c8",
            "route_table_id": "rtb-021ec089cc248601a",
            "subnet_id": "subnet-0746a73b21b1c1b20",
            "timeouts": null
          },
          "sensitive_attributes": [],
          "identity_schema_version": 0,
          "private": "eyJlMmJmYjczMC1lY2FhLTExZTYtOGY4OC0zNDM2M2JjN2M0YzAiOnsiY3JlYXRlIjozMDAwMDAwMDAwMDAsImRlbGV0ZSI6MzAwMDAwMDAwMDAwLCJ1cGRhdGUiOjEyMDAwMDAwMDAwMH19",
          "dependencies": [
            "aws_eip.nat",
            "aws_internet_gateway.main",
            "aws_nat_gateway.main",
            "aws_route_table.app",
            "aws_subnet.app",
            "aws_subnet.public",
            "aws_vpc.main"
          ]
        }
      ]
    },
    {
      "mode": "managed",
      "type": "aws_route_table_association",
      "name": "db",
      "provider": "provider[\"registry.terraform.io/hashicorp/aws\"]",
      "instances": [
        {
          "index_key": "a",
          "schema_version": 0,
          "attributes": {
            "gateway_id": "",
            "id": "rtbassoc-0b8bdf9f22dc8eb68",
            "route_table_id": "rtb-0f225dda095a7461a",
            "subnet_id": "subnet-0001209265d308f78",
            "timeouts": null
          },
          "sensitive_attributes": [],
          "identity_schema_version": 0,
          "private": "eyJlMmJmYjczMC1lY2FhLTExZTYtOGY4OC0zNDM2M2JjN2M0YzAiOnsiY3JlYXRlIjozMDAwMDAwMDAwMDAsImRlbGV0ZSI6MzAwMDAwMDAwMDAwLCJ1cGRhdGUiOjEyMDAwMDAwMDAwMH19",
          "dependencies": [
            "aws_route_table.db",
            "aws_subnet.db",
            "aws_vpc.main"
          ]
        },
        {
          "index_key": "c",
          "schema_version": 0,
          "attributes": {
            "gateway_id": "",
            "id": "rtbassoc-0499711acefd8f0ff",
            "route_table_id": "rtb-0f225dda095a7461a",
            "subnet_id": "subnet-085de2c4fbe2787d4",
            "timeouts": null
          },
          "sensitive_attributes": [],
          "identity_schema_version": 0,
          "private": "eyJlMmJmYjczMC1lY2FhLTExZTYtOGY4OC0zNDM2M2JjN2M0YzAiOnsiY3JlYXRlIjozMDAwMDAwMDAwMDAsImRlbGV0ZSI6MzAwMDAwMDAwMDAwLCJ1cGRhdGUiOjEyMDAwMDAwMDAwMH19",
          "dependencies": [
            "aws_route_table.db",
            "aws_subnet.db",
            "aws_vpc.main"
          ]
        }
      ]
    },
    {
      "mode": "managed",
      "type": "aws_route_table_association",
      "name": "public",
      "provider": "provider[\"registry.terraform.io/hashicorp/aws\"]",
      "instances": [
        {
          "index_key": "a",
          "schema_version": 0,
          "attributes": {
            "gateway_id": "",
            "id": "rtbassoc-0a2d642dc409abda0",
            "route_table_id": "rtb-01b74b7d916c01c3a",
            "subnet_id": "subnet-0058acfa3c90d2348",
            "timeouts": null
          },
          "sensitive_attributes": [],
          "identity_schema_version": 0,
          "private": "eyJlMmJmYjczMC1lY2FhLTExZTYtOGY4OC0zNDM2M2JjN2M0YzAiOnsiY3JlYXRlIjozMDAwMDAwMDAwMDAsImRlbGV0ZSI6MzAwMDAwMDAwMDAwLCJ1cGRhdGUiOjEyMDAwMDAwMDAwMH19",
          "dependencies": [
            "aws_internet_gateway.main",
            "aws_route_table.public",
            "aws_subnet.public",
            "aws_vpc.main"
          ]
        },
        {
          "index_key": "c",
          "schema_version": 0,
          "attributes": {
            "gateway_id": "",
            "id": "rtbassoc-0149a0a4ea3e85b27",
            "route_table_id": "rtb-01b74b7d916c01c3a",
            "subnet_id": "subnet-027602669263cbbd7",
            "timeouts": null
          },
          "sensitive_attributes": [],
          "identity_schema_version": 0,
          "private": "eyJlMmJmYjczMC1lY2FhLTExZTYtOGY4OC0zNDM2M2JjN2M0YzAiOnsiY3JlYXRlIjozMDAwMDAwMDAwMDAsImRlbGV0ZSI6MzAwMDAwMDAwMDAwLCJ1cGRhdGUiOjEyMDAwMDAwMDAwMH19",
          "dependencies": [
            "aws_internet_gateway.main",
            "aws_route_table.public",
            "aws_subnet.public",
            "aws_vpc.main"
          ]
        }
      ]
    },
    {
      "mode": "managed",
      "type": "aws_s3_bucket",
      "name": "central_logs",
      "provider": "provider[\"registry.terraform.io/hashicorp/aws\"]",
      "instances": [
        {
          "schema_version": 0,
          "attributes": {
            "acceleration_status": "",
            "acl": null,
            "arn": "arn:aws:s3:::finpay-dev-central-logs-064137889010",
            "bucket": "finpay-dev-central-logs-064137889010",
            "bucket_domain_name": "finpay-dev-central-logs-064137889010.s3.amazonaws.com",
            "bucket_prefix": "",
            "bucket_regional_domain_name": "finpay-dev-central-logs-064137889010.s3.ap-northeast-2.amazonaws.com",
            "cors_rule": [],
            "force_destroy": true,
            "grant": [
              {
                "id": "927dc0c7cc2542c06acacccf33917e9b850a6bb6d093704b053b1aad2a437f3a",
                "permissions": [
                  "FULL_CONTROL"
                ],
                "type": "CanonicalUser",
                "uri": ""
              }
            ],
            "hosted_zone_id": "Z3W03O7B5YMIYP",
            "id": "finpay-dev-central-logs-064137889010",
            "lifecycle_rule": [],
            "logging": [],
            "object_lock_configuration": [
              {
                "object_lock_enabled": "Enabled",
                "rule": []
              }
            ],
            "object_lock_enabled": true,
            "policy": "",
            "region": "ap-northeast-2",
            "replication_configuration": [],
            "request_payer": "BucketOwner",
            "server_side_encryption_configuration": [
              {
                "rule": [
                  {
                    "apply_server_side_encryption_by_default": [
                      {
                        "kms_master_key_id": "",
                        "sse_algorithm": "AES256"
                      }
                    ],
                    "bucket_key_enabled": false
                  }
                ]
              }
            ],
            "tags": null,
            "tags_all": {
              "Architecture": "gpt-drawio-full-fintech-security",
              "Environment": "dev",
              "ManagedBy": "terraform",
              "Project": "finpay"
            },
            "timeouts": null,
            "versioning": [
              {
                "enabled": true,
                "mfa_delete": false
              }
            ],
            "website": [],
            "website_domain": null,
            "website_endpoint": null
          },
          "sensitive_attributes": [],
          "identity_schema_version": 0,
          "private": "eyJlMmJmYjczMC1lY2FhLTExZTYtOGY4OC0zNDM2M2JjN2M0YzAiOnsiY3JlYXRlIjoxMjAwMDAwMDAwMDAwLCJkZWxldGUiOjM2MDAwMDAwMDAwMDAsInJlYWQiOjEyMDAwMDAwMDAwMDAsInVwZGF0ZSI6MTIwMDAwMDAwMDAwMH19",
          "dependencies": [
            "data.aws_caller_identity.current"
          ]
        }
      ]
    },
    {
      "mode": "managed",
      "type": "aws_s3_bucket_object_lock_configuration",
      "name": "central_logs",
      "provider": "provider[\"registry.terraform.io/hashicorp/aws\"]",
      "instances": [
        {
          "schema_version": 0,
          "attributes": {
            "bucket": "finpay-dev-central-logs-064137889010",
            "expected_bucket_owner": "",
            "id": "finpay-dev-central-logs-064137889010",
            "object_lock_enabled": "Enabled",
            "rule": [
              {
                "default_retention": [
                  {
                    "days": 365,
                    "mode": "COMPLIANCE",
                    "years": 0
                  }
                ]
              }
            ],
            "token": null
          },
          "sensitive_attributes": [
            [
              {
                "type": "get_attr",
                "value": "token"
              }
            ]
          ],
          "identity_schema_version": 0,
          "private": "bnVsbA==",
          "dependencies": [
            "aws_s3_bucket.central_logs",
            "data.aws_caller_identity.current"
          ]
        }
      ]
    },
    {
      "mode": "managed",
      "type": "aws_s3_bucket_policy",
      "name": "central_logs",
      "provider": "provider[\"registry.terraform.io/hashicorp/aws\"]",
      "instances": [
        {
          "schema_version": 0,
          "attributes": {
            "bucket": "finpay-dev-central-logs-064137889010",
            "id": "finpay-dev-central-logs-064137889010",
            "policy": "{\"Statement\":[{\"Action\":\"s3:GetBucketAcl\",\"Effect\":\"Allow\",\"Principal\":{\"Service\":\"cloudtrail.amazonaws.com\"},\"Resource\":\"arn:aws:s3:::finpay-dev-central-logs-064137889010\",\"Sid\":\"CloudTrailAclCheck\"},{\"Action\":\"s3:PutObject\",\"Condition\":{\"StringEquals\":{\"s3:x-amz-acl\":\"bucket-owner-full-control\"}},\"Effect\":\"Allow\",\"Principal\":{\"Service\":\"cloudtrail.amazonaws.com\"},\"Resource\":\"arn:aws:s3:::finpay-dev-central-logs-064137889010/AWSLogs/064137889010/*\",\"Sid\":\"CloudTrailWrite\"},{\"Action\":\"s3:GetBucketAcl\",\"Effect\":\"Allow\",\"Principal\":{\"Service\":\"config.amazonaws.com\"},\"Resource\":\"arn:aws:s3:::finpay-dev-central-logs-064137889010\",\"Sid\":\"ConfigAclCheck\"},{\"Action\":\"s3:PutObject\",\"Condition\":{\"StringEquals\":{\"s3:x-amz-acl\":\"bucket-owner-full-control\"}},\"Effect\":\"Allow\",\"Principal\":{\"Service\":\"config.amazonaws.com\"},\"Resource\":\"arn:aws:s3:::finpay-dev-central-logs-064137889010/Config/AWSLogs/064137889010/Config/*\",\"Sid\":\"ConfigWrite\"},{\"Action\":\"s3:GetBucketAcl\",\"Effect\":\"Allow\",\"Principal\":{\"Service\":\"logdelivery.elasticloadbalancing.amazonaws.com\"},\"Resource\":\"arn:aws:s3:::finpay-dev-central-logs-064137889010\",\"Sid\":\"AlbLogDeliveryAclCheck\"},{\"Action\":\"s3:PutObject\",\"Effect\":\"Allow\",\"Principal\":{\"Service\":\"logdelivery.elasticloadbalancing.amazonaws.com\"},\"Resource\":\"arn:aws:s3:::finpay-dev-central-logs-064137889010/alb/AWSLogs/064137889010/*\",\"Sid\":\"AlbLogDeliveryWrite\"}],\"Version\":\"2012-10-17\"}"
          },
          "sensitive_attributes": [],
          "identity_schema_version": 0,
          "private": "bnVsbA==",
          "dependencies": [
            "aws_s3_bucket.central_logs",
            "data.aws_caller_identity.current"
          ]
        }
      ]
    },
    {
      "mode": "managed",
      "type": "aws_s3_bucket_public_access_block",
      "name": "central_logs",
      "provider": "provider[\"registry.terraform.io/hashicorp/aws\"]",
      "instances": [
        {
          "schema_version": 0,
          "attributes": {
            "block_public_acls": true,
            "block_public_policy": true,
            "bucket": "finpay-dev-central-logs-064137889010",
            "id": "finpay-dev-central-logs-064137889010",
            "ignore_public_acls": true,
            "restrict_public_buckets": true
          },
          "sensitive_attributes": [],
          "identity_schema_version": 0,
          "private": "bnVsbA==",
          "dependencies": [
            "aws_s3_bucket.central_logs",
            "data.aws_caller_identity.current"
          ]
        }
      ]
    },
    {
      "mode": "managed",
      "type": "aws_s3_bucket_server_side_encryption_configuration",
      "name": "central_logs",
      "provider": "provider[\"registry.terraform.io/hashicorp/aws\"]",
      "instances": [
        {
          "schema_version": 0,
          "attributes": {
            "bucket": "finpay-dev-central-logs-064137889010",
            "expected_bucket_owner": "",
            "id": "finpay-dev-central-logs-064137889010",
            "rule": [
              {
                "apply_server_side_encryption_by_default": [
                  {
                    "kms_master_key_id": "arn:aws:kms:ap-northeast-2:064137889010:key/a66a1845-fdad-46a1-9cdc-2431cd28fbbe",
                    "sse_algorithm": "aws:kms"
                  }
                ],
                "bucket_key_enabled": null
              }
            ]
          },
          "sensitive_attributes": [],
          "identity_schema_version": 0,
          "private": "bnVsbA==",
          "dependencies": [
            "aws_kms_key.logs",
            "aws_s3_bucket.central_logs",
            "data.aws_caller_identity.current",
            "data.aws_iam_policy_document.kms_logs",
            "data.aws_region.current"
          ]
        }
      ]
    },
    {
      "mode": "managed",
      "type": "aws_s3_bucket_versioning",
      "name": "central_logs",
      "provider": "provider[\"registry.terraform.io/hashicorp/aws\"]",
      "instances": [
        {
          "schema_version": 0,
          "attributes": {
            "bucket": "finpay-dev-central-logs-064137889010",
            "expected_bucket_owner": "",
            "id": "finpay-dev-central-logs-064137889010",
            "mfa": null,
            "versioning_configuration": [
              {
                "mfa_delete": "Disabled",
                "status": "Enabled"
              }
            ]
          },
          "sensitive_attributes": [],
          "identity_schema_version": 0,
          "private": "bnVsbA==",
          "dependencies": [
            "aws_s3_bucket.central_logs",
            "data.aws_caller_identity.current"
          ]
        }
      ]
    },
    {
      "mode": "managed",
      "type": "aws_security_group",
      "name": "alb",
      "provider": "provider[\"registry.terraform.io/hashicorp/aws\"]",
      "instances": [
        {
          "schema_version": 1,
          "attributes": {
            "arn": "arn:aws:ec2:ap-northeast-2:064137889010:security-group/sg-01d08f6ed8602f1bc",
            "description": "Public ALB ingress",
            "egress": [
              {
                "cidr_blocks": [
                  "10.0.0.0/16"
                ],
                "description": "",
                "from_port": 8080,
                "ipv6_cidr_blocks": [],
                "prefix_list_ids": [],
                "protocol": "tcp",
                "security_groups": [],
                "self": false,
                "to_port": 8080
              }
            ],
            "id": "sg-01d08f6ed8602f1bc",
            "ingress": [
              {
                "cidr_blocks": [
                  "0.0.0.0/0"
                ],
                "description": "HTTP from allowed CIDRs",
                "from_port": 80,
                "ipv6_cidr_blocks": [],
                "prefix_list_ids": [],
                "protocol": "tcp",
                "security_groups": [],
                "self": false,
                "to_port": 80
              },
              {
                "cidr_blocks": [
                  "0.0.0.0/0"
                ],
                "description": "HTTPS from allowed CIDRs",
                "from_port": 443,
                "ipv6_cidr_blocks": [],
                "prefix_list_ids": [],
                "protocol": "tcp",
                "security_groups": [],
                "self": false,
                "to_port": 443
              }
            ],
            "name": "finpay-dev-alb-sg",
            "name_prefix": "",
            "owner_id": "064137889010",
            "revoke_rules_on_delete": false,
            "tags": {
              "Name": "finpay-dev-alb-sg"
            },
            "tags_all": {
              "Architecture": "gpt-drawio-full-fintech-security",
              "Environment": "dev",
              "ManagedBy": "terraform",
              "Name": "finpay-dev-alb-sg",
              "Project": "finpay"
            },
            "timeouts": null,
            "vpc_id": "vpc-005507d9b47d3d9be"
          },
          "sensitive_attributes": [],
          "identity_schema_version": 0,
          "private": "eyJlMmJmYjczMC1lY2FhLTExZTYtOGY4OC0zNDM2M2JjN2M0YzAiOnsiY3JlYXRlIjo2MDAwMDAwMDAwMDAsImRlbGV0ZSI6OTAwMDAwMDAwMDAwfSwic2NoZW1hX3ZlcnNpb24iOiIxIn0=",
          "dependencies": [
            "aws_vpc.main"
          ]
        }
      ]
    },
    {
      "mode": "managed",
      "type": "aws_security_group",
      "name": "app",
      "provider": "provider[\"registry.terraform.io/hashicorp/aws\"]",
      "instances": [
        {
          "schema_version": 1,
          "attributes": {
            "arn": "arn:aws:ec2:ap-northeast-2:064137889010:security-group/sg-05ff120c7e0a83490",
            "description": "Private app tier access from ALB only",
            "egress": [
              {
                "cidr_blocks": [
                  "0.0.0.0/0"
                ],
                "description": "HTTPS egress through NAT or VPC endpoints",
                "from_port": 443,
                "ipv6_cidr_blocks": [],
                "prefix_list_ids": [],
                "protocol": "tcp",
                "security_groups": [],
                "self": false,
                "to_port": 443
              },
              {
                "cidr_blocks": [
                  "10.0.0.0/16"
                ],
                "description": "PostgreSQL to DB",
                "from_port": 5432,
                "ipv6_cidr_blocks": [],
                "prefix_list_ids": [],
                "protocol": "tcp",
                "security_groups": [],
                "self": false,
                "to_port": 5432
              }
            ],
            "id": "sg-05ff120c7e0a83490",
            "ingress": [
              {
                "cidr_blocks": [],
                "description": "App port from ALB",
                "from_port": 8080,
                "ipv6_cidr_blocks": [],
                "prefix_list_ids": [],
                "protocol": "tcp",
                "security_groups": [
                  "sg-01d08f6ed8602f1bc"
                ],
                "self": false,
                "to_port": 8080
              }
            ],
            "name": "finpay-dev-app-sg",
            "name_prefix": "",
            "owner_id": "064137889010",
            "revoke_rules_on_delete": false,
            "tags": {
              "Name": "finpay-dev-app-sg"
            },
            "tags_all": {
              "Architecture": "gpt-drawio-full-fintech-security",
              "Environment": "dev",
              "ManagedBy": "terraform",
              "Name": "finpay-dev-app-sg",
              "Project": "finpay"
            },
            "timeouts": null,
            "vpc_id": "vpc-005507d9b47d3d9be"
          },
          "sensitive_attributes": [],
          "identity_schema_version": 0,
          "private": "eyJlMmJmYjczMC1lY2FhLTExZTYtOGY4OC0zNDM2M2JjN2M0YzAiOnsiY3JlYXRlIjo2MDAwMDAwMDAwMDAsImRlbGV0ZSI6OTAwMDAwMDAwMDAwfSwic2NoZW1hX3ZlcnNpb24iOiIxIn0=",
          "dependencies": [
            "aws_security_group.alb",
            "aws_vpc.main"
          ]
        }
      ]
    },
    {
      "mode": "managed",
      "type": "aws_security_group",
      "name": "db",
      "provider": "provider[\"registry.terraform.io/hashicorp/aws\"]",
      "instances": [
        {
          "schema_version": 1,
          "attributes": {
            "arn": "arn:aws:ec2:ap-northeast-2:064137889010:security-group/sg-0a1e8909fab352c4d",
            "description": "Isolated RDS PostgreSQL access from app tier only",
            "egress": [],
            "id": "sg-0a1e8909fab352c4d",
            "ingress": [
              {
                "cidr_blocks": [],
                "description": "PostgreSQL from app tier",
                "from_port": 5432,
                "ipv6_cidr_blocks": [],
                "prefix_list_ids": [],
                "protocol": "tcp",
                "security_groups": [
                  "sg-05ff120c7e0a83490"
                ],
                "self": false,
                "to_port": 5432
              }
            ],
            "name": "finpay-dev-db-sg",
            "name_prefix": "",
            "owner_id": "064137889010",
            "revoke_rules_on_delete": false,
            "tags": {
              "Name": "finpay-dev-db-sg"
            },
            "tags_all": {
              "Architecture": "gpt-drawio-full-fintech-security",
              "Environment": "dev",
              "ManagedBy": "terraform",
              "Name": "finpay-dev-db-sg",
              "Project": "finpay"
            },
            "timeouts": null,
            "vpc_id": "vpc-005507d9b47d3d9be"
          },
          "sensitive_attributes": [],
          "identity_schema_version": 0,
          "private": "eyJlMmJmYjczMC1lY2FhLTExZTYtOGY4OC0zNDM2M2JjN2M0YzAiOnsiY3JlYXRlIjo2MDAwMDAwMDAwMDAsImRlbGV0ZSI6OTAwMDAwMDAwMDAwfSwic2NoZW1hX3ZlcnNpb24iOiIxIn0=",
          "dependencies": [
            "aws_security_group.alb",
            "aws_security_group.app",
            "aws_vpc.main"
          ]
        }
      ]
    },
    {
      "mode": "managed",
      "type": "aws_security_group",
      "name": "vpc_endpoints",
      "provider": "provider[\"registry.terraform.io/hashicorp/aws\"]",
      "instances": [
        {
          "schema_version": 1,
          "attributes": {
            "arn": "arn:aws:ec2:ap-northeast-2:064137889010:security-group/sg-0d2d723b68d995234",
            "description": "Interface endpoint access from private app tier",
            "egress": [
              {
                "cidr_blocks": [
                  "10.0.0.0/16"
                ],
                "description": "",
                "from_port": 0,
                "ipv6_cidr_blocks": [],
                "prefix_list_ids": [],
                "protocol": "-1",
                "security_groups": [],
                "self": false,
                "to_port": 0
              }
            ],
            "id": "sg-0d2d723b68d995234",
            "ingress": [
              {
                "cidr_blocks": [],
                "description": "",
                "from_port": 443,
                "ipv6_cidr_blocks": [],
                "prefix_list_ids": [],
                "protocol": "tcp",
                "security_groups": [
                  "sg-05ff120c7e0a83490"
                ],
                "self": false,
                "to_port": 443
              }
            ],
            "name": "finpay-dev-vpce-sg",
            "name_prefix": "",
            "owner_id": "064137889010",
            "revoke_rules_on_delete": false,
            "tags": null,
            "tags_all": {
              "Architecture": "gpt-drawio-full-fintech-security",
              "Environment": "dev",
              "ManagedBy": "terraform",
              "Project": "finpay"
            },
            "timeouts": null,
            "vpc_id": "vpc-005507d9b47d3d9be"
          },
          "sensitive_attributes": [],
          "identity_schema_version": 0,
          "private": "eyJlMmJmYjczMC1lY2FhLTExZTYtOGY4OC0zNDM2M2JjN2M0YzAiOnsiY3JlYXRlIjo2MDAwMDAwMDAwMDAsImRlbGV0ZSI6OTAwMDAwMDAwMDAwfSwic2NoZW1hX3ZlcnNpb24iOiIxIn0=",
          "dependencies": [
            "aws_security_group.alb",
            "aws_security_group.app",
            "aws_vpc.main"
          ]
        }
      ]
    },
    {
      "mode": "managed",
      "type": "aws_sns_topic",
      "name": "alerts",
      "provider": "provider[\"registry.terraform.io/hashicorp/aws\"]",
      "instances": [
        {
          "schema_version": 0,
          "attributes": {
            "application_failure_feedback_role_arn": "",
            "application_success_feedback_role_arn": "",
            "application_success_feedback_sample_rate": 0,
            "archive_policy": "",
            "arn": "arn:aws:sns:ap-northeast-2:064137889010:finpay-dev-alerts",
            "beginning_archive_time": "",
            "content_based_deduplication": false,
            "delivery_policy": "",
            "display_name": "",
            "fifo_throughput_scope": "",
            "fifo_topic": false,
            "firehose_failure_feedback_role_arn": "",
            "firehose_success_feedback_role_arn": "",
            "firehose_success_feedback_sample_rate": 0,
            "http_failure_feedback_role_arn": "",
            "http_success_feedback_role_arn": "",
            "http_success_feedback_sample_rate": 0,
            "id": "arn:aws:sns:ap-northeast-2:064137889010:finpay-dev-alerts",
            "kms_master_key_id": "arn:aws:kms:ap-northeast-2:064137889010:key/a66a1845-fdad-46a1-9cdc-2431cd28fbbe",
            "lambda_failure_feedback_role_arn": "",
            "lambda_success_feedback_role_arn": "",
            "lambda_success_feedback_sample_rate": 0,
            "name": "finpay-dev-alerts",
            "name_prefix": "",
            "owner": "064137889010",
            "policy": "{\"Id\":\"__default_policy_ID\",\"Statement\":[{\"Action\":[\"SNS:GetTopicAttributes\",\"SNS:SetTopicAttributes\",\"SNS:AddPermission\",\"SNS:RemovePermission\",\"SNS:DeleteTopic\",\"SNS:Subscribe\",\"SNS:ListSubscriptionsByTopic\",\"SNS:Publish\"],\"Condition\":{\"StringEquals\":{\"AWS:SourceOwner\":\"064137889010\"}},\"Effect\":\"Allow\",\"Principal\":{\"AWS\":\"*\"},\"Resource\":\"arn:aws:sns:ap-northeast-2:064137889010:finpay-dev-alerts\",\"Sid\":\"__default_statement_ID\"}],\"Version\":\"2008-10-17\"}",
            "signature_version": 0,
            "sqs_failure_feedback_role_arn": "",
            "sqs_success_feedback_role_arn": "",
            "sqs_success_feedback_sample_rate": 0,
            "tags": null,
            "tags_all": {
              "Architecture": "gpt-drawio-full-fintech-security",
              "Environment": "dev",
              "ManagedBy": "terraform",
              "Project": "finpay"
            },
            "tracing_config": ""
          },
          "sensitive_attributes": [],
          "identity_schema_version": 0,
          "private": "bnVsbA==",
          "dependencies": [
            "aws_kms_key.logs",
            "data.aws_caller_identity.current",
            "data.aws_iam_policy_document.kms_logs",
            "data.aws_region.current"
          ]
        }
      ]
    },
    {
      "mode": "managed",
      "type": "aws_subnet",
      "name": "app",
      "provider": "provider[\"registry.terraform.io/hashicorp/aws\"]",
      "instances": [
        {
          "index_key": "a",
          "schema_version": 1,
          "attributes": {
            "arn": "arn:aws:ec2:ap-northeast-2:064137889010:subnet/subnet-074c8f066a23860ce",
            "assign_ipv6_address_on_creation": false,
            "availability_zone": "ap-northeast-2a",
            "availability_zone_id": "apne2-az1",
            "cidr_block": "10.0.10.0/24",
            "customer_owned_ipv4_pool": "",
            "enable_dns64": false,
            "enable_lni_at_device_index": 0,
            "enable_resource_name_dns_a_record_on_launch": false,
            "enable_resource_name_dns_aaaa_record_on_launch": false,
            "id": "subnet-074c8f066a23860ce",
            "ipv6_cidr_block": "",
            "ipv6_cidr_block_association_id": "",
            "ipv6_native": false,
            "map_customer_owned_ip_on_launch": false,
            "map_public_ip_on_launch": false,
            "outpost_arn": "",
            "owner_id": "064137889010",
            "private_dns_hostname_type_on_launch": "ip-name",
            "tags": {
              "Name": "finpay-dev-app-a",
              "Tier": "private-app"
            },
            "tags_all": {
              "Architecture": "gpt-drawio-full-fintech-security",
              "Environment": "dev",
              "ManagedBy": "terraform",
              "Name": "finpay-dev-app-a",
              "Project": "finpay",
              "Tier": "private-app"
            },
            "timeouts": null,
            "vpc_id": "vpc-005507d9b47d3d9be"
          },
          "sensitive_attributes": [],
          "identity_schema_version": 0,
          "private": "eyJlMmJmYjczMC1lY2FhLTExZTYtOGY4OC0zNDM2M2JjN2M0YzAiOnsiY3JlYXRlIjo2MDAwMDAwMDAwMDAsImRlbGV0ZSI6MTIwMDAwMDAwMDAwMH0sInNjaGVtYV92ZXJzaW9uIjoiMSJ9",
          "dependencies": [
            "aws_vpc.main"
          ]
        },
        {
          "index_key": "c",
          "schema_version": 1,
          "attributes": {
            "arn": "arn:aws:ec2:ap-northeast-2:064137889010:subnet/subnet-0746a73b21b1c1b20",
            "assign_ipv6_address_on_creation": false,
            "availability_zone": "ap-northeast-2c",
            "availability_zone_id": "apne2-az3",
            "cidr_block": "10.0.11.0/24",
            "customer_owned_ipv4_pool": "",
            "enable_dns64": false,
            "enable_lni_at_device_index": 0,
            "enable_resource_name_dns_a_record_on_launch": false,
            "enable_resource_name_dns_aaaa_record_on_launch": false,
            "id": "subnet-0746a73b21b1c1b20",
            "ipv6_cidr_block": "",
            "ipv6_cidr_block_association_id": "",
            "ipv6_native": false,
            "map_customer_owned_ip_on_launch": false,
            "map_public_ip_on_launch": false,
            "outpost_arn": "",
            "owner_id": "064137889010",
            "private_dns_hostname_type_on_launch": "ip-name",
            "tags": {
              "Name": "finpay-dev-app-c",
              "Tier": "private-app"
            },
            "tags_all": {
              "Architecture": "gpt-drawio-full-fintech-security",
              "Environment": "dev",
              "ManagedBy": "terraform",
              "Name": "finpay-dev-app-c",
              "Project": "finpay",
              "Tier": "private-app"
            },
            "timeouts": null,
            "vpc_id": "vpc-005507d9b47d3d9be"
          },
          "sensitive_attributes": [],
          "identity_schema_version": 0,
          "private": "eyJlMmJmYjczMC1lY2FhLTExZTYtOGY4OC0zNDM2M2JjN2M0YzAiOnsiY3JlYXRlIjo2MDAwMDAwMDAwMDAsImRlbGV0ZSI6MTIwMDAwMDAwMDAwMH0sInNjaGVtYV92ZXJzaW9uIjoiMSJ9",
          "dependencies": [
            "aws_vpc.main"
          ]
        }
      ]
    },
    {
      "mode": "managed",
      "type": "aws_subnet",
      "name": "db",
      "provider": "provider[\"registry.terraform.io/hashicorp/aws\"]",
      "instances": [
        {
          "index_key": "a",
          "schema_version": 1,
          "attributes": {
            "arn": "arn:aws:ec2:ap-northeast-2:064137889010:subnet/subnet-0001209265d308f78",
            "assign_ipv6_address_on_creation": false,
            "availability_zone": "ap-northeast-2a",
            "availability_zone_id": "apne2-az1",
            "cidr_block": "10.0.20.0/24",
            "customer_owned_ipv4_pool": "",
            "enable_dns64": false,
            "enable_lni_at_device_index": 0,
            "enable_resource_name_dns_a_record_on_launch": false,
            "enable_resource_name_dns_aaaa_record_on_launch": false,
            "id": "subnet-0001209265d308f78",
            "ipv6_cidr_block": "",
            "ipv6_cidr_block_association_id": "",
            "ipv6_native": false,
            "map_customer_owned_ip_on_launch": false,
            "map_public_ip_on_launch": false,
            "outpost_arn": "",
            "owner_id": "064137889010",
            "private_dns_hostname_type_on_launch": "ip-name",
            "tags": {
              "Name": "finpay-dev-db-a",
              "Tier": "isolated-db"
            },
            "tags_all": {
              "Architecture": "gpt-drawio-full-fintech-security",
              "Environment": "dev",
              "ManagedBy": "terraform",
              "Name": "finpay-dev-db-a",
              "Project": "finpay",
              "Tier": "isolated-db"
            },
            "timeouts": null,
            "vpc_id": "vpc-005507d9b47d3d9be"
          },
          "sensitive_attributes": [],
          "identity_schema_version": 0,
          "private": "eyJlMmJmYjczMC1lY2FhLTExZTYtOGY4OC0zNDM2M2JjN2M0YzAiOnsiY3JlYXRlIjo2MDAwMDAwMDAwMDAsImRlbGV0ZSI6MTIwMDAwMDAwMDAwMH0sInNjaGVtYV92ZXJzaW9uIjoiMSJ9",
          "dependencies": [
            "aws_vpc.main"
          ]
        },
        {
          "index_key": "c",
          "schema_version": 1,
          "attributes": {
            "arn": "arn:aws:ec2:ap-northeast-2:064137889010:subnet/subnet-085de2c4fbe2787d4",
            "assign_ipv6_address_on_creation": false,
            "availability_zone": "ap-northeast-2c",
            "availability_zone_id": "apne2-az3",
            "cidr_block": "10.0.21.0/24",
            "customer_owned_ipv4_pool": "",
            "enable_dns64": false,
            "enable_lni_at_device_index": 0,
            "enable_resource_name_dns_a_record_on_launch": false,
            "enable_resource_name_dns_aaaa_record_on_launch": false,
            "id": "subnet-085de2c4fbe2787d4",
            "ipv6_cidr_block": "",
            "ipv6_cidr_block_association_id": "",
            "ipv6_native": false,
            "map_customer_owned_ip_on_launch": false,
            "map_public_ip_on_launch": false,
            "outpost_arn": "",
            "owner_id": "064137889010",
            "private_dns_hostname_type_on_launch": "ip-name",
            "tags": {
              "Name": "finpay-dev-db-c",
              "Tier": "isolated-db"
            },
            "tags_all": {
              "Architecture": "gpt-drawio-full-fintech-security",
              "Environment": "dev",
              "ManagedBy": "terraform",
              "Name": "finpay-dev-db-c",
              "Project": "finpay",
              "Tier": "isolated-db"
            },
            "timeouts": null,
            "vpc_id": "vpc-005507d9b47d3d9be"
          },
          "sensitive_attributes": [],
          "identity_schema_version": 0,
          "private": "eyJlMmJmYjczMC1lY2FhLTExZTYtOGY4OC0zNDM2M2JjN2M0YzAiOnsiY3JlYXRlIjo2MDAwMDAwMDAwMDAsImRlbGV0ZSI6MTIwMDAwMDAwMDAwMH0sInNjaGVtYV92ZXJzaW9uIjoiMSJ9",
          "dependencies": [
            "aws_vpc.main"
          ]
        }
      ]
    },
    {
      "mode": "managed",
      "type": "aws_subnet",
      "name": "public",
      "provider": "provider[\"registry.terraform.io/hashicorp/aws\"]",
      "instances": [
        {
          "index_key": "a",
          "schema_version": 1,
          "attributes": {
            "arn": "arn:aws:ec2:ap-northeast-2:064137889010:subnet/subnet-0058acfa3c90d2348",
            "assign_ipv6_address_on_creation": false,
            "availability_zone": "ap-northeast-2a",
            "availability_zone_id": "apne2-az1",
            "cidr_block": "10.0.0.0/24",
            "customer_owned_ipv4_pool": "",
            "enable_dns64": false,
            "enable_lni_at_device_index": 0,
            "enable_resource_name_dns_a_record_on_launch": false,
            "enable_resource_name_dns_aaaa_record_on_launch": false,
            "id": "subnet-0058acfa3c90d2348",
            "ipv6_cidr_block": "",
            "ipv6_cidr_block_association_id": "",
            "ipv6_native": false,
            "map_customer_owned_ip_on_launch": false,
            "map_public_ip_on_launch": false,
            "outpost_arn": "",
            "owner_id": "064137889010",
            "private_dns_hostname_type_on_launch": "ip-name",
            "tags": {
              "Name": "finpay-dev-public-a",
              "Tier": "public"
            },
            "tags_all": {
              "Architecture": "gpt-drawio-full-fintech-security",
              "Environment": "dev",
              "ManagedBy": "terraform",
              "Name": "finpay-dev-public-a",
              "Project": "finpay",
              "Tier": "public"
            },
            "timeouts": null,
            "vpc_id": "vpc-005507d9b47d3d9be"
          },
          "sensitive_attributes": [],
          "identity_schema_version": 0,
          "private": "eyJlMmJmYjczMC1lY2FhLTExZTYtOGY4OC0zNDM2M2JjN2M0YzAiOnsiY3JlYXRlIjo2MDAwMDAwMDAwMDAsImRlbGV0ZSI6MTIwMDAwMDAwMDAwMH0sInNjaGVtYV92ZXJzaW9uIjoiMSJ9",
          "dependencies": [
            "aws_vpc.main"
          ]
        },
        {
          "index_key": "c",
          "schema_version": 1,
          "attributes": {
            "arn": "arn:aws:ec2:ap-northeast-2:064137889010:subnet/subnet-027602669263cbbd7",
            "assign_ipv6_address_on_creation": false,
            "availability_zone": "ap-northeast-2c",
            "availability_zone_id": "apne2-az3",
            "cidr_block": "10.0.1.0/24",
            "customer_owned_ipv4_pool": "",
            "enable_dns64": false,
            "enable_lni_at_device_index": 0,
            "enable_resource_name_dns_a_record_on_launch": false,
            "enable_resource_name_dns_aaaa_record_on_launch": false,
            "id": "subnet-027602669263cbbd7",
            "ipv6_cidr_block": "",
            "ipv6_cidr_block_association_id": "",
            "ipv6_native": false,
            "map_customer_owned_ip_on_launch": false,
            "map_public_ip_on_launch": false,
            "outpost_arn": "",
            "owner_id": "064137889010",
            "private_dns_hostname_type_on_launch": "ip-name",
            "tags": {
              "Name": "finpay-dev-public-c",
              "Tier": "public"
            },
            "tags_all": {
              "Architecture": "gpt-drawio-full-fintech-security",
              "Environment": "dev",
              "ManagedBy": "terraform",
              "Name": "finpay-dev-public-c",
              "Project": "finpay",
              "Tier": "public"
            },
            "timeouts": null,
            "vpc_id": "vpc-005507d9b47d3d9be"
          },
          "sensitive_attributes": [],
          "identity_schema_version": 0,
          "private": "eyJlMmJmYjczMC1lY2FhLTExZTYtOGY4OC0zNDM2M2JjN2M0YzAiOnsiY3JlYXRlIjo2MDAwMDAwMDAwMDAsImRlbGV0ZSI6MTIwMDAwMDAwMDAwMH0sInNjaGVtYV92ZXJzaW9uIjoiMSJ9",
          "dependencies": [
            "aws_vpc.main"
          ]
        }
      ]
    },
    {
      "mode": "managed",
      "type": "aws_vpc",
      "name": "main",
      "provider": "provider[\"registry.terraform.io/hashicorp/aws\"]",
      "instances": [
        {
          "schema_version": 1,
          "attributes": {
            "arn": "arn:aws:ec2:ap-northeast-2:064137889010:vpc/vpc-005507d9b47d3d9be",
            "assign_generated_ipv6_cidr_block": false,
            "cidr_block": "10.0.0.0/16",
            "default_network_acl_id": "acl-0a912b4e19f6af8a9",
            "default_route_table_id": "rtb-0c00ad65f97b90e14",
            "default_security_group_id": "sg-0211b0f1c38ffbe41",
            "dhcp_options_id": "dopt-07b3206950a8378eb",
            "enable_dns_hostnames": true,
            "enable_dns_support": true,
            "enable_network_address_usage_metrics": false,
            "id": "vpc-005507d9b47d3d9be",
            "instance_tenancy": "default",
            "ipv4_ipam_pool_id": null,
            "ipv4_netmask_length": null,
            "ipv6_association_id": "",
            "ipv6_cidr_block": "",
            "ipv6_cidr_block_network_border_group": "",
            "ipv6_ipam_pool_id": "",
            "ipv6_netmask_length": 0,
            "main_route_table_id": "rtb-0c00ad65f97b90e14",
            "owner_id": "064137889010",
            "tags": {
              "Name": "finpay-dev-vpc"
            },
            "tags_all": {
              "Architecture": "gpt-drawio-full-fintech-security",
              "Environment": "dev",
              "ManagedBy": "terraform",
              "Name": "finpay-dev-vpc",
              "Project": "finpay"
            }
          },
          "sensitive_attributes": [],
          "identity_schema_version": 0,
          "private": "eyJzY2hlbWFfdmVyc2lvbiI6IjEifQ=="
        }
      ]
    },
    {
      "mode": "managed",
      "type": "aws_vpc_endpoint",
      "name": "interface",
      "provider": "provider[\"registry.terraform.io/hashicorp/aws\"]",
      "instances": [
        {
          "index_key": "ec2messages",
          "schema_version": 0,
          "attributes": {
            "arn": "arn:aws:ec2:ap-northeast-2:064137889010:vpc-endpoint/vpce-065c1a3083f3e9d1b",
            "auto_accept": null,
            "cidr_blocks": [],
            "dns_entry": [
              {
                "dns_name": "vpce-065c1a3083f3e9d1b-kn7xjcbo.ec2messages.ap-northeast-2.vpce.amazonaws.com",
                "hosted_zone_id": "Z27UANNT0PRK1T"
              },
              {
                "dns_name": "vpce-065c1a3083f3e9d1b-kn7xjcbo-ap-northeast-2a.ec2messages.ap-northeast-2.vpce.amazonaws.com",
                "hosted_zone_id": "Z27UANNT0PRK1T"
              },
              {
                "dns_name": "vpce-065c1a3083f3e9d1b-kn7xjcbo-ap-northeast-2c.ec2messages.ap-northeast-2.vpce.amazonaws.com",
                "hosted_zone_id": "Z27UANNT0PRK1T"
              },
              {
                "dns_name": "ec2messages.ap-northeast-2.amazonaws.com",
                "hosted_zone_id": "Z0252075CLEKBLZ56EIR"
              }
            ],
            "dns_options": [
              {
                "dns_record_ip_type": "ipv4",
                "private_dns_only_for_inbound_resolver_endpoint": false
              }
            ],
            "id": "vpce-065c1a3083f3e9d1b",
            "ip_address_type": "ipv4",
            "network_interface_ids": [
              "eni-0075592bff39e0daa",
              "eni-07af168c40a47dfed"
            ],
            "owner_id": "064137889010",
            "policy": "{\"Statement\":[{\"Action\":\"*\",\"Effect\":\"Allow\",\"Principal\":\"*\",\"Resource\":\"*\"}]}",
            "prefix_list_id": null,
            "private_dns_enabled": true,
            "requester_managed": false,
            "resource_configuration_arn": "",
            "route_table_ids": [],
            "security_group_ids": [
              "sg-0d2d723b68d995234"
            ],
            "service_name": "com.amazonaws.ap-northeast-2.ec2messages",
            "service_network_arn": "",
            "service_region": "ap-northeast-2",
            "state": "available",
            "subnet_configuration": [
              {
                "ipv4": "10.0.10.30",
                "ipv6": "",
                "subnet_id": "subnet-074c8f066a23860ce"
              },
              {
                "ipv4": "10.0.11.129",
                "ipv6": "",
                "subnet_id": "subnet-0746a73b21b1c1b20"
              }
            ],
            "subnet_ids": [
              "subnet-0746a73b21b1c1b20",
              "subnet-074c8f066a23860ce"
            ],
            "tags": {
              "Name": "finpay-dev-ec2messages-endpoint"
            },
            "tags_all": {
              "Architecture": "gpt-drawio-full-fintech-security",
              "Environment": "dev",
              "ManagedBy": "terraform",
              "Name": "finpay-dev-ec2messages-endpoint",
              "Project": "finpay"
            },
            "timeouts": null,
            "vpc_endpoint_type": "Interface",
            "vpc_id": "vpc-005507d9b47d3d9be"
          },
          "sensitive_attributes": [],
          "identity_schema_version": 0,
          "private": "eyJlMmJmYjczMC1lY2FhLTExZTYtOGY4OC0zNDM2M2JjN2M0YzAiOnsiY3JlYXRlIjo2MDAwMDAwMDAwMDAsImRlbGV0ZSI6NjAwMDAwMDAwMDAwLCJ1cGRhdGUiOjYwMDAwMDAwMDAwMH19",
          "dependencies": [
            "aws_security_group.alb",
            "aws_security_group.app",
            "aws_security_group.vpc_endpoints",
            "aws_subnet.app",
            "aws_vpc.main",
            "data.aws_region.current"
          ]
        },
        {
          "index_key": "kms",
          "schema_version": 0,
          "attributes": {
            "arn": "arn:aws:ec2:ap-northeast-2:064137889010:vpc-endpoint/vpce-03ab08e6e853d037d",
            "auto_accept": null,
            "cidr_blocks": [],
            "dns_entry": [
              {
                "dns_name": "vpce-03ab08e6e853d037d-4mn3dqlz.kms.ap-northeast-2.vpce.amazonaws.com",
                "hosted_zone_id": "Z27UANNT0PRK1T"
              },
              {
                "dns_name": "vpce-03ab08e6e853d037d-4mn3dqlz-ap-northeast-2a.kms.ap-northeast-2.vpce.amazonaws.com",
                "hosted_zone_id": "Z27UANNT0PRK1T"
              },
              {
                "dns_name": "vpce-03ab08e6e853d037d-4mn3dqlz-ap-northeast-2c.kms.ap-northeast-2.vpce.amazonaws.com",
                "hosted_zone_id": "Z27UANNT0PRK1T"
              },
              {
                "dns_name": "kms.ap-northeast-2.amazonaws.com",
                "hosted_zone_id": "Z084226316WS93VSI6JEQ"
              },
              {
                "dns_name": "kms.ap-northeast-2.api.aws",
                "hosted_zone_id": "Z08430143KXYKYTQU352C"
              }
            ],
            "dns_options": [
              {
                "dns_record_ip_type": "ipv4",
                "private_dns_only_for_inbound_resolver_endpoint": false
              }
            ],
            "id": "vpce-03ab08e6e853d037d",
            "ip_address_type": "ipv4",
            "network_interface_ids": [
              "eni-05cfeaadad8af191b",
              "eni-0b6bf228185a68ca8"
            ],
            "owner_id": "064137889010",
            "policy": "{\"Statement\":[{\"Action\":\"*\",\"Effect\":\"Allow\",\"Principal\":\"*\",\"Resource\":\"*\"}]}",
            "prefix_list_id": null,
            "private_dns_enabled": true,
            "requester_managed": false,
            "resource_configuration_arn": "",
            "route_table_ids": [],
            "security_group_ids": [
              "sg-0d2d723b68d995234"
            ],
            "service_name": "com.amazonaws.ap-northeast-2.kms",
            "service_network_arn": "",
            "service_region": "ap-northeast-2",
            "state": "available",
            "subnet_configuration": [
              {
                "ipv4": "10.0.10.127",
                "ipv6": "",
                "subnet_id": "subnet-074c8f066a23860ce"
              },
              {
                "ipv4": "10.0.11.234",
                "ipv6": "",
                "subnet_id": "subnet-0746a73b21b1c1b20"
              }
            ],
            "subnet_ids": [
              "subnet-0746a73b21b1c1b20",
              "subnet-074c8f066a23860ce"
            ],
            "tags": {
              "Name": "finpay-dev-kms-endpoint"
            },
            "tags_all": {
              "Architecture": "gpt-drawio-full-fintech-security",
              "Environment": "dev",
              "ManagedBy": "terraform",
              "Name": "finpay-dev-kms-endpoint",
              "Project": "finpay"
            },
            "timeouts": null,
            "vpc_endpoint_type": "Interface",
            "vpc_id": "vpc-005507d9b47d3d9be"
          },
          "sensitive_attributes": [],
          "identity_schema_version": 0,
          "private": "eyJlMmJmYjczMC1lY2FhLTExZTYtOGY4OC0zNDM2M2JjN2M0YzAiOnsiY3JlYXRlIjo2MDAwMDAwMDAwMDAsImRlbGV0ZSI6NjAwMDAwMDAwMDAwLCJ1cGRhdGUiOjYwMDAwMDAwMDAwMH19",
          "dependencies": [
            "aws_security_group.alb",
            "aws_security_group.app",
            "aws_security_group.vpc_endpoints",
            "aws_subnet.app",
            "aws_vpc.main",
            "data.aws_region.current"
          ]
        },
        {
          "index_key": "logs",
          "schema_version": 0,
          "attributes": {
            "arn": "arn:aws:ec2:ap-northeast-2:064137889010:vpc-endpoint/vpce-03fdeb4c326e809ff",
            "auto_accept": null,
            "cidr_blocks": [],
            "dns_entry": [
              {
                "dns_name": "vpce-03fdeb4c326e809ff-obvwk4xt.logs.ap-northeast-2.vpce.amazonaws.com",
                "hosted_zone_id": "Z27UANNT0PRK1T"
              },
              {
                "dns_name": "vpce-03fdeb4c326e809ff-obvwk4xt-ap-northeast-2c.logs.ap-northeast-2.vpce.amazonaws.com",
                "hosted_zone_id": "Z27UANNT0PRK1T"
              },
              {
                "dns_name": "vpce-03fdeb4c326e809ff-obvwk4xt-ap-northeast-2a.logs.ap-northeast-2.vpce.amazonaws.com",
                "hosted_zone_id": "Z27UANNT0PRK1T"
              },
              {
                "dns_name": "logs.ap-northeast-2.amazonaws.com",
                "hosted_zone_id": "Z0843660QFDY6EKPT608"
              },
              {
                "dns_name": "logs.ap-northeast-2.api.aws",
                "hosted_zone_id": "Z0836064HY2OUOGSZ49D"
              },
              {
                "dns_name": "streaming-logs.ap-northeast-2.api.aws",
                "hosted_zone_id": "Z05026481SYA2U6SEIYYF"
              },
              {
                "dns_name": "streaming-logs.ap-northeast-2.amazonaws.com",
                "hosted_zone_id": "Z05026272VQ4M6EV93RYC"
              }
            ],
            "dns_options": [
              {
                "dns_record_ip_type": "ipv4",
                "private_dns_only_for_inbound_resolver_endpoint": false
              }
            ],
            "id": "vpce-03fdeb4c326e809ff",
            "ip_address_type": "ipv4",
            "network_interface_ids": [
              "eni-0b56ad52991c619dd",
              "eni-0fd38715c8941890b"
            ],
            "owner_id": "064137889010",
            "policy": "{\"Statement\":[{\"Action\":\"*\",\"Effect\":\"Allow\",\"Principal\":\"*\",\"Resource\":\"*\"}]}",
            "prefix_list_id": null,
            "private_dns_enabled": true,
            "requester_managed": false,
            "resource_configuration_arn": "",
            "route_table_ids": [],
            "security_group_ids": [
              "sg-0d2d723b68d995234"
            ],
            "service_name": "com.amazonaws.ap-northeast-2.logs",
            "service_network_arn": "",
            "service_region": "ap-northeast-2",
            "state": "available",
            "subnet_configuration": [
              {
                "ipv4": "10.0.10.132",
                "ipv6": "",
                "subnet_id": "subnet-074c8f066a23860ce"
              },
              {
                "ipv4": "10.0.11.178",
                "ipv6": "",
                "subnet_id": "subnet-0746a73b21b1c1b20"
              }
            ],
            "subnet_ids": [
              "subnet-0746a73b21b1c1b20",
              "subnet-074c8f066a23860ce"
            ],
            "tags": {
              "Name": "finpay-dev-logs-endpoint"
            },
            "tags_all": {
              "Architecture": "gpt-drawio-full-fintech-security",
              "Environment": "dev",
              "ManagedBy": "terraform",
              "Name": "finpay-dev-logs-endpoint",
              "Project": "finpay"
            },
            "timeouts": null,
            "vpc_endpoint_type": "Interface",
            "vpc_id": "vpc-005507d9b47d3d9be"
          },
          "sensitive_attributes": [],
          "identity_schema_version": 0,
          "private": "eyJlMmJmYjczMC1lY2FhLTExZTYtOGY4OC0zNDM2M2JjN2M0YzAiOnsiY3JlYXRlIjo2MDAwMDAwMDAwMDAsImRlbGV0ZSI6NjAwMDAwMDAwMDAwLCJ1cGRhdGUiOjYwMDAwMDAwMDAwMH19",
          "dependencies": [
            "aws_security_group.alb",
            "aws_security_group.app",
            "aws_security_group.vpc_endpoints",
            "aws_subnet.app",
            "aws_vpc.main",
            "data.aws_region.current"
          ]
        },
        {
          "index_key": "secretsmanager",
          "schema_version": 0,
          "attributes": {
            "arn": "arn:aws:ec2:ap-northeast-2:064137889010:vpc-endpoint/vpce-0d5e51d36f20ac906",
            "auto_accept": null,
            "cidr_blocks": [],
            "dns_entry": [
              {
                "dns_name": "vpce-0d5e51d36f20ac906-khxa73ox.secretsmanager.ap-northeast-2.vpce.amazonaws.com",
                "hosted_zone_id": "Z27UANNT0PRK1T"
              },
              {
                "dns_name": "vpce-0d5e51d36f20ac906-khxa73ox-ap-northeast-2c.secretsmanager.ap-northeast-2.vpce.amazonaws.com",
                "hosted_zone_id": "Z27UANNT0PRK1T"
              },
              {
                "dns_name": "vpce-0d5e51d36f20ac906-khxa73ox-ap-northeast-2a.secretsmanager.ap-northeast-2.vpce.amazonaws.com",
                "hosted_zone_id": "Z27UANNT0PRK1T"
              },
              {
                "dns_name": "secretsmanager.ap-northeast-2.amazonaws.com",
                "hosted_zone_id": "Z05020971VJ7KSLE6FEMR"
              }
            ],
            "dns_options": [
              {
                "dns_record_ip_type": "ipv4",
                "private_dns_only_for_inbound_resolver_endpoint": false
              }
            ],
            "id": "vpce-0d5e51d36f20ac906",
            "ip_address_type": "ipv4",
            "network_interface_ids": [
              "eni-016e74a7c36def7f9",
              "eni-0dbeaf576806240f5"
            ],
            "owner_id": "064137889010",
            "policy": "{\"Statement\":[{\"Action\":\"*\",\"Effect\":\"Allow\",\"Principal\":\"*\",\"Resource\":\"*\"}]}",
            "prefix_list_id": null,
            "private_dns_enabled": true,
            "requester_managed": false,
            "resource_configuration_arn": "",
            "route_table_ids": [],
            "security_group_ids": [
              "sg-0d2d723b68d995234"
            ],
            "service_name": "com.amazonaws.ap-northeast-2.secretsmanager",
            "service_network_arn": "",
            "service_region": "ap-northeast-2",
            "state": "available",
            "subnet_configuration": [
              {
                "ipv4": "10.0.10.72",
                "ipv6": "",
                "subnet_id": "subnet-074c8f066a23860ce"
              },
              {
                "ipv4": "10.0.11.21",
                "ipv6": "",
                "subnet_id": "subnet-0746a73b21b1c1b20"
              }
            ],
            "subnet_ids": [
              "subnet-0746a73b21b1c1b20",
              "subnet-074c8f066a23860ce"
            ],
            "tags": {
              "Name": "finpay-dev-secretsmanager-endpoint"
            },
            "tags_all": {
              "Architecture": "gpt-drawio-full-fintech-security",
              "Environment": "dev",
              "ManagedBy": "terraform",
              "Name": "finpay-dev-secretsmanager-endpoint",
              "Project": "finpay"
            },
            "timeouts": null,
            "vpc_endpoint_type": "Interface",
            "vpc_id": "vpc-005507d9b47d3d9be"
          },
          "sensitive_attributes": [],
          "identity_schema_version": 0,
          "private": "eyJlMmJmYjczMC1lY2FhLTExZTYtOGY4OC0zNDM2M2JjN2M0YzAiOnsiY3JlYXRlIjo2MDAwMDAwMDAwMDAsImRlbGV0ZSI6NjAwMDAwMDAwMDAwLCJ1cGRhdGUiOjYwMDAwMDAwMDAwMH19",
          "dependencies": [
            "aws_security_group.alb",
            "aws_security_group.app",
            "aws_security_group.vpc_endpoints",
            "aws_subnet.app",
            "aws_vpc.main",
            "data.aws_region.current"
          ]
        },
        {
          "index_key": "ssm",
          "schema_version": 0,
          "attributes": {
            "arn": "arn:aws:ec2:ap-northeast-2:064137889010:vpc-endpoint/vpce-06ed02256b1ea24dd",
            "auto_accept": null,
            "cidr_blocks": [],
            "dns_entry": [
              {
                "dns_name": "vpce-06ed02256b1ea24dd-pfhu4p6f.ssm.ap-northeast-2.vpce.amazonaws.com",
                "hosted_zone_id": "Z27UANNT0PRK1T"
              },
              {
                "dns_name": "vpce-06ed02256b1ea24dd-pfhu4p6f-ap-northeast-2a.ssm.ap-northeast-2.vpce.amazonaws.com",
                "hosted_zone_id": "Z27UANNT0PRK1T"
              },
              {
                "dns_name": "vpce-06ed02256b1ea24dd-pfhu4p6f-ap-northeast-2c.ssm.ap-northeast-2.vpce.amazonaws.com",
                "hosted_zone_id": "Z27UANNT0PRK1T"
              },
              {
                "dns_name": "ssm.ap-northeast-2.amazonaws.com",
                "hosted_zone_id": "Z02624073O2O3BGJ33ZB0"
              },
              {
                "dns_name": "ssm.ap-northeast-2.api.aws",
                "hosted_zone_id": "Z08364642NUCDR4POCBIH"
              }
            ],
            "dns_options": [
              {
                "dns_record_ip_type": "ipv4",
                "private_dns_only_for_inbound_resolver_endpoint": false
              }
            ],
            "id": "vpce-06ed02256b1ea24dd",
            "ip_address_type": "ipv4",
            "network_interface_ids": [
              "eni-046f7f22b28d5e555",
              "eni-0d0134a163dc09e76"
            ],
            "owner_id": "064137889010",
            "policy": "{\"Statement\":[{\"Action\":\"*\",\"Effect\":\"Allow\",\"Principal\":\"*\",\"Resource\":\"*\"}]}",
            "prefix_list_id": null,
            "private_dns_enabled": true,
            "requester_managed": false,
            "resource_configuration_arn": "",
            "route_table_ids": [],
            "security_group_ids": [
              "sg-0d2d723b68d995234"
            ],
            "service_name": "com.amazonaws.ap-northeast-2.ssm",
            "service_network_arn": "",
            "service_region": "ap-northeast-2",
            "state": "available",
            "subnet_configuration": [
              {
                "ipv4": "10.0.10.120",
                "ipv6": "",
                "subnet_id": "subnet-074c8f066a23860ce"
              },
              {
                "ipv4": "10.0.11.35",
                "ipv6": "",
                "subnet_id": "subnet-0746a73b21b1c1b20"
              }
            ],
            "subnet_ids": [
              "subnet-0746a73b21b1c1b20",
              "subnet-074c8f066a23860ce"
            ],
            "tags": {
              "Name": "finpay-dev-ssm-endpoint"
            },
            "tags_all": {
              "Architecture": "gpt-drawio-full-fintech-security",
              "Environment": "dev",
              "ManagedBy": "terraform",
              "Name": "finpay-dev-ssm-endpoint",
              "Project": "finpay"
            },
            "timeouts": null,
            "vpc_endpoint_type": "Interface",
            "vpc_id": "vpc-005507d9b47d3d9be"
          },
          "sensitive_attributes": [],
          "identity_schema_version": 0,
          "private": "eyJlMmJmYjczMC1lY2FhLTExZTYtOGY4OC0zNDM2M2JjN2M0YzAiOnsiY3JlYXRlIjo2MDAwMDAwMDAwMDAsImRlbGV0ZSI6NjAwMDAwMDAwMDAwLCJ1cGRhdGUiOjYwMDAwMDAwMDAwMH19",
          "dependencies": [
            "aws_security_group.alb",
            "aws_security_group.app",
            "aws_security_group.vpc_endpoints",
            "aws_subnet.app",
            "aws_vpc.main",
            "data.aws_region.current"
          ]
        },
        {
          "index_key": "ssmmessages",
          "schema_version": 0,
          "attributes": {
            "arn": "arn:aws:ec2:ap-northeast-2:064137889010:vpc-endpoint/vpce-0f1584085d4482445",
            "auto_accept": null,
            "cidr_blocks": [],
            "dns_entry": [
              {
                "dns_name": "vpce-0f1584085d4482445-9erzi2g4.ssmmessages.ap-northeast-2.vpce.amazonaws.com",
                "hosted_zone_id": "Z27UANNT0PRK1T"
              },
              {
                "dns_name": "vpce-0f1584085d4482445-9erzi2g4-ap-northeast-2a.ssmmessages.ap-northeast-2.vpce.amazonaws.com",
                "hosted_zone_id": "Z27UANNT0PRK1T"
              },
              {
                "dns_name": "vpce-0f1584085d4482445-9erzi2g4-ap-northeast-2c.ssmmessages.ap-northeast-2.vpce.amazonaws.com",
                "hosted_zone_id": "Z27UANNT0PRK1T"
              },
              {
                "dns_name": "ssmmessages.ap-northeast-2.amazonaws.com",
                "hosted_zone_id": "Z02534341FLQG95V7UDKD"
              },
              {
                "dns_name": "ssmmessages.ap-northeast-2.api.aws",
                "hosted_zone_id": "Z02534297YBIKG9TMMOH"
              }
            ],
            "dns_options": [
              {
                "dns_record_ip_type": "ipv4",
                "private_dns_only_for_inbound_resolver_endpoint": false
              }
            ],
            "id": "vpce-0f1584085d4482445",
            "ip_address_type": "ipv4",
            "network_interface_ids": [
              "eni-0abb1dfcfad0f89be",
              "eni-0ef666a82d7873255"
            ],
            "owner_id": "064137889010",
            "policy": "{\"Statement\":[{\"Action\":\"*\",\"Effect\":\"Allow\",\"Principal\":\"*\",\"Resource\":\"*\"}]}",
            "prefix_list_id": null,
            "private_dns_enabled": true,
            "requester_managed": false,
            "resource_configuration_arn": "",
            "route_table_ids": [],
            "security_group_ids": [
              "sg-0d2d723b68d995234"
            ],
            "service_name": "com.amazonaws.ap-northeast-2.ssmmessages",
            "service_network_arn": "",
            "service_region": "ap-northeast-2",
            "state": "available",
            "subnet_configuration": [
              {
                "ipv4": "10.0.10.143",
                "ipv6": "",
                "subnet_id": "subnet-074c8f066a23860ce"
              },
              {
                "ipv4": "10.0.11.107",
                "ipv6": "",
                "subnet_id": "subnet-0746a73b21b1c1b20"
              }
            ],
            "subnet_ids": [
              "subnet-0746a73b21b1c1b20",
              "subnet-074c8f066a23860ce"
            ],
            "tags": {
              "Name": "finpay-dev-ssmmessages-endpoint"
            },
            "tags_all": {
              "Architecture": "gpt-drawio-full-fintech-security",
              "Environment": "dev",
              "ManagedBy": "terraform",
              "Name": "finpay-dev-ssmmessages-endpoint",
              "Project": "finpay"
            },
            "timeouts": null,
            "vpc_endpoint_type": "Interface",
            "vpc_id": "vpc-005507d9b47d3d9be"
          },
          "sensitive_attributes": [],
          "identity_schema_version": 0,
          "private": "eyJlMmJmYjczMC1lY2FhLTExZTYtOGY4OC0zNDM2M2JjN2M0YzAiOnsiY3JlYXRlIjo2MDAwMDAwMDAwMDAsImRlbGV0ZSI6NjAwMDAwMDAwMDAwLCJ1cGRhdGUiOjYwMDAwMDAwMDAwMH19",
          "dependencies": [
            "aws_security_group.alb",
            "aws_security_group.app",
            "aws_security_group.vpc_endpoints",
            "aws_subnet.app",
            "aws_vpc.main",
            "data.aws_region.current"
          ]
        }
      ]
    },
    {
      "mode": "managed",
      "type": "aws_vpc_endpoint",
      "name": "s3",
      "provider": "provider[\"registry.terraform.io/hashicorp/aws\"]",
      "instances": [
        {
          "schema_version": 0,
          "attributes": {
            "arn": "arn:aws:ec2:ap-northeast-2:064137889010:vpc-endpoint/vpce-04907cecf3481970a",
            "auto_accept": null,
            "cidr_blocks": [
              "52.219.202.0/23",
              "52.219.144.0/22",
              "52.219.204.0/22",
              "3.5.144.0/23",
              "3.5.140.0/22",
              "52.219.148.0/23",
              "52.219.60.0/23",
              "3.5.184.0/21",
              "52.219.56.0/22"
            ],
            "dns_entry": [],
            "dns_options": [
              {
                "dns_record_ip_type": "service-defined",
                "private_dns_only_for_inbound_resolver_endpoint": false
              }
            ],
            "id": "vpce-04907cecf3481970a",
            "ip_address_type": "ipv4",
            "network_interface_ids": [],
            "owner_id": "064137889010",
            "policy": "{\"Statement\":[{\"Action\":\"*\",\"Effect\":\"Allow\",\"Principal\":\"*\",\"Resource\":\"*\"}],\"Version\":\"2008-10-17\"}",
            "prefix_list_id": "pl-78a54011",
            "private_dns_enabled": false,
            "requester_managed": false,
            "resource_configuration_arn": "",
            "route_table_ids": [
              "rtb-01b74b7d916c01c3a",
              "rtb-021ec089cc248601a",
              "rtb-0efb5591e01fe13bd",
              "rtb-0f225dda095a7461a"
            ],
            "security_group_ids": [],
            "service_name": "com.amazonaws.ap-northeast-2.s3",
            "service_network_arn": "",
            "service_region": "ap-northeast-2",
            "state": "available",
            "subnet_configuration": [],
            "subnet_ids": [],
            "tags": {
              "Name": "finpay-dev-s3-gateway-endpoint"
            },
            "tags_all": {
              "Architecture": "gpt-drawio-full-fintech-security",
              "Environment": "dev",
              "ManagedBy": "terraform",
              "Name": "finpay-dev-s3-gateway-endpoint",
              "Project": "finpay"
            },
            "timeouts": null,
            "vpc_endpoint_type": "Gateway",
            "vpc_id": "vpc-005507d9b47d3d9be"
          },
          "sensitive_attributes": [],
          "identity_schema_version": 0,
          "private": "eyJlMmJmYjczMC1lY2FhLTExZTYtOGY4OC0zNDM2M2JjN2M0YzAiOnsiY3JlYXRlIjo2MDAwMDAwMDAwMDAsImRlbGV0ZSI6NjAwMDAwMDAwMDAwLCJ1cGRhdGUiOjYwMDAwMDAwMDAwMH19",
          "dependencies": [
            "aws_eip.nat",
            "aws_internet_gateway.main",
            "aws_nat_gateway.main",
            "aws_route_table.app",
            "aws_route_table.db",
            "aws_route_table.public",
            "aws_subnet.public",
            "aws_vpc.main",
            "data.aws_region.current"
          ]
        }
      ]
    },
    {
      "mode": "managed",
      "type": "aws_wafv2_web_acl",
      "name": "alb",
      "provider": "provider[\"registry.terraform.io/hashicorp/aws\"]",
      "instances": [
        {
          "schema_version": 0,
          "attributes": {
            "application_integration_url": "",
            "arn": "arn:aws:wafv2:ap-northeast-2:064137889010:regional/webacl/finpay-dev-alb-waf/9d97d286-d2c2-424b-aa82-7916dc49bb47",
            "association_config": [],
            "capacity": 902,
            "captcha_config": [],
            "challenge_config": [],
            "custom_response_body": [],
            "data_protection_config": [],
            "default_action": [
              {
                "allow": [
                  {
                    "custom_request_handling": []
                  }
                ],
                "block": []
              }
            ],
            "description": "WAF control for public ALB",
            "id": "9d97d286-d2c2-424b-aa82-7916dc49bb47",
            "lock_token": "b476776b-8973-403d-8df3-18d2107e2b39",
            "name": "finpay-dev-alb-waf",
            "name_prefix": "",
            "rule": [
              {
                "action": [
                  {
                    "allow": [],
                    "block": [
                      {
                        "custom_response": []
                      }
                    ],
                    "captcha": [],
                    "challenge": [],
                    "count": []
                  }
                ],
                "captcha_config": [],
                "challenge_config": [],
                "name": "RateLimit",
                "override_action": [],
                "priority": 3,
                "rule_label": [],
                "statement": [
                  {
                    "and_statement": [],
                    "asn_match_statement": [],
                    "byte_match_statement": [],
                    "geo_match_statement": [],
                    "ip_set_reference_statement": [],
                    "label_match_statement": [],
                    "managed_rule_group_statement": [],
                    "not_statement": [],
                    "or_statement": [],
                    "rate_based_statement": [
                      {
                        "aggregate_key_type": "IP",
                        "custom_key": [],
                        "evaluation_window_sec": 300,
                        "forwarded_ip_config": [],
                        "limit": 2000,
                        "scope_down_statement": []
                      }
                    ],
                    "regex_match_statement": [],
                    "regex_pattern_set_reference_statement": [],
                    "rule_group_reference_statement": [],
                    "size_constraint_statement": [],
                    "sqli_match_statement": [],
                    "xss_match_statement": []
                  }
                ],
                "visibility_config": [
                  {
                    "cloudwatch_metrics_enabled": true,
                    "metric_name": "finpay-dev-rate-limit",
                    "sampled_requests_enabled": true
                  }
                ]
              },
              {
                "action": [],
                "captcha_config": [],
                "challenge_config": [],
                "name": "AWSManagedRulesCommonRuleSet",
                "override_action": [
                  {
                    "count": [],
                    "none": [
                      {}
                    ]
                  }
                ],
                "priority": 1,
                "rule_label": [],
                "statement": [
                  {
                    "and_statement": [],
                    "asn_match_statement": [],
                    "byte_match_statement": [],
                    "geo_match_statement": [],
                    "ip_set_reference_statement": [],
                    "label_match_statement": [],
                    "managed_rule_group_statement": [
                      {
                        "managed_rule_group_configs": [],
                        "name": "AWSManagedRulesCommonRuleSet",
                        "rule_action_override": [],
                        "scope_down_statement": [],
                        "vendor_name": "AWS",
                        "version": ""
                      }
                    ],
                    "not_statement": [],
                    "or_statement": [],
                    "rate_based_statement": [],
                    "regex_match_statement": [],
                    "regex_pattern_set_reference_statement": [],
                    "rule_group_reference_statement": [],
                    "size_constraint_statement": [],
                    "sqli_match_statement": [],
                    "xss_match_statement": []
                  }
                ],
                "visibility_config": [
                  {
                    "cloudwatch_metrics_enabled": true,
                    "metric_name": "finpay-dev-common",
                    "sampled_requests_enabled": true
                  }
                ]
              },
              {
                "action": [],
                "captcha_config": [],
                "challenge_config": [],
                "name": "AWSManagedRulesKnownBadInputsRuleSet",
                "override_action": [
                  {
                    "count": [],
                    "none": [
                      {}
                    ]
                  }
                ],
                "priority": 2,
                "rule_label": [],
                "statement": [
                  {
                    "and_statement": [],
                    "asn_match_statement": [],
                    "byte_match_statement": [],
                    "geo_match_statement": [],
                    "ip_set_reference_statement": [],
                    "label_match_statement": [],
                    "managed_rule_group_statement": [
                      {
                        "managed_rule_group_configs": [],
                        "name": "AWSManagedRulesKnownBadInputsRuleSet",
                        "rule_action_override": [],
                        "scope_down_statement": [],
                        "vendor_name": "AWS",
                        "version": ""
                      }
                    ],
                    "not_statement": [],
                    "or_statement": [],
                    "rate_based_statement": [],
                    "regex_match_statement": [],
                    "regex_pattern_set_reference_statement": [],
                    "rule_group_reference_statement": [],
                    "size_constraint_statement": [],
                    "sqli_match_statement": [],
                    "xss_match_statement": []
                  }
                ],
                "visibility_config": [
                  {
                    "cloudwatch_metrics_enabled": true,
                    "metric_name": "finpay-dev-bad-inputs",
                    "sampled_requests_enabled": true
                  }
                ]
              }
            ],
            "rule_json": null,
            "scope": "REGIONAL",
            "tags": null,
            "tags_all": {
              "Architecture": "gpt-drawio-full-fintech-security",
              "Environment": "dev",
              "ManagedBy": "terraform",
              "Project": "finpay"
            },
            "token_domains": null,
            "visibility_config": [
              {
                "cloudwatch_metrics_enabled": true,
                "metric_name": "finpay-dev-alb-waf",
                "sampled_requests_enabled": true
              }
            ]
          },
          "sensitive_attributes": [],
          "identity_schema_version": 0,
          "private": "bnVsbA=="
        }
      ]
    },
    {
      "mode": "managed",
      "type": "aws_wafv2_web_acl_association",
      "name": "alb",
      "provider": "provider[\"registry.terraform.io/hashicorp/aws\"]",
      "instances": [
        {
          "schema_version": 0,
          "attributes": {
            "id": "arn:aws:wafv2:ap-northeast-2:064137889010:regional/webacl/finpay-dev-alb-waf/9d97d286-d2c2-424b-aa82-7916dc49bb47,arn:aws:elasticloadbalancing:ap-northeast-2:064137889010:loadbalancer/app/finpay-dev-alb/efb74b74af481b7d",
            "resource_arn": "arn:aws:elasticloadbalancing:ap-northeast-2:064137889010:loadbalancer/app/finpay-dev-alb/efb74b74af481b7d",
            "timeouts": null,
            "web_acl_arn": "arn:aws:wafv2:ap-northeast-2:064137889010:regional/webacl/finpay-dev-alb-waf/9d97d286-d2c2-424b-aa82-7916dc49bb47"
          },
          "sensitive_attributes": [],
          "identity_schema_version": 0,
          "private": "eyJlMmJmYjczMC1lY2FhLTExZTYtOGY4OC0zNDM2M2JjN2M0YzAiOnsiY3JlYXRlIjo2MDAwMDAwMDAwMDB9fQ==",
          "dependencies": [
            "aws_lb.app",
            "aws_s3_bucket.central_logs",
            "aws_s3_bucket_policy.central_logs",
            "aws_security_group.alb",
            "aws_subnet.public",
            "aws_vpc.main",
            "aws_wafv2_web_acl.alb",
            "data.aws_caller_identity.current"
          ]
        }
      ]
    }
  ],
  "check_results": null
}
